<?xml version="1.0" encoding="UTF-8"?>
<Scheme
   LastUpgradeVersion = "0910"
   version = "1.3">
   <BuildAction
      parallelizeBuildables = "YES"
      buildImplicitDependencies = "YES">
      <BuildActionEntries>
         <BuildActionEntry
            buildForTesting = "YES"
            buildForRunning = "YES"
            buildForProfiling = "YES"
            buildForArchiving = "YES"
            buildForAnalyzing = "YES">
            <BuildableReference
               BuildableIdentifier = "primary"
               BlueprintIdentifier = "BEB6C8561FB92CD700B1D497"
               BuildableName = "SnowChat.framework"
               BlueprintName = "SnowChat"
               ReferencedContainer = "container:SnowChat.xcodeproj">
            </BuildableReference>
         </BuildActionEntry>
      </BuildActionEntries>
   </BuildAction>
   <TestAction
      buildConfiguration = "Debug"
      selectedDebuggerIdentifier = "Xcode.DebuggerFoundation.Debugger.LLDB"
      selectedLauncherIdentifier = "Xcode.DebuggerFoundation.Launcher.LLDB"
      language = ""
      shouldUseLaunchSchemeArgsEnv = "YES">
      <Testables>
         <TestableReference
            skipped = "NO">
            <BuildableReference
               BuildableIdentifier = "primary"
               BlueprintIdentifier = "BEB6C85F1FB92CD700B1D497"
               BuildableName = "SnowChatTests.xctest"
               BlueprintName = "SnowChatTests"
               ReferencedContainer = "container:SnowChat.xcodeproj">
            </BuildableReference>
            <SkippedTests>
               <Test
                  Identifier = "APIManagerChatSessionTest">
               </Test>
               <Test
                  Identifier = "APIManagerChatTopicsTest">
               </Test>
               <Test
                  Identifier = "BooleanControlTests">
               </Test>
               <Test
                  Identifier = "ChatSessionTests">
               </Test>
               <Test
                  Identifier = "ChatterboxDataTests">
               </Test>
               <Test
                  Identifier = "ControlCacheTests">
               </Test>
               <Test
                  Identifier = "DataControllerTests">
               </Test>
               <Test
                  Identifier = "DataStoreTests">
               </Test>
               <Test
                  Identifier = "LoggerTests">
               </Test>
               <Test
                  Identifier = "MultiSelectControlTests">
               </Test>
               <Test
                  Identifier = "SingleSelectControlTests">
               </Test>
            </SkippedTests>
         </TestableReference>
      </Testables>
      <MacroExpansion>
         <BuildableReference
            BuildableIdentifier = "primary"
            BlueprintIdentifier = "BEB6C8561FB92CD700B1D497"
            BuildableName = "SnowChat.framework"
            BlueprintName = "SnowChat"
            ReferencedContainer = "container:SnowChat.xcodeproj">
         </BuildableReference>
      </MacroExpansion>
      <AdditionalOptions>
      </AdditionalOptions>
   </TestAction>
   <LaunchAction
      buildConfiguration = "Debug"
      selectedDebuggerIdentifier = "Xcode.DebuggerFoundation.Debugger.LLDB"
      selectedLauncherIdentifier = "Xcode.DebuggerFoundation.Launcher.LLDB"
      language = ""
      launchStyle = "0"
      useCustomWorkingDirectory = "NO"
      ignoresPersistentStateOnLaunch = "NO"
      debugDocumentVersioning = "YES"
      debugServiceExtension = "internal"
      allowLocationSimulation = "YES">
      <MacroExpansion>
         <BuildableReference
            BuildableIdentifier = "primary"
            BlueprintIdentifier = "BEB6C8561FB92CD700B1D497"
            BuildableName = "SnowChat.framework"
            BlueprintName = "SnowChat"
            ReferencedContainer = "container:SnowChat.xcodeproj">
         </BuildableReference>
      </MacroExpansion>
      <AdditionalOptions>
      </AdditionalOptions>
   </LaunchAction>
   <ProfileAction
      buildConfiguration = "Release"
      shouldUseLaunchSchemeArgsEnv = "YES"
      savedToolIdentifier = ""
      useCustomWorkingDirectory = "NO"
      debugDocumentVersioning = "YES">
      <MacroExpansion>
         <BuildableReference
            BuildableIdentifier = "primary"
            BlueprintIdentifier = "BEB6C8561FB92CD700B1D497"
            BuildableName = "SnowChat.framework"
            BlueprintName = "SnowChat"
            ReferencedContainer = "container:SnowChat.xcodeproj">
         </BuildableReference>
      </MacroExpansion>
   </ProfileAction>
   <AnalyzeAction
      buildConfiguration = "Debug">
   </AnalyzeAction>
   <ArchiveAction
      buildConfiguration = "Release"
      revealArchiveInOrganizer = "YES">
   </ArchiveAction>
</Scheme>
