// !$*UTF8*$!
{
	archiveVersion = 1;
	classes = {
	};
	objectVersion = 48;
	objects = {

/* Begin PBXBuildFile section */
		4623EB07207586EE00C1D37D /* AMBClient.framework in Frameworks */ = {isa = PBXBuildFile; fileRef = 4623EB08207586EE00C1D37D /* AMBClient.framework */; };
		4623EB092075878B00C1D37D /* AMBClient.framework in Embed Frameworks */ = {isa = PBXBuildFile; fileRef = 4623EB08207586EE00C1D37D /* AMBClient.framework */; settings = {ATTRIBUTES = (CodeSignOnCopy, RemoveHeadersOnCopy, ); }; };
		57C1054B204F72A30007740C /* UserData.swift in Sources */ = {isa = PBXBuildFile; fileRef = 57C1054A204F72A30007740C /* UserData.swift */; };
		8B5CF99C2034AC9C0020DF53 /* AuthNotifications.swift in Sources */ = {isa = PBXBuildFile; fileRef = 8B5CF99B2034AC9C0020DF53 /* AuthNotifications.swift */; };
		8B67BEF72037B72B008AAB18 /* OAuthManager.swift in Sources */ = {isa = PBXBuildFile; fileRef = 8B67BEF62037B72B008AAB18 /* OAuthManager.swift */; };
		8B67BEF92037B75C008AAB18 /* OAuthManagerConfiguration.swift in Sources */ = {isa = PBXBuildFile; fileRef = 8B67BEF82037B75C008AAB18 /* OAuthManagerConfiguration.swift */; };
		8B67BEFB2037BA92008AAB18 /* OAuthManagerConfiguration+Examples.swift in Sources */ = {isa = PBXBuildFile; fileRef = 8B67BEFA2037BA92008AAB18 /* OAuthManagerConfiguration+Examples.swift */; };
		8B72FC25202A66B300C1AFC9 /* LogInViewController.swift in Sources */ = {isa = PBXBuildFile; fileRef = 8B72FC23202A66B300C1AFC9 /* LogInViewController.swift */; };
		8B72FC26202A66B300C1AFC9 /* LogInViewController.xib in Resources */ = {isa = PBXBuildFile; fileRef = 8B72FC24202A66B300C1AFC9 /* LogInViewController.xib */; };
		8B72FC2C202AA58500C1AFC9 /* ServerInstanceURLTests.swift in Sources */ = {isa = PBXBuildFile; fileRef = 8B72FC2B202AA58500C1AFC9 /* ServerInstanceURLTests.swift */; };
		8B72FC2F202AA5E700C1AFC9 /* URL+ServerInstance.swift in Sources */ = {isa = PBXBuildFile; fileRef = 8B72FC2E202AA5E700C1AFC9 /* URL+ServerInstance.swift */; };
		8B72FC32202B61FD00C1AFC9 /* RootViewController.swift in Sources */ = {isa = PBXBuildFile; fileRef = 8B72FC31202B61FD00C1AFC9 /* RootViewController.swift */; };
		8B72FC35202B625A00C1AFC9 /* InstanceSettings.swift in Sources */ = {isa = PBXBuildFile; fileRef = 8B72FC34202B625A00C1AFC9 /* InstanceSettings.swift */; };
		8B72FC37202B696A00C1AFC9 /* OAuthCredential.swift in Sources */ = {isa = PBXBuildFile; fileRef = 8B72FC36202B696A00C1AFC9 /* OAuthCredential.swift */; };
		8B984306203F81DE00FE7DAD /* AuthProvider.swift in Sources */ = {isa = PBXBuildFile; fileRef = 8B984305203F81DE00FE7DAD /* AuthProvider.swift */; };
		8B984308203F831D00FE7DAD /* OAuthManager+AuthProvider.swift in Sources */ = {isa = PBXBuildFile; fileRef = 8B984307203F831D00FE7DAD /* OAuthManager+AuthProvider.swift */; };
		8B98430D203FC84900FE7DAD /* UserDefaults+Codable.swift in Sources */ = {isa = PBXBuildFile; fileRef = 8B98430C203FC84900FE7DAD /* UserDefaults+Codable.swift */; };
		8BBAAA922032547700D50F66 /* HomeViewController.swift in Sources */ = {isa = PBXBuildFile; fileRef = 8BBAAA902032547700D50F66 /* HomeViewController.swift */; };
		8BBAAA932032547700D50F66 /* HomeViewController.xib in Resources */ = {isa = PBXBuildFile; fileRef = 8BBAAA912032547700D50F66 /* HomeViewController.xib */; };
		BE3BCB8B1FBA00270019A21A /* SnowChat.framework in Frameworks */ = {isa = PBXBuildFile; fileRef = BE50E22C1FB934FF00948FBC /* SnowChat.framework */; };
		BE3BCB8C1FBA00270019A21A /* SnowChat.framework in Embed Frameworks */ = {isa = PBXBuildFile; fileRef = BE50E22C1FB934FF00948FBC /* SnowChat.framework */; settings = {ATTRIBUTES = (CodeSignOnCopy, RemoveHeadersOnCopy, ); }; };
		BE50E1ED1FB92EB800948FBC /* AppDelegate.swift in Sources */ = {isa = PBXBuildFile; fileRef = BE50E1EC1FB92EB800948FBC /* AppDelegate.swift */; };
		BE50E1F41FB92EB800948FBC /* Assets.xcassets in Resources */ = {isa = PBXBuildFile; fileRef = BE50E1F31FB92EB800948FBC /* Assets.xcassets */; };
		BE50E1F71FB92EB800948FBC /* LaunchScreen.storyboard in Resources */ = {isa = PBXBuildFile; fileRef = BE50E1F51FB92EB800948FBC /* LaunchScreen.storyboard */; };
		BE50E20D1FB92EB800948FBC /* SnowKangarooUITests.swift in Sources */ = {isa = PBXBuildFile; fileRef = BE50E20C1FB92EB800948FBC /* SnowKangarooUITests.swift */; };
/* End PBXBuildFile section */

/* Begin PBXContainerItemProxy section */
		BE50E1FE1FB92EB800948FBC /* PBXContainerItemProxy */ = {
			isa = PBXContainerItemProxy;
			containerPortal = BE50E1E11FB92EB800948FBC /* Project object */;
			proxyType = 1;
			remoteGlobalIDString = BE50E1E81FB92EB800948FBC;
			remoteInfo = SnowKangaroo;
		};
		BE50E2091FB92EB800948FBC /* PBXContainerItemProxy */ = {
			isa = PBXContainerItemProxy;
			containerPortal = BE50E1E11FB92EB800948FBC /* Project object */;
			proxyType = 1;
			remoteGlobalIDString = BE50E1E81FB92EB800948FBC;
			remoteInfo = SnowKangaroo;
		};
/* End PBXContainerItemProxy section */

/* Begin PBXCopyFilesBuildPhase section */
		BE3BCB8D1FBA00270019A21A /* Embed Frameworks */ = {
			isa = PBXCopyFilesBuildPhase;
			buildActionMask = 2147483647;
			dstPath = "";
			dstSubfolderSpec = 10;
			files = (
				4623EB092075878B00C1D37D /* AMBClient.framework in Embed Frameworks */,
				BE3BCB8C1FBA00270019A21A /* SnowChat.framework in Embed Frameworks */,
			);
			name = "Embed Frameworks";
			runOnlyForDeploymentPostprocessing = 0;
		};
/* End PBXCopyFilesBuildPhase section */

/* Begin PBXFileReference section */
		4623EB08207586EE00C1D37D /* AMBClient.framework */ = {isa = PBXFileReference; explicitFileType = wrapper.framework; path = AMBClient.framework; sourceTree = BUILT_PRODUCTS_DIR; };
		57C1054A204F72A30007740C /* UserData.swift */ = {isa = PBXFileReference; lastKnownFileType = sourcecode.swift; path = UserData.swift; sourceTree = "<group>"; };
		8B5CF99B2034AC9C0020DF53 /* AuthNotifications.swift */ = {isa = PBXFileReference; lastKnownFileType = sourcecode.swift; path = AuthNotifications.swift; sourceTree = "<group>"; };
		8B67BEF62037B72B008AAB18 /* OAuthManager.swift */ = {isa = PBXFileReference; lastKnownFileType = sourcecode.swift; path = OAuthManager.swift; sourceTree = "<group>"; };
		8B67BEF82037B75C008AAB18 /* OAuthManagerConfiguration.swift */ = {isa = PBXFileReference; lastKnownFileType = sourcecode.swift; path = OAuthManagerConfiguration.swift; sourceTree = "<group>"; };
		8B67BEFA2037BA92008AAB18 /* OAuthManagerConfiguration+Examples.swift */ = {isa = PBXFileReference; lastKnownFileType = sourcecode.swift; path = "OAuthManagerConfiguration+Examples.swift"; sourceTree = "<group>"; };
		8B72FC23202A66B300C1AFC9 /* LogInViewController.swift */ = {isa = PBXFileReference; lastKnownFileType = sourcecode.swift; path = LogInViewController.swift; sourceTree = "<group>"; };
		8B72FC24202A66B300C1AFC9 /* LogInViewController.xib */ = {isa = PBXFileReference; lastKnownFileType = file.xib; path = LogInViewController.xib; sourceTree = "<group>"; };
		8B72FC2B202AA58500C1AFC9 /* ServerInstanceURLTests.swift */ = {isa = PBXFileReference; lastKnownFileType = sourcecode.swift; path = ServerInstanceURLTests.swift; sourceTree = "<group>"; };
		8B72FC2E202AA5E700C1AFC9 /* URL+ServerInstance.swift */ = {isa = PBXFileReference; lastKnownFileType = sourcecode.swift; path = "URL+ServerInstance.swift"; sourceTree = "<group>"; };
		8B72FC31202B61FD00C1AFC9 /* RootViewController.swift */ = {isa = PBXFileReference; lastKnownFileType = sourcecode.swift; path = RootViewController.swift; sourceTree = "<group>"; };
		8B72FC34202B625A00C1AFC9 /* InstanceSettings.swift */ = {isa = PBXFileReference; lastKnownFileType = sourcecode.swift; path = InstanceSettings.swift; sourceTree = "<group>"; };
		8B72FC36202B696A00C1AFC9 /* OAuthCredential.swift */ = {isa = PBXFileReference; lastKnownFileType = sourcecode.swift; path = OAuthCredential.swift; sourceTree = "<group>"; };
		8B984305203F81DE00FE7DAD /* AuthProvider.swift */ = {isa = PBXFileReference; lastKnownFileType = sourcecode.swift; path = AuthProvider.swift; sourceTree = "<group>"; };
		8B984307203F831D00FE7DAD /* OAuthManager+AuthProvider.swift */ = {isa = PBXFileReference; lastKnownFileType = sourcecode.swift; path = "OAuthManager+AuthProvider.swift"; sourceTree = "<group>"; };
		8B98430C203FC84900FE7DAD /* UserDefaults+Codable.swift */ = {isa = PBXFileReference; lastKnownFileType = sourcecode.swift; path = "UserDefaults+Codable.swift"; sourceTree = "<group>"; };
		8BBAAA902032547700D50F66 /* HomeViewController.swift */ = {isa = PBXFileReference; lastKnownFileType = sourcecode.swift; path = HomeViewController.swift; sourceTree = "<group>"; };
		8BBAAA912032547700D50F66 /* HomeViewController.xib */ = {isa = PBXFileReference; lastKnownFileType = file.xib; path = HomeViewController.xib; sourceTree = "<group>"; };
		BE50E1E91FB92EB800948FBC /* SnowKangaroo.app */ = {isa = PBXFileReference; explicitFileType = wrapper.application; includeInIndex = 0; path = SnowKangaroo.app; sourceTree = BUILT_PRODUCTS_DIR; };
		BE50E1EC1FB92EB800948FBC /* AppDelegate.swift */ = {isa = PBXFileReference; lastKnownFileType = sourcecode.swift; path = AppDelegate.swift; sourceTree = "<group>"; };
		BE50E1F31FB92EB800948FBC /* Assets.xcassets */ = {isa = PBXFileReference; lastKnownFileType = folder.assetcatalog; path = Assets.xcassets; sourceTree = "<group>"; };
		BE50E1F61FB92EB800948FBC /* Base */ = {isa = PBXFileReference; lastKnownFileType = file.storyboard; name = Base; path = Base.lproj/LaunchScreen.storyboard; sourceTree = "<group>"; };
		BE50E1F81FB92EB800948FBC /* Info.plist */ = {isa = PBXFileReference; lastKnownFileType = text.plist.xml; path = Info.plist; sourceTree = "<group>"; };
		BE50E1FD1FB92EB800948FBC /* SnowKangarooTests.xctest */ = {isa = PBXFileReference; explicitFileType = wrapper.cfbundle; includeInIndex = 0; path = SnowKangarooTests.xctest; sourceTree = BUILT_PRODUCTS_DIR; };
		BE50E2031FB92EB800948FBC /* Info.plist */ = {isa = PBXFileReference; lastKnownFileType = text.plist.xml; path = Info.plist; sourceTree = "<group>"; };
		BE50E2081FB92EB800948FBC /* SnowKangarooUITests.xctest */ = {isa = PBXFileReference; explicitFileType = wrapper.cfbundle; includeInIndex = 0; path = SnowKangarooUITests.xctest; sourceTree = BUILT_PRODUCTS_DIR; };
		BE50E20C1FB92EB800948FBC /* SnowKangarooUITests.swift */ = {isa = PBXFileReference; lastKnownFileType = sourcecode.swift; path = SnowKangarooUITests.swift; sourceTree = "<group>"; };
		BE50E20E1FB92EB800948FBC /* Info.plist */ = {isa = PBXFileReference; lastKnownFileType = text.plist.xml; path = Info.plist; sourceTree = "<group>"; };
		BE50E22C1FB934FF00948FBC /* SnowChat.framework */ = {isa = PBXFileReference; explicitFileType = wrapper.framework; path = SnowChat.framework; sourceTree = BUILT_PRODUCTS_DIR; };
/* End PBXFileReference section */

/* Begin PBXFrameworksBuildPhase section */
		BE50E1E61FB92EB800948FBC /* Frameworks */ = {
			isa = PBXFrameworksBuildPhase;
			buildActionMask = 2147483647;
			files = (
				4623EB07207586EE00C1D37D /* AMBClient.framework in Frameworks */,
				BE3BCB8B1FBA00270019A21A /* SnowChat.framework in Frameworks */,
			);
			runOnlyForDeploymentPostprocessing = 0;
		};
		BE50E1FA1FB92EB800948FBC /* Frameworks */ = {
			isa = PBXFrameworksBuildPhase;
			buildActionMask = 2147483647;
			files = (
			);
			runOnlyForDeploymentPostprocessing = 0;
		};
		BE50E2051FB92EB800948FBC /* Frameworks */ = {
			isa = PBXFrameworksBuildPhase;
			buildActionMask = 2147483647;
			files = (
			);
			runOnlyForDeploymentPostprocessing = 0;
		};
/* End PBXFrameworksBuildPhase section */

/* Begin PBXGroup section */
		8B72FC22202A66A400C1AFC9 /* Log In UI */ = {
			isa = PBXGroup;
			children = (
				8B72FC23202A66B300C1AFC9 /* LogInViewController.swift */,
				8B72FC24202A66B300C1AFC9 /* LogInViewController.xib */,
			);
			path = "Log In UI";
			sourceTree = "<group>";
		};
		8B72FC2D202AA5BD00C1AFC9 /* Foundation */ = {
			isa = PBXGroup;
			children = (
				8B72FC2E202AA5E700C1AFC9 /* URL+ServerInstance.swift */,
				8B98430C203FC84900FE7DAD /* UserDefaults+Codable.swift */,
			);
			path = Foundation;
			sourceTree = "<group>";
		};
		8B72FC30202B618C00C1AFC9 /* Root UI */ = {
			isa = PBXGroup;
			children = (
				8B72FC31202B61FD00C1AFC9 /* RootViewController.swift */,
				8BBAAA902032547700D50F66 /* HomeViewController.swift */,
				8BBAAA912032547700D50F66 /* HomeViewController.xib */,
			);
			path = "Root UI";
			sourceTree = "<group>";
		};
		8B984309203F8DEB00FE7DAD /* App Specific */ = {
			isa = PBXGroup;
			children = (
				8B5CF99B2034AC9C0020DF53 /* AuthNotifications.swift */,
				8B984305203F81DE00FE7DAD /* AuthProvider.swift */,
				8B72FC34202B625A00C1AFC9 /* InstanceSettings.swift */,
				8B984307203F831D00FE7DAD /* OAuthManager+AuthProvider.swift */,
				8B67BEFA2037BA92008AAB18 /* OAuthManagerConfiguration+Examples.swift */,
			);
			path = "App Specific";
			sourceTree = "<group>";
		};
		8B98430A203F8E6300FE7DAD /* Auth */ = {
			isa = PBXGroup;
			children = (
				8B984309203F8DEB00FE7DAD /* App Specific */,
				8B98430B203F8E7800FE7DAD /* OAuth Core */,
				8B72FC22202A66A400C1AFC9 /* Log In UI */,
			);
			path = Auth;
			sourceTree = "<group>";
		};
		8B98430B203F8E7800FE7DAD /* OAuth Core */ = {
			isa = PBXGroup;
			children = (
				8B72FC36202B696A00C1AFC9 /* OAuthCredential.swift */,
				8B67BEF62037B72B008AAB18 /* OAuthManager.swift */,
				8B67BEF82037B75C008AAB18 /* OAuthManagerConfiguration.swift */,
			);
			path = "OAuth Core";
			sourceTree = "<group>";
		};
		BE50E1E01FB92EB800948FBC = {
			isa = PBXGroup;
			children = (
				BE50E1EB1FB92EB800948FBC /* SnowKangaroo */,
				BE50E2001FB92EB800948FBC /* SnowKangarooTests */,
				BE50E20B1FB92EB800948FBC /* SnowKangarooUITests */,
				BE50E1EA1FB92EB800948FBC /* Products */,
				BE50E22A1FB934FF00948FBC /* Frameworks */,
			);
			sourceTree = "<group>";
		};
		BE50E1EA1FB92EB800948FBC /* Products */ = {
			isa = PBXGroup;
			children = (
				BE50E1E91FB92EB800948FBC /* SnowKangaroo.app */,
				BE50E1FD1FB92EB800948FBC /* SnowKangarooTests.xctest */,
				BE50E2081FB92EB800948FBC /* SnowKangarooUITests.xctest */,
			);
			name = Products;
			sourceTree = "<group>";
		};
		BE50E1EB1FB92EB800948FBC /* SnowKangaroo */ = {
			isa = PBXGroup;
			children = (
				BE50E1EC1FB92EB800948FBC /* AppDelegate.swift */,
				57C1054A204F72A30007740C /* UserData.swift */,
				BE50E1F31FB92EB800948FBC /* Assets.xcassets */,
				8B98430A203F8E6300FE7DAD /* Auth */,
				8B72FC2D202AA5BD00C1AFC9 /* Foundation */,
				8B72FC30202B618C00C1AFC9 /* Root UI */,
				BE5974C61FC3B19700959406 /* Supporting Files */,
			);
			path = SnowKangaroo;
			sourceTree = "<group>";
		};
		BE50E2001FB92EB800948FBC /* SnowKangarooTests */ = {
			isa = PBXGroup;
			children = (
				BE50E2031FB92EB800948FBC /* Info.plist */,
				8B72FC2B202AA58500C1AFC9 /* ServerInstanceURLTests.swift */,
			);
			path = SnowKangarooTests;
			sourceTree = "<group>";
		};
		BE50E20B1FB92EB800948FBC /* SnowKangarooUITests */ = {
			isa = PBXGroup;
			children = (
				BE50E20C1FB92EB800948FBC /* SnowKangarooUITests.swift */,
				BE50E20E1FB92EB800948FBC /* Info.plist */,
			);
			path = SnowKangarooUITests;
			sourceTree = "<group>";
		};
		BE50E22A1FB934FF00948FBC /* Frameworks */ = {
			isa = PBXGroup;
			children = (
				4623EB08207586EE00C1D37D /* AMBClient.framework */,
				BE50E22C1FB934FF00948FBC /* SnowChat.framework */,
			);
			name = Frameworks;
			sourceTree = "<group>";
		};
		BE5974C61FC3B19700959406 /* Supporting Files */ = {
			isa = PBXGroup;
			children = (
				BE50E1F81FB92EB800948FBC /* Info.plist */,
				BE50E1F51FB92EB800948FBC /* LaunchScreen.storyboard */,
			);
			name = "Supporting Files";
			sourceTree = "<group>";
		};
/* End PBXGroup section */

/* Begin PBXNativeTarget section */
		BE50E1E81FB92EB800948FBC /* SnowKangaroo */ = {
			isa = PBXNativeTarget;
			buildConfigurationList = BE50E2111FB92EB800948FBC /* Build configuration list for PBXNativeTarget "SnowKangaroo" */;
			buildPhases = (
				BE50E1E51FB92EB800948FBC /* Sources */,
				BE50E1E61FB92EB800948FBC /* Frameworks */,
				BE50E1E71FB92EB800948FBC /* Resources */,
				BE3BCB8D1FBA00270019A21A /* Embed Frameworks */,
				BE3BCB8E1FBA00590019A21A /* Copy Carthage Frameworks */,
				BE49A5801FBA9029001BA567 /* Swift Lint Script */,
			);
			buildRules = (
			);
			dependencies = (
			);
			name = SnowKangaroo;
			productName = SnowKangaroo;
			productReference = BE50E1E91FB92EB800948FBC /* SnowKangaroo.app */;
			productType = "com.apple.product-type.application";
		};
		BE50E1FC1FB92EB800948FBC /* SnowKangarooTests */ = {
			isa = PBXNativeTarget;
			buildConfigurationList = BE50E2141FB92EB800948FBC /* Build configuration list for PBXNativeTarget "SnowKangarooTests" */;
			buildPhases = (
				BE50E1F91FB92EB800948FBC /* Sources */,
				BE50E1FA1FB92EB800948FBC /* Frameworks */,
				BE50E1FB1FB92EB800948FBC /* Resources */,
			);
			buildRules = (
			);
			dependencies = (
				BE50E1FF1FB92EB800948FBC /* PBXTargetDependency */,
			);
			name = SnowKangarooTests;
			productName = SnowKangarooTests;
			productReference = BE50E1FD1FB92EB800948FBC /* SnowKangarooTests.xctest */;
			productType = "com.apple.product-type.bundle.unit-test";
		};
		BE50E2071FB92EB800948FBC /* SnowKangarooUITests */ = {
			isa = PBXNativeTarget;
			buildConfigurationList = BE50E2171FB92EB800948FBC /* Build configuration list for PBXNativeTarget "SnowKangarooUITests" */;
			buildPhases = (
				BE50E2041FB92EB800948FBC /* Sources */,
				BE50E2051FB92EB800948FBC /* Frameworks */,
				BE50E2061FB92EB800948FBC /* Resources */,
			);
			buildRules = (
			);
			dependencies = (
				BE50E20A1FB92EB800948FBC /* PBXTargetDependency */,
			);
			name = SnowKangarooUITests;
			productName = SnowKangarooUITests;
			productReference = BE50E2081FB92EB800948FBC /* SnowKangarooUITests.xctest */;
			productType = "com.apple.product-type.bundle.ui-testing";
		};
/* End PBXNativeTarget section */

/* Begin PBXProject section */
		BE50E1E11FB92EB800948FBC /* Project object */ = {
			isa = PBXProject;
			attributes = {
				LastSwiftUpdateCheck = 0910;
				LastUpgradeCheck = 0930;
				ORGANIZATIONNAME = ServiceNow;
				TargetAttributes = {
					BE50E1E81FB92EB800948FBC = {
						CreatedOnToolsVersion = 9.1;
						ProvisioningStyle = Manual;
					};
					BE50E1FC1FB92EB800948FBC = {
						CreatedOnToolsVersion = 9.1;
						ProvisioningStyle = Manual;
						TestTargetID = BE50E1E81FB92EB800948FBC;
					};
					BE50E2071FB92EB800948FBC = {
						CreatedOnToolsVersion = 9.1;
						ProvisioningStyle = Manual;
						TestTargetID = BE50E1E81FB92EB800948FBC;
					};
				};
			};
			buildConfigurationList = BE50E1E41FB92EB800948FBC /* Build configuration list for PBXProject "SnowKangaroo" */;
			compatibilityVersion = "Xcode 8.0";
			developmentRegion = en;
			hasScannedForEncodings = 0;
			knownRegions = (
				en,
				Base,
			);
			mainGroup = BE50E1E01FB92EB800948FBC;
			productRefGroup = BE50E1EA1FB92EB800948FBC /* Products */;
			projectDirPath = "";
			projectRoot = "";
			targets = (
				BE50E1E81FB92EB800948FBC /* SnowKangaroo */,
				BE50E1FC1FB92EB800948FBC /* SnowKangarooTests */,
				BE50E2071FB92EB800948FBC /* SnowKangarooUITests */,
			);
		};
/* End PBXProject section */

/* Begin PBXResourcesBuildPhase section */
		BE50E1E71FB92EB800948FBC /* Resources */ = {
			isa = PBXResourcesBuildPhase;
			buildActionMask = 2147483647;
			files = (
				8B72FC26202A66B300C1AFC9 /* LogInViewController.xib in Resources */,
				BE50E1F71FB92EB800948FBC /* LaunchScreen.storyboard in Resources */,
				BE50E1F41FB92EB800948FBC /* Assets.xcassets in Resources */,
				8BBAAA932032547700D50F66 /* HomeViewController.xib in Resources */,
			);
			runOnlyForDeploymentPostprocessing = 0;
		};
		BE50E1FB1FB92EB800948FBC /* Resources */ = {
			isa = PBXResourcesBuildPhase;
			buildActionMask = 2147483647;
			files = (
			);
			runOnlyForDeploymentPostprocessing = 0;
		};
		BE50E2061FB92EB800948FBC /* Resources */ = {
			isa = PBXResourcesBuildPhase;
			buildActionMask = 2147483647;
			files = (
			);
			runOnlyForDeploymentPostprocessing = 0;
		};
/* End PBXResourcesBuildPhase section */

/* Begin PBXShellScriptBuildPhase section */
		BE3BCB8E1FBA00590019A21A /* Copy Carthage Frameworks */ = {
			isa = PBXShellScriptBuildPhase;
			buildActionMask = 2147483647;
			files = (
			);
			inputPaths = (
				"$(SRCROOT)/../Carthage/Build/iOS/Alamofire.framework",
				"$(SRCROOT)/../Carthage/Build/iOS/SlackTextViewController.framework",
				"$(SRCROOT)/../Carthage/Build/iOS/AlamofireImage.framework",
			);
			name = "Copy Carthage Frameworks";
			outputPaths = (
				"$(BUILT_PRODUCTS_DIR)/../$(FRAMEWORKS_FOLDER_PATH)/Alamofire.framework",
				"$(BUILT_PRODUCTS_DIR)/../$(FRAMEWORKS_FOLDER_PATH)/SlackTextViewController.framework",
				"$(BUILT_PRODUCTS_DIR)/../$(FRAMEWORKS_FOLDER_PATH)/AlamofireImage.framework",
			);
			runOnlyForDeploymentPostprocessing = 0;
			shellPath = /bin/sh;
			shellScript = "/usr/local/bin/carthage copy-frameworks\n";
		};
		BE49A5801FBA9029001BA567 /* Swift Lint Script */ = {
			isa = PBXShellScriptBuildPhase;
			buildActionMask = 2147483647;
			files = (
			);
			inputPaths = (
			);
			name = "Swift Lint Script";
			outputPaths = (
			);
			runOnlyForDeploymentPostprocessing = 0;
			shellPath = /bin/sh;
			shellScript = "\"${SRCROOT}/../Vendor/Private/SwiftLint/swiftlint\" --path \"${SRCROOT}/../\"";
		};
/* End PBXShellScriptBuildPhase section */

/* Begin PBXSourcesBuildPhase section */
		BE50E1E51FB92EB800948FBC /* Sources */ = {
			isa = PBXSourcesBuildPhase;
			buildActionMask = 2147483647;
			files = (
				8B72FC37202B696A00C1AFC9 /* OAuthCredential.swift in Sources */,
				8B67BEF72037B72B008AAB18 /* OAuthManager.swift in Sources */,
				8B67BEF92037B75C008AAB18 /* OAuthManagerConfiguration.swift in Sources */,
				57C1054B204F72A30007740C /* UserData.swift in Sources */,
				8B72FC32202B61FD00C1AFC9 /* RootViewController.swift in Sources */,
				8B67BEFB2037BA92008AAB18 /* OAuthManagerConfiguration+Examples.swift in Sources */,
				8B5CF99C2034AC9C0020DF53 /* AuthNotifications.swift in Sources */,
				8B984306203F81DE00FE7DAD /* AuthProvider.swift in Sources */,
				8BBAAA922032547700D50F66 /* HomeViewController.swift in Sources */,
				8B72FC35202B625A00C1AFC9 /* InstanceSettings.swift in Sources */,
				8B98430D203FC84900FE7DAD /* UserDefaults+Codable.swift in Sources */,
				BE50E1ED1FB92EB800948FBC /* AppDelegate.swift in Sources */,
				8B72FC2F202AA5E700C1AFC9 /* URL+ServerInstance.swift in Sources */,
				8B72FC25202A66B300C1AFC9 /* LogInViewController.swift in Sources */,
				8B984308203F831D00FE7DAD /* OAuthManager+AuthProvider.swift in Sources */,
			);
			runOnlyForDeploymentPostprocessing = 0;
		};
		BE50E1F91FB92EB800948FBC /* Sources */ = {
			isa = PBXSourcesBuildPhase;
			buildActionMask = 2147483647;
			files = (
				8B72FC2C202AA58500C1AFC9 /* ServerInstanceURLTests.swift in Sources */,
			);
			runOnlyForDeploymentPostprocessing = 0;
		};
		BE50E2041FB92EB800948FBC /* Sources */ = {
			isa = PBXSourcesBuildPhase;
			buildActionMask = 2147483647;
			files = (
				BE50E20D1FB92EB800948FBC /* SnowKangarooUITests.swift in Sources */,
			);
			runOnlyForDeploymentPostprocessing = 0;
		};
/* End PBXSourcesBuildPhase section */

/* Begin PBXTargetDependency section */
		BE50E1FF1FB92EB800948FBC /* PBXTargetDependency */ = {
			isa = PBXTargetDependency;
			target = BE50E1E81FB92EB800948FBC /* SnowKangaroo */;
			targetProxy = BE50E1FE1FB92EB800948FBC /* PBXContainerItemProxy */;
		};
		BE50E20A1FB92EB800948FBC /* PBXTargetDependency */ = {
			isa = PBXTargetDependency;
			target = BE50E1E81FB92EB800948FBC /* SnowKangaroo */;
			targetProxy = BE50E2091FB92EB800948FBC /* PBXContainerItemProxy */;
		};
/* End PBXTargetDependency section */

/* Begin PBXVariantGroup section */
		BE50E1F51FB92EB800948FBC /* LaunchScreen.storyboard */ = {
			isa = PBXVariantGroup;
			children = (
				BE50E1F61FB92EB800948FBC /* Base */,
			);
			name = LaunchScreen.storyboard;
			sourceTree = "<group>";
		};
/* End PBXVariantGroup section */

/* Begin XCBuildConfiguration section */
		BE50E20F1FB92EB800948FBC /* Debug */ = {
			isa = XCBuildConfiguration;
			buildSettings = {
				ALWAYS_SEARCH_USER_PATHS = NO;
				CLANG_ANALYZER_NONNULL = YES;
				CLANG_ANALYZER_NUMBER_OBJECT_CONVERSION = YES_AGGRESSIVE;
				CLANG_CXX_LANGUAGE_STANDARD = "gnu++14";
				CLANG_CXX_LIBRARY = "libc++";
				CLANG_ENABLE_MODULES = YES;
				CLANG_ENABLE_OBJC_ARC = YES;
				CLANG_WARN_BLOCK_CAPTURE_AUTORELEASING = YES;
				CLANG_WARN_BOOL_CONVERSION = YES;
				CLANG_WARN_COMMA = YES;
				CLANG_WARN_CONSTANT_CONVERSION = YES;
				CLANG_WARN_DEPRECATED_OBJC_IMPLEMENTATIONS = YES;
				CLANG_WARN_DIRECT_OBJC_ISA_USAGE = YES_ERROR;
				CLANG_WARN_DOCUMENTATION_COMMENTS = YES;
				CLANG_WARN_EMPTY_BODY = YES;
				CLANG_WARN_ENUM_CONVERSION = YES;
				CLANG_WARN_INFINITE_RECURSION = YES;
				CLANG_WARN_INT_CONVERSION = YES;
				CLANG_WARN_NON_LITERAL_NULL_CONVERSION = YES;
				CLANG_WARN_OBJC_IMPLICIT_RETAIN_SELF = YES;
				CLANG_WARN_OBJC_LITERAL_CONVERSION = YES;
				CLANG_WARN_OBJC_ROOT_CLASS = YES_ERROR;
				CLANG_WARN_RANGE_LOOP_ANALYSIS = YES;
				CLANG_WARN_STRICT_PROTOTYPES = YES;
				CLANG_WARN_SUSPICIOUS_MOVE = YES;
				CLANG_WARN_UNGUARDED_AVAILABILITY = YES_AGGRESSIVE;
				CLANG_WARN_UNREACHABLE_CODE = YES;
				CLANG_WARN__DUPLICATE_METHOD_MATCH = YES;
				CODE_SIGN_IDENTITY = "iPhone Developer";
				COPY_PHASE_STRIP = NO;
				DEBUG_INFORMATION_FORMAT = dwarf;
				ENABLE_STRICT_OBJC_MSGSEND = YES;
				ENABLE_TESTABILITY = YES;
				GCC_C_LANGUAGE_STANDARD = gnu11;
				GCC_DYNAMIC_NO_PIC = NO;
				GCC_NO_COMMON_BLOCKS = YES;
				GCC_OPTIMIZATION_LEVEL = 0;
				GCC_PREPROCESSOR_DEFINITIONS = (
					"DEBUG=1",
					"$(inherited)",
				);
				GCC_WARN_64_TO_32_BIT_CONVERSION = YES;
				GCC_WARN_ABOUT_RETURN_TYPE = YES_ERROR;
				GCC_WARN_UNDECLARED_SELECTOR = YES;
				GCC_WARN_UNINITIALIZED_AUTOS = YES_AGGRESSIVE;
				GCC_WARN_UNUSED_FUNCTION = YES;
				GCC_WARN_UNUSED_VARIABLE = YES;
				IPHONEOS_DEPLOYMENT_TARGET = 10.0;
				MTL_ENABLE_DEBUG_INFO = YES;
				ONLY_ACTIVE_ARCH = YES;
				SDKROOT = iphoneos;
				SWIFT_ACTIVE_COMPILATION_CONDITIONS = DEBUG;
				SWIFT_OPTIMIZATION_LEVEL = "-Onone";
			};
			name = Debug;
		};
		BE50E2101FB92EB800948FBC /* Release */ = {
			isa = XCBuildConfiguration;
			buildSettings = {
				ALWAYS_SEARCH_USER_PATHS = NO;
				CLANG_ANALYZER_NONNULL = YES;
				CLANG_ANALYZER_NUMBER_OBJECT_CONVERSION = YES_AGGRESSIVE;
				CLANG_CXX_LANGUAGE_STANDARD = "gnu++14";
				CLANG_CXX_LIBRARY = "libc++";
				CLANG_ENABLE_MODULES = YES;
				CLANG_ENABLE_OBJC_ARC = YES;
				CLANG_WARN_BLOCK_CAPTURE_AUTORELEASING = YES;
				CLANG_WARN_BOOL_CONVERSION = YES;
				CLANG_WARN_COMMA = YES;
				CLANG_WARN_CONSTANT_CONVERSION = YES;
				CLANG_WARN_DEPRECATED_OBJC_IMPLEMENTATIONS = YES;
				CLANG_WARN_DIRECT_OBJC_ISA_USAGE = YES_ERROR;
				CLANG_WARN_DOCUMENTATION_COMMENTS = YES;
				CLANG_WARN_EMPTY_BODY = YES;
				CLANG_WARN_ENUM_CONVERSION = YES;
				CLANG_WARN_INFINITE_RECURSION = YES;
				CLANG_WARN_INT_CONVERSION = YES;
				CLANG_WARN_NON_LITERAL_NULL_CONVERSION = YES;
				CLANG_WARN_OBJC_IMPLICIT_RETAIN_SELF = YES;
				CLANG_WARN_OBJC_LITERAL_CONVERSION = YES;
				CLANG_WARN_OBJC_ROOT_CLASS = YES_ERROR;
				CLANG_WARN_RANGE_LOOP_ANALYSIS = YES;
				CLANG_WARN_STRICT_PROTOTYPES = YES;
				CLANG_WARN_SUSPICIOUS_MOVE = YES;
				CLANG_WARN_UNGUARDED_AVAILABILITY = YES_AGGRESSIVE;
				CLANG_WARN_UNREACHABLE_CODE = YES;
				CLANG_WARN__DUPLICATE_METHOD_MATCH = YES;
				CODE_SIGN_IDENTITY = "iPhone Developer";
				COPY_PHASE_STRIP = NO;
				DEBUG_INFORMATION_FORMAT = "dwarf-with-dsym";
				ENABLE_NS_ASSERTIONS = NO;
				ENABLE_STRICT_OBJC_MSGSEND = YES;
				GCC_C_LANGUAGE_STANDARD = gnu11;
				GCC_NO_COMMON_BLOCKS = YES;
				GCC_WARN_64_TO_32_BIT_CONVERSION = YES;
				GCC_WARN_ABOUT_RETURN_TYPE = YES_ERROR;
				GCC_WARN_UNDECLARED_SELECTOR = YES;
				GCC_WARN_UNINITIALIZED_AUTOS = YES_AGGRESSIVE;
				GCC_WARN_UNUSED_FUNCTION = YES;
				GCC_WARN_UNUSED_VARIABLE = YES;
				IPHONEOS_DEPLOYMENT_TARGET = 10.0;
				MTL_ENABLE_DEBUG_INFO = NO;
				SDKROOT = iphoneos;
				SWIFT_OPTIMIZATION_LEVEL = "-Owholemodule";
				VALIDATE_PRODUCT = YES;
			};
			name = Release;
		};
		BE50E2121FB92EB800948FBC /* Debug */ = {
			isa = XCBuildConfiguration;
			buildSettings = {
				ASSETCATALOG_COMPILER_APPICON_NAME = AppIcon;
				CODE_SIGN_STYLE = Manual;
				DEVELOPMENT_TEAM = AS2BZHDV7Q;
				FRAMEWORK_SEARCH_PATHS = (
					"$(inherited)",
					"$(PROJECT_DIR)/../Carthage/Build/iOS",
				);
				INFOPLIST_FILE = SnowKangaroo/Info.plist;
				LD_RUNPATH_SEARCH_PATHS = "$(inherited) @executable_path/Frameworks";
				PRODUCT_BUNDLE_IDENTIFIER = com.servicenow.kangaroo;
				PRODUCT_NAME = "$(TARGET_NAME)";
				PROVISIONING_PROFILE = "9595faf1-40c9-4617-9971-9a9211bb93d4";
				PROVISIONING_PROFILE_SPECIFIER = "match Development com.servicenow.kangaroo";
				SWIFT_VERSION = 4.0;
				TARGETED_DEVICE_FAMILY = "1,2";
			};
			name = Debug;
		};
		BE50E2131FB92EB800948FBC /* Release */ = {
			isa = XCBuildConfiguration;
			buildSettings = {
				ASSETCATALOG_COMPILER_APPICON_NAME = AppIcon;
				"CODE_SIGN_IDENTITY[sdk=iphoneos*]" = "iPhone Developer";
				CODE_SIGN_STYLE = Manual;
				DEVELOPMENT_TEAM = AS2BZHDV7Q;
				FRAMEWORK_SEARCH_PATHS = (
					"$(inherited)",
					"$(PROJECT_DIR)/../Carthage/Build/iOS",
				);
				INFOPLIST_FILE = SnowKangaroo/Info.plist;
				LD_RUNPATH_SEARCH_PATHS = "$(inherited) @executable_path/Frameworks";
				PRODUCT_BUNDLE_IDENTIFIER = com.servicenow.kangaroo;
				PRODUCT_NAME = "$(TARGET_NAME)";
				PROVISIONING_PROFILE = "9595faf1-40c9-4617-9971-9a9211bb93d4";
				PROVISIONING_PROFILE_SPECIFIER = "match Development com.servicenow.kangaroo";
				SWIFT_VERSION = 4.0;
				TARGETED_DEVICE_FAMILY = "1,2";
			};
			name = Release;
		};
		BE50E2151FB92EB800948FBC /* Debug */ = {
			isa = XCBuildConfiguration;
			buildSettings = {
				ALWAYS_EMBED_SWIFT_STANDARD_LIBRARIES = YES;
				BUNDLE_LOADER = "$(TEST_HOST)";
				CODE_SIGN_STYLE = Manual;
				DEVELOPMENT_TEAM = AS2BZHDV7Q;
				INFOPLIST_FILE = SnowKangarooTests/Info.plist;
				LD_RUNPATH_SEARCH_PATHS = "$(inherited) @executable_path/Frameworks @loader_path/Frameworks";
				PRODUCT_BUNDLE_IDENTIFIER = com.servicenow.SnowKangarooTests;
				PRODUCT_NAME = "$(TARGET_NAME)";
				PROVISIONING_PROFILE_SPECIFIER = "";
				SWIFT_VERSION = 4.0;
				TARGETED_DEVICE_FAMILY = "1,2";
				TEST_HOST = "$(BUILT_PRODUCTS_DIR)/SnowKangaroo.app/SnowKangaroo";
			};
			name = Debug;
		};
		BE50E2161FB92EB800948FBC /* Release */ = {
			isa = XCBuildConfiguration;
			buildSettings = {
				ALWAYS_EMBED_SWIFT_STANDARD_LIBRARIES = YES;
				BUNDLE_LOADER = "$(TEST_HOST)";
				CODE_SIGN_STYLE = Manual;
				DEVELOPMENT_TEAM = AS2BZHDV7Q;
				INFOPLIST_FILE = SnowKangarooTests/Info.plist;
				LD_RUNPATH_SEARCH_PATHS = "$(inherited) @executable_path/Frameworks @loader_path/Frameworks";
				PRODUCT_BUNDLE_IDENTIFIER = com.servicenow.SnowKangarooTests;
				PRODUCT_NAME = "$(TARGET_NAME)";
				PROVISIONING_PROFILE_SPECIFIER = "";
				SWIFT_VERSION = 4.0;
				TARGETED_DEVICE_FAMILY = "1,2";
				TEST_HOST = "$(BUILT_PRODUCTS_DIR)/SnowKangaroo.app/SnowKangaroo";
			};
			name = Release;
		};
		BE50E2181FB92EB800948FBC /* Debug */ = {
			isa = XCBuildConfiguration;
			buildSettings = {
				ALWAYS_EMBED_SWIFT_STANDARD_LIBRARIES = YES;
				CODE_SIGN_STYLE = Manual;
				DEVELOPMENT_TEAM = "";
				INFOPLIST_FILE = SnowKangarooUITests/Info.plist;
				LD_RUNPATH_SEARCH_PATHS = "$(inherited) @executable_path/Frameworks @loader_path/Frameworks";
				PRODUCT_BUNDLE_IDENTIFIER = com.servicenow.SnowKangarooUITests;
				PRODUCT_NAME = "$(TARGET_NAME)";
				PROVISIONING_PROFILE_SPECIFIER = "";
				SWIFT_VERSION = 4.0;
				TARGETED_DEVICE_FAMILY = "1,2";
				TEST_TARGET_NAME = SnowKangaroo;
			};
			name = Debug;
		};
		BE50E2191FB92EB800948FBC /* Release */ = {
			isa = XCBuildConfiguration;
			buildSettings = {
				ALWAYS_EMBED_SWIFT_STANDARD_LIBRARIES = YES;
				CODE_SIGN_STYLE = Manual;
				DEVELOPMENT_TEAM = "";
				INFOPLIST_FILE = SnowKangarooUITests/Info.plist;
				LD_RUNPATH_SEARCH_PATHS = "$(inherited) @executable_path/Frameworks @loader_path/Frameworks";
				PRODUCT_BUNDLE_IDENTIFIER = com.servicenow.SnowKangarooUITests;
				PRODUCT_NAME = "$(TARGET_NAME)";
				PROVISIONING_PROFILE_SPECIFIER = "";
				SWIFT_VERSION = 4.0;
				TARGETED_DEVICE_FAMILY = "1,2";
				TEST_TARGET_NAME = SnowKangaroo;
			};
			name = Release;
		};
/* End XCBuildConfiguration section */

/* Begin XCConfigurationList section */
		BE50E1E41FB92EB800948FBC /* Build configuration list for PBXProject "SnowKangaroo" */ = {
			isa = XCConfigurationList;
			buildConfigurations = (
				BE50E20F1FB92EB800948FBC /* Debug */,
				BE50E2101FB92EB800948FBC /* Release */,
			);
			defaultConfigurationIsVisible = 0;
			defaultConfigurationName = Release;
		};
		BE50E2111FB92EB800948FBC /* Build configuration list for PBXNativeTarget "SnowKangaroo" */ = {
			isa = XCConfigurationList;
			buildConfigurations = (
				BE50E2121FB92EB800948FBC /* Debug */,
				BE50E2131FB92EB800948FBC /* Release */,
			);
			defaultConfigurationIsVisible = 0;
			defaultConfigurationName = Release;
		};
		BE50E2141FB92EB800948FBC /* Build configuration list for PBXNativeTarget "SnowKangarooTests" */ = {
			isa = XCConfigurationList;
			buildConfigurations = (
				BE50E2151FB92EB800948FBC /* Debug */,
				BE50E2161FB92EB800948FBC /* Release */,
			);
			defaultConfigurationIsVisible = 0;
			defaultConfigurationName = Release;
		};
		BE50E2171FB92EB800948FBC /* Build configuration list for PBXNativeTarget "SnowKangarooUITests" */ = {
			isa = XCConfigurationList;
			buildConfigurations = (
				BE50E2181FB92EB800948FBC /* Debug */,
				BE50E2191FB92EB800948FBC /* Release */,
			);
			defaultConfigurationIsVisible = 0;
			defaultConfigurationName = Release;
		};
/* End XCConfigurationList section */
	};
	rootObject = BE50E1E11FB92EB800948FBC /* Project object */;
}
