// !$*UTF8*$!
{
	archiveVersion = 1;
	classes = {
	};
	objectVersion = 48;
	objects = {

/* Begin PBXAggregateTarget section */
		BE5C65881FE88F53001A3EEE /* Carthage Bootstrap */ = {
			isa = PBXAggregateTarget;
			buildConfigurationList = BE5C65891FE88F53001A3EEE /* Build configuration list for PBXAggregateTarget "Carthage Bootstrap" */;
			buildPhases = (
				BE5C658C1FE88F62001A3EEE /* ShellScript */,
			);
			dependencies = (
			);
			name = "Carthage Bootstrap";
			productName = "Carthage Bootstrap";
		};
		BE5C658D1FE88FA6001A3EEE /* Install Certificates */ = {
			isa = PBXAggregateTarget;
			buildConfigurationList = BE5C658E1FE88FA6001A3EEE /* Build configuration list for PBXAggregateTarget "Install Certificates" */;
			buildPhases = (
				BE5C65911FE890B7001A3EEE /* ShellScript */,
			);
			dependencies = (
			);
			name = "Install Certificates";
			productName = Certificates;
		};
		BE6F4E371FE9740A007294BA /* Deploy Staging */ = {
			isa = PBXAggregateTarget;
			buildConfigurationList = BE6F4E381FE9740A007294BA /* Build configuration list for PBXAggregateTarget "Deploy Staging" */;
			buildPhases = (
				BE6F4E3B1FE97415007294BA /* ShellScript */,
			);
			dependencies = (
			);
			name = "Deploy Staging";
			productName = "Deploy Staging";
		};
/* End PBXAggregateTarget section */

/* Begin PBXBuildFile section */
		5704EA321FEAAD46001020E6 /* TypingIndicatorView.swift in Sources */ = {isa = PBXBuildFile; fileRef = 5704EA311FEAAD46001020E6 /* TypingIndicatorView.swift */; };
		5704EA341FEAAE4B001020E6 /* TypingIndicatorControl.swift in Sources */ = {isa = PBXBuildFile; fileRef = 5704EA331FEAAE4B001020E6 /* TypingIndicatorControl.swift */; };
		57067C8D1FE62EE900812266 /* FakeChatViewCell.swift in Sources */ = {isa = PBXBuildFile; fileRef = 57067C8C1FE62EE900812266 /* FakeChatViewCell.swift */; };
		5706C5791FE43FB3008D70D1 /* ControlsUtil.swift in Sources */ = {isa = PBXBuildFile; fileRef = 5706C5781FE43FB3008D70D1 /* ControlsUtil.swift */; };
		5706C57B1FE499A0008D70D1 /* FakeChatViewController.swift in Sources */ = {isa = PBXBuildFile; fileRef = 5706C57A1FE499A0008D70D1 /* FakeChatViewController.swift */; };
		5706C5811FE49F78008D70D1 /* ChatMessageViewController.swift in Sources */ = {isa = PBXBuildFile; fileRef = 5706C5801FE49F78008D70D1 /* ChatMessageViewController.swift */; };
		5717B1502003DABA00A4252C /* ChatMessageViewControllerCache.swift in Sources */ = {isa = PBXBuildFile; fileRef = 5717B14F2003DABA00A4252C /* ChatMessageViewControllerCache.swift */; };
		572A4E3C1FCE0AC20081318D /* FullSizeScrollViewContainerView.swift in Sources */ = {isa = PBXBuildFile; fileRef = 572A4E3B1FCE0AC20081318D /* FullSizeScrollViewContainerView.swift */; };
		572A4E401FCF06320081318D /* PickerTableViewCell.xib in Resources */ = {isa = PBXBuildFile; fileRef = 572A4E3F1FCF06320081318D /* PickerTableViewCell.xib */; };
		572A4E421FCF07150081318D /* PickerTableViewCell.swift in Sources */ = {isa = PBXBuildFile; fileRef = 572A4E411FCF07150081318D /* PickerTableViewCell.swift */; };
		572A4E441FCF70070081318D /* BubbleView.swift in Sources */ = {isa = PBXBuildFile; fileRef = 572A4E431FCF70070081318D /* BubbleView.swift */; };
		572C6BC1200C33BC00F142E2 /* ControlCache.swift in Sources */ = {isa = PBXBuildFile; fileRef = 572C6BC0200C33BC00F142E2 /* ControlCache.swift */; };
		572FAC181FC47A9C00B0B956 /* MultiSelectControl.swift in Sources */ = {isa = PBXBuildFile; fileRef = 572FAC171FC47A9C00B0B956 /* MultiSelectControl.swift */; };
		572FAC1A1FC47B5600B0B956 /* MultiSelectControlViewModel.swift in Sources */ = {isa = PBXBuildFile; fileRef = 572FAC191FC47B5600B0B956 /* MultiSelectControlViewModel.swift */; };
		57532BAB1FD777AC001D674C /* PickerControl.swift in Sources */ = {isa = PBXBuildFile; fileRef = 57532BAA1FD777AC001D674C /* PickerControl.swift */; };
		57532BAD1FD777FA001D674C /* TextControl.swift in Sources */ = {isa = PBXBuildFile; fileRef = 57532BAC1FD777FA001D674C /* TextControl.swift */; };
		5760B91F1FD5C8C100591C06 /* UIImageUtils.swift in Sources */ = {isa = PBXBuildFile; fileRef = 5760B91E1FD5C8C100591C06 /* UIImageUtils.swift */; };
		5760C8CE1FBF4C920055B73D /* PickerViewController.swift in Sources */ = {isa = PBXBuildFile; fileRef = 5760C8CD1FBF4C920055B73D /* PickerViewController.swift */; };
		5763F3C81FE20FF90035764A /* PickerItem.swift in Sources */ = {isa = PBXBuildFile; fileRef = 5763F3C71FE20FF90035764A /* PickerItem.swift */; };
		5778CF981FDEE767004F77D8 /* BooleanControlTests.swift in Sources */ = {isa = PBXBuildFile; fileRef = 5778CF971FDEE767004F77D8 /* BooleanControlTests.swift */; };
		5778CF9A1FE05A3F004F77D8 /* MultiSelectControlTests.swift in Sources */ = {isa = PBXBuildFile; fileRef = 5778CF991FE05A3F004F77D8 /* MultiSelectControlTests.swift */; };
		5778CF9C1FE06F08004F77D8 /* SingleSelectControl.swift in Sources */ = {isa = PBXBuildFile; fileRef = 5778CF9B1FE06F08004F77D8 /* SingleSelectControl.swift */; };
		5778CF9E1FE07023004F77D8 /* SingleSelectControlViewModel.swift in Sources */ = {isa = PBXBuildFile; fileRef = 5778CF9D1FE07023004F77D8 /* SingleSelectControlViewModel.swift */; };
		5778CFA01FE07764004F77D8 /* SingleSelectControlTests.swift in Sources */ = {isa = PBXBuildFile; fileRef = 5778CF9F1FE07764004F77D8 /* SingleSelectControlTests.swift */; };
		5786320B1FBB571E00FA0282 /* BubbleViewController.swift in Sources */ = {isa = PBXBuildFile; fileRef = 578632071FBB571D00FA0282 /* BubbleViewController.swift */; };
		578632161FBB9E0300FA0282 /* ControlProtocol.swift in Sources */ = {isa = PBXBuildFile; fileRef = 578632151FBB9E0300FA0282 /* ControlProtocol.swift */; };
		5788B2A71FBB38FD00846F33 /* ControlViewModel.swift in Sources */ = {isa = PBXBuildFile; fileRef = 5788B2A61FBB38FD00846F33 /* ControlViewModel.swift */; };
		5796E4481FD0B3E0009D2035 /* CGPath+Bubble.swift in Sources */ = {isa = PBXBuildFile; fileRef = 5796E4471FD0B3E0009D2035 /* CGPath+Bubble.swift */; };
		57B7E2C31FBA25A200196BA9 /* BooleanControl.swift in Sources */ = {isa = PBXBuildFile; fileRef = 57B7E2BB1FBA25A200196BA9 /* BooleanControl.swift */; };
		57B7E2C61FBA25A200196BA9 /* SelectableViewCell.swift in Sources */ = {isa = PBXBuildFile; fileRef = 57B7E2BE1FBA25A200196BA9 /* SelectableViewCell.swift */; };
		57B7E2C81FBA25A200196BA9 /* SelectableView.swift in Sources */ = {isa = PBXBuildFile; fileRef = 57B7E2C11FBA25A200196BA9 /* SelectableView.swift */; };
		57B7E2C91FBA25A200196BA9 /* SelectableView.xib in Resources */ = {isa = PBXBuildFile; fileRef = 57B7E2C21FBA25A200196BA9 /* SelectableView.xib */; };
		57B7E2CD1FBA3C8400196BA9 /* UIView+Additions.swift in Sources */ = {isa = PBXBuildFile; fileRef = 57B7E2CB1FBA3C8400196BA9 /* UIView+Additions.swift */; };
		57B7E2D01FBA6DA500196BA9 /* BooleanControlViewModel.swift in Sources */ = {isa = PBXBuildFile; fileRef = 57B7E2CF1FBA6DA500196BA9 /* BooleanControlViewModel.swift */; };
		57B7E2D21FBA75B100196BA9 /* PickerControlViewModel.swift in Sources */ = {isa = PBXBuildFile; fileRef = 57B7E2D11FBA75B100196BA9 /* PickerControlViewModel.swift */; };
		57CBFE001FE849D0006396E8 /* vagent-icon.png in Resources */ = {isa = PBXBuildFile; fileRef = 57CBFDFF1FE849D0006396E8 /* vagent-icon.png */; };
		57CBFE021FE8D921006396E8 /* UILayoutPriority+Additions.swift in Sources */ = {isa = PBXBuildFile; fileRef = 57CBFE011FE8D921006396E8 /* UILayoutPriority+Additions.swift */; };
		57D1DB6B1FEAC94A00082F78 /* ConversationViewCell.swift in Sources */ = {isa = PBXBuildFile; fileRef = 57D1DB6A1FEAC94A00082F78 /* ConversationViewCell.swift */; };
		57D1DB6D1FEB592D00082F78 /* OutputImageControl.swift in Sources */ = {isa = PBXBuildFile; fileRef = 57D1DB6C1FEB592D00082F78 /* OutputImageControl.swift */; };
		57D1DB6F1FEC74E200082F78 /* OutputImageViewModel.swift in Sources */ = {isa = PBXBuildFile; fileRef = 57D1DB6E1FEC74E200082F78 /* OutputImageViewModel.swift */; };
		57D1DB731FEC83D000082F78 /* mark.png in Resources */ = {isa = PBXBuildFile; fileRef = 57D1DB721FEC83D000082F78 /* mark.png */; };
		57D1DB791FEC88D200082F78 /* OutputImageViewController.swift in Sources */ = {isa = PBXBuildFile; fileRef = 57D1DB781FEC88D200082F78 /* OutputImageViewController.swift */; };
		57D997AB1FE5B00000394A6D /* ChatMessageViewController.xib in Resources */ = {isa = PBXBuildFile; fileRef = 57D997AA1FE5B00000394A6D /* ChatMessageViewController.xib */; };
		57E1EA331FC33D1C009FC76D /* RoundedView.swift in Sources */ = {isa = PBXBuildFile; fileRef = 57E1EA321FC33D1C009FC76D /* RoundedView.swift */; };
		57E1EA381FC3C5B2009FC76D /* ControlsViewController.xib in Resources */ = {isa = PBXBuildFile; fileRef = 57E1EA371FC3C5B2009FC76D /* ControlsViewController.xib */; };
		57EDCEA41FD5DA7A009A9A35 /* UIColor+Utils.swift in Sources */ = {isa = PBXBuildFile; fileRef = 57EDCEA31FD5DA7A009A9A35 /* UIColor+Utils.swift */; };
		57EE77DF1FFEC2B1001F689A /* ChatMessageModel.swift in Sources */ = {isa = PBXBuildFile; fileRef = 57EE77DE1FFEC2B1001F689A /* ChatMessageModel.swift */; };
		57F7B2541FE17823006D917C /* TextControlViewModel.swift in Sources */ = {isa = PBXBuildFile; fileRef = 57F7B2531FE17823006D917C /* TextControlViewModel.swift */; };
		BE2925A11FC3391D005E55CA /* .swiftlint.yml in Resources */ = {isa = PBXBuildFile; fileRef = BE2925A01FC3391D005E55CA /* .swiftlint.yml */; };
		BE29E0C91FDEF74C0029D1F0 /* SlackTextViewController.framework in Frameworks */ = {isa = PBXBuildFile; fileRef = BE29E0C81FDEF74C0029D1F0 /* SlackTextViewController.framework */; };
		BE29E0CC1FDEFA5B0029D1F0 /* ChatViewController.swift in Sources */ = {isa = PBXBuildFile; fileRef = BE29E0CB1FDEFA5B0029D1F0 /* ChatViewController.swift */; };
		BE29E0CF1FDF06C20029D1F0 /* ChatDataController.swift in Sources */ = {isa = PBXBuildFile; fileRef = BE29E0CE1FDF06C20029D1F0 /* ChatDataController.swift */; };
		BE3F1AB21FEC315100DCC21B /* APIManager+ChatTopics.swift in Sources */ = {isa = PBXBuildFile; fileRef = BE3F1AB11FEC315100DCC21B /* APIManager+ChatTopics.swift */; };
		BE3F1AB61FEC480D00DCC21B /* APIManagerChatTopicsTest.swift in Sources */ = {isa = PBXBuildFile; fileRef = BE3F1AB51FEC480D00DCC21B /* APIManagerChatTopicsTest.swift */; };
		BE50E2241FB9305C00948FBC /* Cartfile in Resources */ = {isa = PBXBuildFile; fileRef = BE50E2231FB9305C00948FBC /* Cartfile */; };
		BE50E2271FB9337D00948FBC /* Alamofire.framework in Frameworks */ = {isa = PBXBuildFile; fileRef = BE50E2261FB9337D00948FBC /* Alamofire.framework */; };
		BE5974BF1FC38ECB00959406 /* Debug.storyboard in Resources */ = {isa = PBXBuildFile; fileRef = BE5974BE1FC38ECB00959406 /* Debug.storyboard */; };
		BE5974C41FC392FB00959406 /* ControlsViewController.swift in Sources */ = {isa = PBXBuildFile; fileRef = BE5974C31FC392FB00959406 /* ControlsViewController.swift */; };
		BE6932721FFE9B5C00DD5A2A /* InstanceSettingsViewController.swift in Sources */ = {isa = PBXBuildFile; fileRef = BE6932701FFE9B5C00DD5A2A /* InstanceSettingsViewController.swift */; };
		BE6932731FFE9B5C00DD5A2A /* InstanceSettingsViewController.xib in Resources */ = {isa = PBXBuildFile; fileRef = BE6932711FFE9B5C00DD5A2A /* InstanceSettingsViewController.xib */; };
		BE6932781FFE9F3F00DD5A2A /* DebugSettings.swift in Sources */ = {isa = PBXBuildFile; fileRef = BE6932771FFE9F3F00DD5A2A /* DebugSettings.swift */; };
		BE69327A1FFEA3C800DD5A2A /* DebugSettings+Instance.swift in Sources */ = {isa = PBXBuildFile; fileRef = BE6932791FFEA3C800DD5A2A /* DebugSettings+Instance.swift */; };
		BE69327F1FFEB46100DD5A2A /* ServerInstance+URL.swift in Sources */ = {isa = PBXBuildFile; fileRef = BE69327E1FFEB46100DD5A2A /* ServerInstance+URL.swift */; };
		BE6932831FFEB49D00DD5A2A /* ServerInstanceURLTests.swift in Sources */ = {isa = PBXBuildFile; fileRef = BE6932821FFEB49D00DD5A2A /* ServerInstanceURLTests.swift */; };
		BE6932861FFEDB0000DD5A2A /* APIManager+Routes.swift in Sources */ = {isa = PBXBuildFile; fileRef = BE6932851FFEDB0000DD5A2A /* APIManager+Routes.swift */; };
		BE6B9D911FC38AD400B9F47A /* DebugViewController.swift in Sources */ = {isa = PBXBuildFile; fileRef = BE6B9D8F1FC38AD400B9F47A /* DebugViewController.swift */; };
		BE6FBE401FBFB3060062A0EB /* AMBHTTPClient.swift in Sources */ = {isa = PBXBuildFile; fileRef = BE6FBE3F1FBFB3060062A0EB /* AMBHTTPClient.swift */; };
		BE782DB51FEB203700F848F5 /* Result.swift in Sources */ = {isa = PBXBuildFile; fileRef = BE782DB41FEB203700F848F5 /* Result.swift */; };
		BE782DB81FEB205200F848F5 /* APIManager+ChatSession.swift in Sources */ = {isa = PBXBuildFile; fileRef = BE782DB71FEB205200F848F5 /* APIManager+ChatSession.swift */; };
		BE876FDD1FDF4F75008EEF04 /* ChatService.swift in Sources */ = {isa = PBXBuildFile; fileRef = BE876FDC1FDF4F75008EEF04 /* ChatService.swift */; };
		BE876FDF1FDF5177008EEF04 /* ConversationViewController.swift in Sources */ = {isa = PBXBuildFile; fileRef = BE876FDE1FDF5177008EEF04 /* ConversationViewController.swift */; };
		BE9E8B631FBF5AEC00499960 /* AMBClient.framework in Frameworks */ = {isa = PBXBuildFile; fileRef = BE9E8B621FBF5AEC00499960 /* AMBClient.framework */; };
		BE9E8BA11FBF7F3600499960 /* AMBClient.swift in Sources */ = {isa = PBXBuildFile; fileRef = BE9E8B9E1FBF7F3500499960 /* AMBClient.swift */; };
		BE9E8BA31FBF7F3600499960 /* AuthHeadersAdapter.swift in Sources */ = {isa = PBXBuildFile; fileRef = BE9E8BA01FBF7F3600499960 /* AuthHeadersAdapter.swift */; };
		BE9E8BA91FBF826300499960 /* APIManager.swift in Sources */ = {isa = PBXBuildFile; fileRef = BE9E8BA81FBF826300499960 /* APIManager.swift */; };
		BE9E8BAB1FBF828E00499960 /* ServerInstance.swift in Sources */ = {isa = PBXBuildFile; fileRef = BE9E8BAA1FBF828E00499960 /* ServerInstance.swift */; };
		BEB6C8611FB92CD700B1D497 /* SnowChat.framework in Frameworks */ = {isa = PBXBuildFile; fileRef = BEB6C8571FB92CD700B1D497 /* SnowChat.framework */; };
		BEB6C8681FB92CD700B1D497 /* SnowChat.h in Headers */ = {isa = PBXBuildFile; fileRef = BEB6C85A1FB92CD700B1D497 /* SnowChat.h */; settings = {ATTRIBUTES = (Public, ); }; };
		C40565CD1FBE292B004BD28C /* ChatDataStore.swift in Sources */ = {isa = PBXBuildFile; fileRef = C40565CC1FBE292B004BD28C /* ChatDataStore.swift */; };
		C40565F01FC491DA004BD28C /* ActionMessage.swift in Sources */ = {isa = PBXBuildFile; fileRef = C40565EF1FC491DA004BD28C /* ActionMessage.swift */; };
		C40565F21FC49CD8004BD28C /* InitMessage.swift in Sources */ = {isa = PBXBuildFile; fileRef = C40565F11FC49CD8004BD28C /* InitMessage.swift */; };
		C40565F81FC4F4D3004BD28C /* BooleanControlMessage.swift in Sources */ = {isa = PBXBuildFile; fileRef = C40565F71FC4F4D3004BD28C /* BooleanControlMessage.swift */; };
		C40565FA1FC4F71D004BD28C /* ControlMessage.swift in Sources */ = {isa = PBXBuildFile; fileRef = C40565F91FC4F71D004BD28C /* ControlMessage.swift */; };
		C40565FF1FC508D3004BD28C /* RichControlData.swift in Sources */ = {isa = PBXBuildFile; fileRef = C40565FE1FC508D3004BD28C /* RichControlData.swift */; };
		C41EF5D21FDB0F2500707F45 /* ChatDataListener.swift in Sources */ = {isa = PBXBuildFile; fileRef = C41EF5D11FDB0F2500707F45 /* ChatDataListener.swift */; };
		C41EF5D41FDB284600707F45 /* InputControlMessage.swift in Sources */ = {isa = PBXBuildFile; fileRef = C41EF5D31FDB284600707F45 /* InputControlMessage.swift */; };
		C41EF5D61FDB327800707F45 /* PickerControlMessage.swift in Sources */ = {isa = PBXBuildFile; fileRef = C41EF5D51FDB327800707F45 /* PickerControlMessage.swift */; };
		C41EF5DA1FDB490F00707F45 /* TopicFinishedMessage.swift in Sources */ = {isa = PBXBuildFile; fileRef = C41EF5D91FDB490F00707F45 /* TopicFinishedMessage.swift */; };
		C41EF5DC1FDB4CA400707F45 /* OutputTextControlMessage.swift in Sources */ = {isa = PBXBuildFile; fileRef = C41EF5DB1FDB4CA400707F45 /* OutputTextControlMessage.swift */; };
		C420ED7D1FC5F473002476C0 /* Logger.swift in Sources */ = {isa = PBXBuildFile; fileRef = C420ED7C1FC5F473002476C0 /* Logger.swift */; };
		C420ED7F1FC5F488002476C0 /* LoggerTests.swift in Sources */ = {isa = PBXBuildFile; fileRef = C420ED7E1FC5F488002476C0 /* LoggerTests.swift */; };
		C420ED821FC6031C002476C0 /* Alamofire.framework in Frameworks */ = {isa = PBXBuildFile; fileRef = BE50E2261FB9337D00948FBC /* Alamofire.framework */; };
		C420ED831FC6031C002476C0 /* AMBClient.framework in Frameworks */ = {isa = PBXBuildFile; fileRef = BE9E8B621FBF5AEC00499960 /* AMBClient.framework */; };
		C43479EC1FE460700091806D /* TopicSelection.swift in Sources */ = {isa = PBXBuildFile; fileRef = C43479EB1FE460700091806D /* TopicSelection.swift */; };
		C43479EE1FE850D20091806D /* AutoCompleteHandler.swift in Sources */ = {isa = PBXBuildFile; fileRef = C43479ED1FE850D20091806D /* AutoCompleteHandler.swift */; };
		C44FD9CB200010900079E107 /* ChatDataControllerTests.swift in Sources */ = {isa = PBXBuildFile; fileRef = C44FD9CA200010900079E107 /* ChatDataControllerTests.swift */; };
		C46A7D881FCE23D300DC12AC /* ActionMessageData.swift in Sources */ = {isa = PBXBuildFile; fileRef = C46A7D871FCE23D300DC12AC /* ActionMessageData.swift */; };
		C46A7D8A1FD0BD8900DC12AC /* ContextualActionMessage.swift in Sources */ = {isa = PBXBuildFile; fileRef = C46A7D891FD0BD8900DC12AC /* ContextualActionMessage.swift */; };
		C489073D1FCC8209008D9521 /* AMBTestPanelViewController.swift in Sources */ = {isa = PBXBuildFile; fileRef = C489073B1FCC8209008D9521 /* AMBTestPanelViewController.swift */; };
		C489073E1FCC8209008D9521 /* AMBTestPanelViewController.xib in Resources */ = {isa = PBXBuildFile; fileRef = C489073C1FCC8209008D9521 /* AMBTestPanelViewController.xib */; };
		C4A774A91FDF22E200B6DF68 /* ChatEventListener.swift in Sources */ = {isa = PBXBuildFile; fileRef = C4A774A81FDF22E200B6DF68 /* ChatEventListener.swift */; };
		C4A774AD1FE0607D00B6DF68 /* ChatServiceDelegate.swift in Sources */ = {isa = PBXBuildFile; fileRef = C4A774AC1FE0607D00B6DF68 /* ChatServiceDelegate.swift */; };
		C4AF7793200E7B0B0029598A /* ViewDataChangeListener.swift in Sources */ = {isa = PBXBuildFile; fileRef = C4AF7792200E7B0B0029598A /* ViewDataChangeListener.swift */; };
		C4B6A9521FE22208007DBEED /* ChatDataStoreTests.swift in Sources */ = {isa = PBXBuildFile; fileRef = C4B6A9511FE22208007DBEED /* ChatDataStoreTests.swift */; };
		C4CAFEA31FBCF2F8007007F5 /* CBData.swift in Sources */ = {isa = PBXBuildFile; fileRef = C4CAFEA21FBCF2F8007007F5 /* CBData.swift */; };
		C4CAFEA61FBCF4A7007007F5 /* CBDataTests.swift in Sources */ = {isa = PBXBuildFile; fileRef = C4CAFEA51FBCF4A7007007F5 /* CBDataTests.swift */; };
		C4CAFEA81FBD0912007007F5 /* CBDataFactory.swift in Sources */ = {isa = PBXBuildFile; fileRef = C4CAFEA71FBD0912007007F5 /* CBDataFactory.swift */; };
		C4CED93C1FD713AA008E3E25 /* StartUserTopicMessage.swift in Sources */ = {isa = PBXBuildFile; fileRef = C4CED93B1FD713AA008E3E25 /* StartUserTopicMessage.swift */; };
		C4CED93E1FD72544008E3E25 /* StartedUserTopicMessage.swift in Sources */ = {isa = PBXBuildFile; fileRef = C4CED93D1FD72544008E3E25 /* StartedUserTopicMessage.swift */; };
		C4F3AF2F1FD235D100B27B0D /* Chatterbox.swift in Sources */ = {isa = PBXBuildFile; fileRef = C4F3AF2E1FD235D100B27B0D /* Chatterbox.swift */; };
		C4F3AF321FD601FE00B27B0D /* Util.swift in Sources */ = {isa = PBXBuildFile; fileRef = C4F3AF311FD601FE00B27B0D /* Util.swift */; };
		C4F3AF341FD6144800B27B0D /* StartTopicMessage.swift in Sources */ = {isa = PBXBuildFile; fileRef = C4F3AF331FD6144800B27B0D /* StartTopicMessage.swift */; };
		C4F3AF361FD6291E00B27B0D /* SystemTopicPickerMessage.swift in Sources */ = {isa = PBXBuildFile; fileRef = C4F3AF351FD6291E00B27B0D /* SystemTopicPickerMessage.swift */; };
		C4F3AF381FD6293F00B27B0D /* UserTopicPickerMessage.swift in Sources */ = {isa = PBXBuildFile; fileRef = C4F3AF371FD6293F00B27B0D /* UserTopicPickerMessage.swift */; };
		C4FFCD4A2006D6A000B835C6 /* ChatDataStore+Persistence.swift in Sources */ = {isa = PBXBuildFile; fileRef = C4FFCD492006D6A000B835C6 /* ChatDataStore+Persistence.swift */; };
		C4FFCD4C20091B8D00B835C6 /* APIManagerChatSessionTests.swift in Sources */ = {isa = PBXBuildFile; fileRef = C4FFCD4B20091B8D00B835C6 /* APIManagerChatSessionTests.swift */; };
/* End PBXBuildFile section */

/* Begin PBXContainerItemProxy section */
		BEB6C8621FB92CD700B1D497 /* PBXContainerItemProxy */ = {
			isa = PBXContainerItemProxy;
			containerPortal = BEB6C84E1FB92CD600B1D497 /* Project object */;
			proxyType = 1;
			remoteGlobalIDString = BEB6C8561FB92CD700B1D497;
			remoteInfo = SnowChat;
		};
/* End PBXContainerItemProxy section */

/* Begin PBXFileReference section */
		5704EA311FEAAD46001020E6 /* TypingIndicatorView.swift */ = {isa = PBXFileReference; lastKnownFileType = sourcecode.swift; path = TypingIndicatorView.swift; sourceTree = "<group>"; };
		5704EA331FEAAE4B001020E6 /* TypingIndicatorControl.swift */ = {isa = PBXFileReference; lastKnownFileType = sourcecode.swift; path = TypingIndicatorControl.swift; sourceTree = "<group>"; };
		57067C8C1FE62EE900812266 /* FakeChatViewCell.swift */ = {isa = PBXFileReference; lastKnownFileType = sourcecode.swift; path = FakeChatViewCell.swift; sourceTree = "<group>"; };
		5706C5781FE43FB3008D70D1 /* ControlsUtil.swift */ = {isa = PBXFileReference; lastKnownFileType = sourcecode.swift; path = ControlsUtil.swift; sourceTree = "<group>"; };
		5706C57A1FE499A0008D70D1 /* FakeChatViewController.swift */ = {isa = PBXFileReference; lastKnownFileType = sourcecode.swift; path = FakeChatViewController.swift; sourceTree = "<group>"; };
		5706C5801FE49F78008D70D1 /* ChatMessageViewController.swift */ = {isa = PBXFileReference; lastKnownFileType = sourcecode.swift; path = ChatMessageViewController.swift; sourceTree = "<group>"; };
		5717B14F2003DABA00A4252C /* ChatMessageViewControllerCache.swift */ = {isa = PBXFileReference; lastKnownFileType = sourcecode.swift; path = ChatMessageViewControllerCache.swift; sourceTree = "<group>"; };
		572A4E3B1FCE0AC20081318D /* FullSizeScrollViewContainerView.swift */ = {isa = PBXFileReference; lastKnownFileType = sourcecode.swift; path = FullSizeScrollViewContainerView.swift; sourceTree = "<group>"; };
		572A4E3F1FCF06320081318D /* PickerTableViewCell.xib */ = {isa = PBXFileReference; lastKnownFileType = file.xib; path = PickerTableViewCell.xib; sourceTree = "<group>"; };
		572A4E411FCF07150081318D /* PickerTableViewCell.swift */ = {isa = PBXFileReference; lastKnownFileType = sourcecode.swift; path = PickerTableViewCell.swift; sourceTree = "<group>"; };
		572A4E431FCF70070081318D /* BubbleView.swift */ = {isa = PBXFileReference; lastKnownFileType = sourcecode.swift; path = BubbleView.swift; sourceTree = "<group>"; };
		572C6BC0200C33BC00F142E2 /* ControlCache.swift */ = {isa = PBXFileReference; lastKnownFileType = sourcecode.swift; path = ControlCache.swift; sourceTree = "<group>"; };
		572FAC171FC47A9C00B0B956 /* MultiSelectControl.swift */ = {isa = PBXFileReference; lastKnownFileType = sourcecode.swift; path = MultiSelectControl.swift; sourceTree = "<group>"; };
		572FAC191FC47B5600B0B956 /* MultiSelectControlViewModel.swift */ = {isa = PBXFileReference; lastKnownFileType = sourcecode.swift; path = MultiSelectControlViewModel.swift; sourceTree = "<group>"; };
		57532BAA1FD777AC001D674C /* PickerControl.swift */ = {isa = PBXFileReference; lastKnownFileType = sourcecode.swift; path = PickerControl.swift; sourceTree = "<group>"; };
		57532BAC1FD777FA001D674C /* TextControl.swift */ = {isa = PBXFileReference; lastKnownFileType = sourcecode.swift; path = TextControl.swift; sourceTree = "<group>"; };
		5760B91E1FD5C8C100591C06 /* UIImageUtils.swift */ = {isa = PBXFileReference; lastKnownFileType = sourcecode.swift; path = UIImageUtils.swift; sourceTree = "<group>"; };
		5760C8CD1FBF4C920055B73D /* PickerViewController.swift */ = {isa = PBXFileReference; lastKnownFileType = sourcecode.swift; path = PickerViewController.swift; sourceTree = "<group>"; };
		5763F3C71FE20FF90035764A /* PickerItem.swift */ = {isa = PBXFileReference; lastKnownFileType = sourcecode.swift; path = PickerItem.swift; sourceTree = "<group>"; };
		5778CF971FDEE767004F77D8 /* BooleanControlTests.swift */ = {isa = PBXFileReference; lastKnownFileType = sourcecode.swift; path = BooleanControlTests.swift; sourceTree = "<group>"; };
		5778CF991FE05A3F004F77D8 /* MultiSelectControlTests.swift */ = {isa = PBXFileReference; lastKnownFileType = sourcecode.swift; path = MultiSelectControlTests.swift; sourceTree = "<group>"; };
		5778CF9B1FE06F08004F77D8 /* SingleSelectControl.swift */ = {isa = PBXFileReference; lastKnownFileType = sourcecode.swift; path = SingleSelectControl.swift; sourceTree = "<group>"; };
		5778CF9D1FE07023004F77D8 /* SingleSelectControlViewModel.swift */ = {isa = PBXFileReference; lastKnownFileType = sourcecode.swift; path = SingleSelectControlViewModel.swift; sourceTree = "<group>"; };
		5778CF9F1FE07764004F77D8 /* SingleSelectControlTests.swift */ = {isa = PBXFileReference; lastKnownFileType = sourcecode.swift; path = SingleSelectControlTests.swift; sourceTree = "<group>"; };
		578632071FBB571D00FA0282 /* BubbleViewController.swift */ = {isa = PBXFileReference; fileEncoding = 4; lastKnownFileType = sourcecode.swift; path = BubbleViewController.swift; sourceTree = "<group>"; };
		578632151FBB9E0300FA0282 /* ControlProtocol.swift */ = {isa = PBXFileReference; lastKnownFileType = sourcecode.swift; path = ControlProtocol.swift; sourceTree = "<group>"; };
		5788B2A61FBB38FD00846F33 /* ControlViewModel.swift */ = {isa = PBXFileReference; lastKnownFileType = sourcecode.swift; path = ControlViewModel.swift; sourceTree = "<group>"; };
		5796E4471FD0B3E0009D2035 /* CGPath+Bubble.swift */ = {isa = PBXFileReference; lastKnownFileType = sourcecode.swift; path = "CGPath+Bubble.swift"; sourceTree = "<group>"; };
		57B7E2BB1FBA25A200196BA9 /* BooleanControl.swift */ = {isa = PBXFileReference; fileEncoding = 4; lastKnownFileType = sourcecode.swift; path = BooleanControl.swift; sourceTree = "<group>"; };
		57B7E2BE1FBA25A200196BA9 /* SelectableViewCell.swift */ = {isa = PBXFileReference; fileEncoding = 4; lastKnownFileType = sourcecode.swift; path = SelectableViewCell.swift; sourceTree = "<group>"; };
		57B7E2C11FBA25A200196BA9 /* SelectableView.swift */ = {isa = PBXFileReference; fileEncoding = 4; lastKnownFileType = sourcecode.swift; path = SelectableView.swift; sourceTree = "<group>"; };
		57B7E2C21FBA25A200196BA9 /* SelectableView.xib */ = {isa = PBXFileReference; fileEncoding = 4; lastKnownFileType = file.xib; path = SelectableView.xib; sourceTree = "<group>"; };
		57B7E2CB1FBA3C8400196BA9 /* UIView+Additions.swift */ = {isa = PBXFileReference; fileEncoding = 4; lastKnownFileType = sourcecode.swift; path = "UIView+Additions.swift"; sourceTree = "<group>"; };
		57B7E2CF1FBA6DA500196BA9 /* BooleanControlViewModel.swift */ = {isa = PBXFileReference; lastKnownFileType = sourcecode.swift; path = BooleanControlViewModel.swift; sourceTree = "<group>"; };
		57B7E2D11FBA75B100196BA9 /* PickerControlViewModel.swift */ = {isa = PBXFileReference; lastKnownFileType = sourcecode.swift; path = PickerControlViewModel.swift; sourceTree = "<group>"; };
		57CBFDFF1FE849D0006396E8 /* vagent-icon.png */ = {isa = PBXFileReference; lastKnownFileType = image.png; path = "vagent-icon.png"; sourceTree = "<group>"; };
		57CBFE011FE8D921006396E8 /* UILayoutPriority+Additions.swift */ = {isa = PBXFileReference; lastKnownFileType = sourcecode.swift; path = "UILayoutPriority+Additions.swift"; sourceTree = "<group>"; };
		57D1DB6A1FEAC94A00082F78 /* ConversationViewCell.swift */ = {isa = PBXFileReference; lastKnownFileType = sourcecode.swift; path = ConversationViewCell.swift; sourceTree = "<group>"; };
		57D1DB6C1FEB592D00082F78 /* OutputImageControl.swift */ = {isa = PBXFileReference; lastKnownFileType = sourcecode.swift; path = OutputImageControl.swift; sourceTree = "<group>"; };
		57D1DB6E1FEC74E200082F78 /* OutputImageViewModel.swift */ = {isa = PBXFileReference; lastKnownFileType = sourcecode.swift; path = OutputImageViewModel.swift; sourceTree = "<group>"; };
		57D1DB721FEC83D000082F78 /* mark.png */ = {isa = PBXFileReference; lastKnownFileType = image.png; path = mark.png; sourceTree = "<group>"; };
		57D1DB781FEC88D200082F78 /* OutputImageViewController.swift */ = {isa = PBXFileReference; lastKnownFileType = sourcecode.swift; path = OutputImageViewController.swift; sourceTree = "<group>"; };
		57D997AA1FE5B00000394A6D /* ChatMessageViewController.xib */ = {isa = PBXFileReference; lastKnownFileType = file.xib; path = ChatMessageViewController.xib; sourceTree = "<group>"; };
		57E1EA321FC33D1C009FC76D /* RoundedView.swift */ = {isa = PBXFileReference; lastKnownFileType = sourcecode.swift; path = RoundedView.swift; sourceTree = "<group>"; };
		57E1EA371FC3C5B2009FC76D /* ControlsViewController.xib */ = {isa = PBXFileReference; lastKnownFileType = file.xib; path = ControlsViewController.xib; sourceTree = "<group>"; };
		57EDCEA31FD5DA7A009A9A35 /* UIColor+Utils.swift */ = {isa = PBXFileReference; lastKnownFileType = sourcecode.swift; path = "UIColor+Utils.swift"; sourceTree = "<group>"; };
		57EE77DE1FFEC2B1001F689A /* ChatMessageModel.swift */ = {isa = PBXFileReference; lastKnownFileType = sourcecode.swift; path = ChatMessageModel.swift; sourceTree = "<group>"; };
		57F7B2531FE17823006D917C /* TextControlViewModel.swift */ = {isa = PBXFileReference; lastKnownFileType = sourcecode.swift; path = TextControlViewModel.swift; sourceTree = "<group>"; };
		BE2925A01FC3391D005E55CA /* .swiftlint.yml */ = {isa = PBXFileReference; fileEncoding = 4; lastKnownFileType = text; path = .swiftlint.yml; sourceTree = SOURCE_ROOT; };
		BE29E0C81FDEF74C0029D1F0 /* SlackTextViewController.framework */ = {isa = PBXFileReference; lastKnownFileType = wrapper.framework; name = SlackTextViewController.framework; path = Carthage/Build/iOS/SlackTextViewController.framework; sourceTree = "<group>"; };
		BE29E0CB1FDEFA5B0029D1F0 /* ChatViewController.swift */ = {isa = PBXFileReference; lastKnownFileType = sourcecode.swift; path = ChatViewController.swift; sourceTree = "<group>"; };
		BE29E0CE1FDF06C20029D1F0 /* ChatDataController.swift */ = {isa = PBXFileReference; lastKnownFileType = sourcecode.swift; path = ChatDataController.swift; sourceTree = "<group>"; };
		BE3F1AB11FEC315100DCC21B /* APIManager+ChatTopics.swift */ = {isa = PBXFileReference; lastKnownFileType = sourcecode.swift; path = "APIManager+ChatTopics.swift"; sourceTree = "<group>"; };
		BE3F1AB51FEC480D00DCC21B /* APIManagerChatTopicsTest.swift */ = {isa = PBXFileReference; lastKnownFileType = sourcecode.swift; path = APIManagerChatTopicsTest.swift; sourceTree = "<group>"; };
		BE50E2231FB9305C00948FBC /* Cartfile */ = {isa = PBXFileReference; fileEncoding = 4; lastKnownFileType = text; path = Cartfile; sourceTree = "<group>"; };
		BE50E2261FB9337D00948FBC /* Alamofire.framework */ = {isa = PBXFileReference; lastKnownFileType = wrapper.framework; name = Alamofire.framework; path = Carthage/Build/iOS/Alamofire.framework; sourceTree = "<group>"; };
		BE5974BE1FC38ECB00959406 /* Debug.storyboard */ = {isa = PBXFileReference; lastKnownFileType = file.storyboard; path = Debug.storyboard; sourceTree = "<group>"; };
		BE5974C31FC392FB00959406 /* ControlsViewController.swift */ = {isa = PBXFileReference; fileEncoding = 4; lastKnownFileType = sourcecode.swift; path = ControlsViewController.swift; sourceTree = "<group>"; };
		BE6932701FFE9B5C00DD5A2A /* InstanceSettingsViewController.swift */ = {isa = PBXFileReference; lastKnownFileType = sourcecode.swift; path = InstanceSettingsViewController.swift; sourceTree = "<group>"; };
		BE6932711FFE9B5C00DD5A2A /* InstanceSettingsViewController.xib */ = {isa = PBXFileReference; lastKnownFileType = file.xib; path = InstanceSettingsViewController.xib; sourceTree = "<group>"; };
		BE6932771FFE9F3F00DD5A2A /* DebugSettings.swift */ = {isa = PBXFileReference; lastKnownFileType = sourcecode.swift; path = DebugSettings.swift; sourceTree = "<group>"; };
		BE6932791FFEA3C800DD5A2A /* DebugSettings+Instance.swift */ = {isa = PBXFileReference; lastKnownFileType = sourcecode.swift; path = "DebugSettings+Instance.swift"; sourceTree = "<group>"; };
		BE69327E1FFEB46100DD5A2A /* ServerInstance+URL.swift */ = {isa = PBXFileReference; lastKnownFileType = sourcecode.swift; path = "ServerInstance+URL.swift"; sourceTree = "<group>"; };
		BE6932821FFEB49D00DD5A2A /* ServerInstanceURLTests.swift */ = {isa = PBXFileReference; lastKnownFileType = sourcecode.swift; path = ServerInstanceURLTests.swift; sourceTree = "<group>"; };
		BE6932851FFEDB0000DD5A2A /* APIManager+Routes.swift */ = {isa = PBXFileReference; lastKnownFileType = sourcecode.swift; path = "APIManager+Routes.swift"; sourceTree = "<group>"; };
		BE6B9D8F1FC38AD400B9F47A /* DebugViewController.swift */ = {isa = PBXFileReference; lastKnownFileType = sourcecode.swift; path = DebugViewController.swift; sourceTree = "<group>"; };
		BE6FBE3F1FBFB3060062A0EB /* AMBHTTPClient.swift */ = {isa = PBXFileReference; lastKnownFileType = sourcecode.swift; path = AMBHTTPClient.swift; sourceTree = "<group>"; };
		BE782DB41FEB203700F848F5 /* Result.swift */ = {isa = PBXFileReference; fileEncoding = 4; lastKnownFileType = sourcecode.swift; name = Result.swift; path = SnowChat/Foundation/Result.swift; sourceTree = SOURCE_ROOT; };
		BE782DB71FEB205200F848F5 /* APIManager+ChatSession.swift */ = {isa = PBXFileReference; fileEncoding = 4; lastKnownFileType = sourcecode.swift; name = "APIManager+ChatSession.swift"; path = "SnowChat/Networking/API Extensions/APIManager+ChatSession.swift"; sourceTree = SOURCE_ROOT; };
		BE876FDC1FDF4F75008EEF04 /* ChatService.swift */ = {isa = PBXFileReference; lastKnownFileType = sourcecode.swift; path = ChatService.swift; sourceTree = "<group>"; };
		BE876FDE1FDF5177008EEF04 /* ConversationViewController.swift */ = {isa = PBXFileReference; lastKnownFileType = sourcecode.swift; path = ConversationViewController.swift; sourceTree = "<group>"; };
		BE9E8B621FBF5AEC00499960 /* AMBClient.framework */ = {isa = PBXFileReference; lastKnownFileType = wrapper.framework; name = AMBClient.framework; path = Carthage/Build/iOS/AMBClient.framework; sourceTree = "<group>"; };
		BE9E8B9E1FBF7F3500499960 /* AMBClient.swift */ = {isa = PBXFileReference; fileEncoding = 4; lastKnownFileType = sourcecode.swift; path = AMBClient.swift; sourceTree = "<group>"; };
		BE9E8BA01FBF7F3600499960 /* AuthHeadersAdapter.swift */ = {isa = PBXFileReference; fileEncoding = 4; lastKnownFileType = sourcecode.swift; path = AuthHeadersAdapter.swift; sourceTree = "<group>"; };
		BE9E8BA81FBF826300499960 /* APIManager.swift */ = {isa = PBXFileReference; lastKnownFileType = sourcecode.swift; path = APIManager.swift; sourceTree = "<group>"; };
		BE9E8BAA1FBF828E00499960 /* ServerInstance.swift */ = {isa = PBXFileReference; lastKnownFileType = sourcecode.swift; path = ServerInstance.swift; sourceTree = "<group>"; };
		BEB6C8571FB92CD700B1D497 /* SnowChat.framework */ = {isa = PBXFileReference; explicitFileType = wrapper.framework; includeInIndex = 0; path = SnowChat.framework; sourceTree = BUILT_PRODUCTS_DIR; };
		BEB6C85A1FB92CD700B1D497 /* SnowChat.h */ = {isa = PBXFileReference; lastKnownFileType = sourcecode.c.h; path = SnowChat.h; sourceTree = "<group>"; };
		BEB6C85B1FB92CD700B1D497 /* Info.plist */ = {isa = PBXFileReference; lastKnownFileType = text.plist.xml; path = Info.plist; sourceTree = "<group>"; };
		BEB6C8601FB92CD700B1D497 /* SnowChatTests.xctest */ = {isa = PBXFileReference; explicitFileType = wrapper.cfbundle; includeInIndex = 0; path = SnowChatTests.xctest; sourceTree = BUILT_PRODUCTS_DIR; };
		BEB6C8671FB92CD700B1D497 /* Info.plist */ = {isa = PBXFileReference; lastKnownFileType = text.plist.xml; path = Info.plist; sourceTree = "<group>"; };
		C40565CC1FBE292B004BD28C /* ChatDataStore.swift */ = {isa = PBXFileReference; lastKnownFileType = sourcecode.swift; path = ChatDataStore.swift; sourceTree = "<group>"; };
		C40565EF1FC491DA004BD28C /* ActionMessage.swift */ = {isa = PBXFileReference; lastKnownFileType = sourcecode.swift; path = ActionMessage.swift; sourceTree = "<group>"; };
		C40565F11FC49CD8004BD28C /* InitMessage.swift */ = {isa = PBXFileReference; lastKnownFileType = sourcecode.swift; path = InitMessage.swift; sourceTree = "<group>"; };
		C40565F71FC4F4D3004BD28C /* BooleanControlMessage.swift */ = {isa = PBXFileReference; lastKnownFileType = sourcecode.swift; path = BooleanControlMessage.swift; sourceTree = "<group>"; };
		C40565F91FC4F71D004BD28C /* ControlMessage.swift */ = {isa = PBXFileReference; lastKnownFileType = sourcecode.swift; path = ControlMessage.swift; sourceTree = "<group>"; };
		C40565FE1FC508D3004BD28C /* RichControlData.swift */ = {isa = PBXFileReference; fileEncoding = 4; lastKnownFileType = sourcecode.swift; path = RichControlData.swift; sourceTree = "<group>"; };
		C41EF5D11FDB0F2500707F45 /* ChatDataListener.swift */ = {isa = PBXFileReference; lastKnownFileType = sourcecode.swift; path = ChatDataListener.swift; sourceTree = "<group>"; };
		C41EF5D31FDB284600707F45 /* InputControlMessage.swift */ = {isa = PBXFileReference; lastKnownFileType = sourcecode.swift; path = InputControlMessage.swift; sourceTree = "<group>"; };
		C41EF5D51FDB327800707F45 /* PickerControlMessage.swift */ = {isa = PBXFileReference; lastKnownFileType = sourcecode.swift; path = PickerControlMessage.swift; sourceTree = "<group>"; };
		C41EF5D91FDB490F00707F45 /* TopicFinishedMessage.swift */ = {isa = PBXFileReference; lastKnownFileType = sourcecode.swift; path = TopicFinishedMessage.swift; sourceTree = "<group>"; };
		C41EF5DB1FDB4CA400707F45 /* OutputTextControlMessage.swift */ = {isa = PBXFileReference; lastKnownFileType = sourcecode.swift; path = OutputTextControlMessage.swift; sourceTree = "<group>"; };
		C420ED7C1FC5F473002476C0 /* Logger.swift */ = {isa = PBXFileReference; fileEncoding = 4; lastKnownFileType = sourcecode.swift; name = Logger.swift; path = Logger/Logger.swift; sourceTree = "<group>"; };
		C420ED7E1FC5F488002476C0 /* LoggerTests.swift */ = {isa = PBXFileReference; fileEncoding = 4; lastKnownFileType = sourcecode.swift; path = LoggerTests.swift; sourceTree = "<group>"; };
		C43479EB1FE460700091806D /* TopicSelection.swift */ = {isa = PBXFileReference; lastKnownFileType = sourcecode.swift; path = TopicSelection.swift; sourceTree = "<group>"; };
		C43479ED1FE850D20091806D /* AutoCompleteHandler.swift */ = {isa = PBXFileReference; lastKnownFileType = sourcecode.swift; path = AutoCompleteHandler.swift; sourceTree = "<group>"; };
		C44FD9CA200010900079E107 /* ChatDataControllerTests.swift */ = {isa = PBXFileReference; lastKnownFileType = sourcecode.swift; path = ChatDataControllerTests.swift; sourceTree = "<group>"; };
		C46A7D871FCE23D300DC12AC /* ActionMessageData.swift */ = {isa = PBXFileReference; lastKnownFileType = sourcecode.swift; path = ActionMessageData.swift; sourceTree = "<group>"; };
		C46A7D891FD0BD8900DC12AC /* ContextualActionMessage.swift */ = {isa = PBXFileReference; lastKnownFileType = sourcecode.swift; path = ContextualActionMessage.swift; sourceTree = "<group>"; };
		C489073B1FCC8209008D9521 /* AMBTestPanelViewController.swift */ = {isa = PBXFileReference; lastKnownFileType = sourcecode.swift; path = AMBTestPanelViewController.swift; sourceTree = "<group>"; };
		C489073C1FCC8209008D9521 /* AMBTestPanelViewController.xib */ = {isa = PBXFileReference; lastKnownFileType = file.xib; path = AMBTestPanelViewController.xib; sourceTree = "<group>"; };
		C4A774A81FDF22E200B6DF68 /* ChatEventListener.swift */ = {isa = PBXFileReference; lastKnownFileType = sourcecode.swift; path = ChatEventListener.swift; sourceTree = "<group>"; };
		C4A774AC1FE0607D00B6DF68 /* ChatServiceDelegate.swift */ = {isa = PBXFileReference; lastKnownFileType = sourcecode.swift; path = ChatServiceDelegate.swift; sourceTree = "<group>"; };
		C4AF7792200E7B0B0029598A /* ViewDataChangeListener.swift */ = {isa = PBXFileReference; lastKnownFileType = sourcecode.swift; path = ViewDataChangeListener.swift; sourceTree = "<group>"; };
		C4B6A9511FE22208007DBEED /* ChatDataStoreTests.swift */ = {isa = PBXFileReference; lastKnownFileType = sourcecode.swift; path = ChatDataStoreTests.swift; sourceTree = "<group>"; };
		C4CAFEA21FBCF2F8007007F5 /* CBData.swift */ = {isa = PBXFileReference; lastKnownFileType = sourcecode.swift; path = CBData.swift; sourceTree = "<group>"; };
		C4CAFEA51FBCF4A7007007F5 /* CBDataTests.swift */ = {isa = PBXFileReference; lastKnownFileType = sourcecode.swift; path = CBDataTests.swift; sourceTree = "<group>"; };
		C4CAFEA71FBD0912007007F5 /* CBDataFactory.swift */ = {isa = PBXFileReference; lastKnownFileType = sourcecode.swift; path = CBDataFactory.swift; sourceTree = "<group>"; };
		C4CED93B1FD713AA008E3E25 /* StartUserTopicMessage.swift */ = {isa = PBXFileReference; lastKnownFileType = sourcecode.swift; path = StartUserTopicMessage.swift; sourceTree = "<group>"; };
		C4CED93D1FD72544008E3E25 /* StartedUserTopicMessage.swift */ = {isa = PBXFileReference; lastKnownFileType = sourcecode.swift; path = StartedUserTopicMessage.swift; sourceTree = "<group>"; };
		C4F3AF2E1FD235D100B27B0D /* Chatterbox.swift */ = {isa = PBXFileReference; lastKnownFileType = sourcecode.swift; path = Chatterbox.swift; sourceTree = "<group>"; };
		C4F3AF311FD601FE00B27B0D /* Util.swift */ = {isa = PBXFileReference; lastKnownFileType = sourcecode.swift; path = Util.swift; sourceTree = "<group>"; };
		C4F3AF331FD6144800B27B0D /* StartTopicMessage.swift */ = {isa = PBXFileReference; lastKnownFileType = sourcecode.swift; path = StartTopicMessage.swift; sourceTree = "<group>"; };
		C4F3AF351FD6291E00B27B0D /* SystemTopicPickerMessage.swift */ = {isa = PBXFileReference; fileEncoding = 4; lastKnownFileType = sourcecode.swift; path = SystemTopicPickerMessage.swift; sourceTree = "<group>"; };
		C4F3AF371FD6293F00B27B0D /* UserTopicPickerMessage.swift */ = {isa = PBXFileReference; lastKnownFileType = sourcecode.swift; path = UserTopicPickerMessage.swift; sourceTree = "<group>"; };
		C4FFCD492006D6A000B835C6 /* ChatDataStore+Persistence.swift */ = {isa = PBXFileReference; lastKnownFileType = sourcecode.swift; path = "ChatDataStore+Persistence.swift"; sourceTree = "<group>"; };
		C4FFCD4B20091B8D00B835C6 /* APIManagerChatSessionTests.swift */ = {isa = PBXFileReference; lastKnownFileType = sourcecode.swift; path = APIManagerChatSessionTests.swift; sourceTree = "<group>"; };
/* End PBXFileReference section */

/* Begin PBXFrameworksBuildPhase section */
		BEB6C8531FB92CD700B1D497 /* Frameworks */ = {
			isa = PBXFrameworksBuildPhase;
			buildActionMask = 2147483647;
			files = (
				BE50E2271FB9337D00948FBC /* Alamofire.framework in Frameworks */,
				BE9E8B631FBF5AEC00499960 /* AMBClient.framework in Frameworks */,
				BE29E0C91FDEF74C0029D1F0 /* SlackTextViewController.framework in Frameworks */,
			);
			runOnlyForDeploymentPostprocessing = 0;
		};
		BEB6C85D1FB92CD700B1D497 /* Frameworks */ = {
			isa = PBXFrameworksBuildPhase;
			buildActionMask = 2147483647;
			files = (
				BEB6C8611FB92CD700B1D497 /* SnowChat.framework in Frameworks */,
				C420ED821FC6031C002476C0 /* Alamofire.framework in Frameworks */,
				C420ED831FC6031C002476C0 /* AMBClient.framework in Frameworks */,
			);
			runOnlyForDeploymentPostprocessing = 0;
		};
/* End PBXFrameworksBuildPhase section */

/* Begin PBXGroup section */
		5778CF961FDEE6A6004F77D8 /* Controls */ = {
			isa = PBXGroup;
			children = (
				5778CF971FDEE767004F77D8 /* BooleanControlTests.swift */,
				5778CF991FE05A3F004F77D8 /* MultiSelectControlTests.swift */,
				5778CF9F1FE07764004F77D8 /* SingleSelectControlTests.swift */,
			);
			path = Controls;
			sourceTree = "<group>";
		};
		57860EA51FD1C51800612E34 /* ChatBubble */ = {
			isa = PBXGroup;
			children = (
				5796E4471FD0B3E0009D2035 /* CGPath+Bubble.swift */,
				578632071FBB571D00FA0282 /* BubbleViewController.swift */,
				572A4E431FCF70070081318D /* BubbleView.swift */,
			);
			path = ChatBubble;
			sourceTree = "<group>";
		};
		57A94513200E4E2F0073B5A1 /* Chat Message */ = {
			isa = PBXGroup;
			children = (
				572C6BC0200C33BC00F142E2 /* ControlCache.swift */,
				57EE77DE1FFEC2B1001F689A /* ChatMessageModel.swift */,
				5706C5801FE49F78008D70D1 /* ChatMessageViewController.swift */,
				57D997AA1FE5B00000394A6D /* ChatMessageViewController.xib */,
				5717B14F2003DABA00A4252C /* ChatMessageViewControllerCache.swift */,
			);
			path = "Chat Message";
			sourceTree = "<group>";
		};
		57B7E2B91FBA24A600196BA9 /* Controls */ = {
			isa = PBXGroup;
			children = (
				5706C5781FE43FB3008D70D1 /* ControlsUtil.swift */,
				578632151FBB9E0300FA0282 /* ControlProtocol.swift */,
				57532BAC1FD777FA001D674C /* TextControl.swift */,
				57D1DB6C1FEB592D00082F78 /* OutputImageControl.swift */,
				57532BAA1FD777AC001D674C /* PickerControl.swift */,
				57B7E2BB1FBA25A200196BA9 /* BooleanControl.swift */,
				5778CF9B1FE06F08004F77D8 /* SingleSelectControl.swift */,
				572FAC171FC47A9C00B0B956 /* MultiSelectControl.swift */,
				5704EA331FEAAE4B001020E6 /* TypingIndicatorControl.swift */,
				57B7E2CE1FBA6B1300196BA9 /* Model */,
				57B7E2BA1FBA25A200196BA9 /* ViewController */,
				57B7E2BF1FBA25A200196BA9 /* View */,
			);
			name = Controls;
			path = ../Controls;
			sourceTree = "<group>";
		};
		57B7E2BA1FBA25A200196BA9 /* ViewController */ = {
			isa = PBXGroup;
			children = (
				5760C8CD1FBF4C920055B73D /* PickerViewController.swift */,
				57D1DB781FEC88D200082F78 /* OutputImageViewController.swift */,
			);
			path = ViewController;
			sourceTree = "<group>";
		};
		57B7E2BF1FBA25A200196BA9 /* View */ = {
			isa = PBXGroup;
			children = (
				57B7E2BE1FBA25A200196BA9 /* SelectableViewCell.swift */,
				57B7E2C21FBA25A200196BA9 /* SelectableView.xib */,
				57B7E2C11FBA25A200196BA9 /* SelectableView.swift */,
				572A4E3F1FCF06320081318D /* PickerTableViewCell.xib */,
				572A4E411FCF07150081318D /* PickerTableViewCell.swift */,
			);
			path = View;
			sourceTree = "<group>";
		};
		57B7E2CE1FBA6B1300196BA9 /* Model */ = {
			isa = PBXGroup;
			children = (
				5788B2A61FBB38FD00846F33 /* ControlViewModel.swift */,
				57F7B2531FE17823006D917C /* TextControlViewModel.swift */,
				57D1DB6E1FEC74E200082F78 /* OutputImageViewModel.swift */,
				57B7E2D11FBA75B100196BA9 /* PickerControlViewModel.swift */,
				5763F3C71FE20FF90035764A /* PickerItem.swift */,
				5778CF9D1FE07023004F77D8 /* SingleSelectControlViewModel.swift */,
				57B7E2CF1FBA6DA500196BA9 /* BooleanControlViewModel.swift */,
				572FAC191FC47B5600B0B956 /* MultiSelectControlViewModel.swift */,
			);
			path = Model;
			sourceTree = "<group>";
		};
		57B7E2D31FBA7FB300196BA9 /* UI Foundation */ = {
			isa = PBXGroup;
			children = (
				57B7E2CB1FBA3C8400196BA9 /* UIView+Additions.swift */,
				57CBFE011FE8D921006396E8 /* UILayoutPriority+Additions.swift */,
				5760B91E1FD5C8C100591C06 /* UIImageUtils.swift */,
				57E1EA321FC33D1C009FC76D /* RoundedView.swift */,
				572A4E3B1FCE0AC20081318D /* FullSizeScrollViewContainerView.swift */,
				57EDCEA31FD5DA7A009A9A35 /* UIColor+Utils.swift */,
				5704EA311FEAAD46001020E6 /* TypingIndicatorView.swift */,
			);
			path = "UI Foundation";
			sourceTree = "<group>";
		};
		BE29259F1FC33889005E55CA /* Supporting Files */ = {
			isa = PBXGroup;
			children = (
				BE2925A01FC3391D005E55CA /* .swiftlint.yml */,
			);
			name = "Supporting Files";
			sourceTree = "<group>";
		};
		BE29E0CA1FDEF79B0029D1F0 /* Chat Window */ = {
			isa = PBXGroup;
			children = (
				BE29E0CB1FDEFA5B0029D1F0 /* ChatViewController.swift */,
				BE876FDE1FDF5177008EEF04 /* ConversationViewController.swift */,
				57D1DB6A1FEAC94A00082F78 /* ConversationViewCell.swift */,
				C43479EB1FE460700091806D /* TopicSelection.swift */,
				C43479ED1FE850D20091806D /* AutoCompleteHandler.swift */,
				57A94513200E4E2F0073B5A1 /* Chat Message */,
			);
			path = "Chat Window";
			sourceTree = "<group>";
		};
		BE29E0CD1FDF06990029D1F0 /* Chat Data Controller */ = {
			isa = PBXGroup;
			children = (
				BE29E0CE1FDF06C20029D1F0 /* ChatDataController.swift */,
				C4AF7792200E7B0B0029598A /* ViewDataChangeListener.swift */,
			);
			path = "Chat Data Controller";
			sourceTree = "<group>";
		};
		BE50E2221FB9305300948FBC /* Deployment */ = {
			isa = PBXGroup;
			children = (
				BE50E2231FB9305C00948FBC /* Cartfile */,
			);
			name = Deployment;
			sourceTree = "<group>";
		};
		BE50E2251FB9337D00948FBC /* Frameworks */ = {
			isa = PBXGroup;
			children = (
				BE29E0C81FDEF74C0029D1F0 /* SlackTextViewController.framework */,
				BE9E8B621FBF5AEC00499960 /* AMBClient.framework */,
				BE50E2261FB9337D00948FBC /* Alamofire.framework */,
			);
			name = Frameworks;
			sourceTree = "<group>";
		};
		BE5974C01FC392A300959406 /* Controls Menu */ = {
			isa = PBXGroup;
			children = (
				57D1DB721FEC83D000082F78 /* mark.png */,
				57CBFDFF1FE849D0006396E8 /* vagent-icon.png */,
				BE5974C31FC392FB00959406 /* ControlsViewController.swift */,
				57E1EA371FC3C5B2009FC76D /* ControlsViewController.xib */,
				5706C57A1FE499A0008D70D1 /* FakeChatViewController.swift */,
				57067C8C1FE62EE900812266 /* FakeChatViewCell.swift */,
			);
			path = "Controls Menu";
			sourceTree = "<group>";
		};
		BE6932741FFE9B6100DD5A2A /* Instance Settings */ = {
			isa = PBXGroup;
			children = (
				BE6932701FFE9B5C00DD5A2A /* InstanceSettingsViewController.swift */,
				BE6932711FFE9B5C00DD5A2A /* InstanceSettingsViewController.xib */,
			);
			path = "Instance Settings";
			sourceTree = "<group>";
		};
		BE69327D1FFEB43200DD5A2A /* Networking */ = {
			isa = PBXGroup;
			children = (
				BE6932821FFEB49D00DD5A2A /* ServerInstanceURLTests.swift */,
			);
			path = Networking;
			sourceTree = "<group>";
		};
		BE6B9D8E1FC38ABF00B9F47A /* Debug */ = {
			isa = PBXGroup;
			children = (
				BE6932771FFE9F3F00DD5A2A /* DebugSettings.swift */,
				BE6932791FFEA3C800DD5A2A /* DebugSettings+Instance.swift */,
				BE6932741FFE9B6100DD5A2A /* Instance Settings */,
				BE6B9D8F1FC38AD400B9F47A /* DebugViewController.swift */,
				BE5974BE1FC38ECB00959406 /* Debug.storyboard */,
			);
			path = Debug;
			sourceTree = "<group>";
		};
		BE6FBE411FBFBAD10062A0EB /* AMB */ = {
			isa = PBXGroup;
			children = (
				BE9E8B9E1FBF7F3500499960 /* AMBClient.swift */,
				BE6FBE3F1FBFB3060062A0EB /* AMBHTTPClient.swift */,
			);
			path = AMB;
			sourceTree = "<group>";
		};
		BE6FBE441FBFBC210062A0EB /* AMB Test */ = {
			isa = PBXGroup;
			children = (
				C489073B1FCC8209008D9521 /* AMBTestPanelViewController.swift */,
				C489073C1FCC8209008D9521 /* AMBTestPanelViewController.xib */,
			);
			path = "AMB Test";
			sourceTree = "<group>";
		};
		BE782DB31FEB201A00F848F5 /* Foundation */ = {
			isa = PBXGroup;
			children = (
				BE782DB41FEB203700F848F5 /* Result.swift */,
			);
			path = Foundation;
			sourceTree = "<group>";
		};
		BE782DB61FEB204200F848F5 /* API Extensions */ = {
			isa = PBXGroup;
			children = (
				BE782DB71FEB205200F848F5 /* APIManager+ChatSession.swift */,
				BE3F1AB11FEC315100DCC21B /* APIManager+ChatTopics.swift */,
				BE6932851FFEDB0000DD5A2A /* APIManager+Routes.swift */,
			);
			name = "API Extensions";
			path = "New Group";
			sourceTree = "<group>";
		};
		BE876FDB1FDF4F64008EEF04 /* Chat Service */ = {
			isa = PBXGroup;
			children = (
				BE876FDC1FDF4F75008EEF04 /* ChatService.swift */,
				C4A774AC1FE0607D00B6DF68 /* ChatServiceDelegate.swift */,
			);
			path = "Chat Service";
			sourceTree = "<group>";
		};
		BE9E8B9B1FBF7F1700499960 /* Networking */ = {
			isa = PBXGroup;
			children = (
				BE6FBE411FBFBAD10062A0EB /* AMB */,
				BE782DB61FEB204200F848F5 /* API Extensions */,
				BE9E8BA81FBF826300499960 /* APIManager.swift */,
				BE9E8BA01FBF7F3600499960 /* AuthHeadersAdapter.swift */,
				BE9E8BAA1FBF828E00499960 /* ServerInstance.swift */,
				BE69327E1FFEB46100DD5A2A /* ServerInstance+URL.swift */,
			);
			path = Networking;
			sourceTree = "<group>";
		};
		BEB6C84D1FB92CD600B1D497 = {
			isa = PBXGroup;
			children = (
				BE50E2221FB9305300948FBC /* Deployment */,
				BEB6C8581FB92CD700B1D497 /* Products */,
				BEB6C8591FB92CD700B1D497 /* SnowChat */,
				BEB6C8641FB92CD700B1D497 /* SnowChatTests */,
				BE50E2251FB9337D00948FBC /* Frameworks */,
			);
			sourceTree = "<group>";
		};
		BEB6C8581FB92CD700B1D497 /* Products */ = {
			isa = PBXGroup;
			children = (
				BEB6C8571FB92CD700B1D497 /* SnowChat.framework */,
				BEB6C8601FB92CD700B1D497 /* SnowChatTests.xctest */,
			);
			name = Products;
			sourceTree = "<group>";
		};
		BEB6C8591FB92CD700B1D497 /* SnowChat */ = {
			isa = PBXGroup;
			children = (
				BE6FBE441FBFBC210062A0EB /* AMB Test */,
				BE29E0CD1FDF06990029D1F0 /* Chat Data Controller */,
				BE876FDB1FDF4F64008EEF04 /* Chat Service */,
				BE29E0CA1FDEF79B0029D1F0 /* Chat Window */,
				57860EA51FD1C51800612E34 /* ChatBubble */,
				C4CAFE9C1FBCF018007007F5 /* Chatterbox */,
				57B7E2B91FBA24A600196BA9 /* Controls */,
				BE5974C01FC392A300959406 /* Controls Menu */,
				BE6B9D8E1FC38ABF00B9F47A /* Debug */,
				BE782DB31FEB201A00F848F5 /* Foundation */,
				BEB6C85B1FB92CD700B1D497 /* Info.plist */,
				C420ED7B1FC5F467002476C0 /* Logger */,
				BE9E8B9B1FBF7F1700499960 /* Networking */,
				BEB6C85A1FB92CD700B1D497 /* SnowChat.h */,
				BE29259F1FC33889005E55CA /* Supporting Files */,
				57B7E2D31FBA7FB300196BA9 /* UI Foundation */,
				C4F3AF301FD601EA00B27B0D /* Util */,
			);
			path = SnowChat;
			sourceTree = "<group>";
		};
		BEB6C8641FB92CD700B1D497 /* SnowChatTests */ = {
			isa = PBXGroup;
			children = (
				BE69327D1FFEB43200DD5A2A /* Networking */,
				5778CF961FDEE6A6004F77D8 /* Controls */,
				C4CAFEA41FBCF485007007F5 /* Chatterbox */,
				C420ED7E1FC5F488002476C0 /* LoggerTests.swift */,
				BEB6C8671FB92CD700B1D497 /* Info.plist */,
			);
			path = SnowChatTests;
			sourceTree = "<group>";
		};
		C40565FD1FC4FF15004BD28C /* MessageComponents */ = {
			isa = PBXGroup;
			children = (
				C46A7D871FCE23D300DC12AC /* ActionMessageData.swift */,
				C40565FE1FC508D3004BD28C /* RichControlData.swift */,
				C40565F91FC4F71D004BD28C /* ControlMessage.swift */,
				C40565EF1FC491DA004BD28C /* ActionMessage.swift */,
			);
			path = MessageComponents;
			sourceTree = "<group>";
		};
		C41EF5D71FDB48AC00707F45 /* ControlMessages */ = {
			isa = PBXGroup;
			children = (
				C46A7D891FD0BD8900DC12AC /* ContextualActionMessage.swift */,
				C4F3AF331FD6144800B27B0D /* StartTopicMessage.swift */,
				C4F3AF371FD6293F00B27B0D /* UserTopicPickerMessage.swift */,
				C40565F71FC4F4D3004BD28C /* BooleanControlMessage.swift */,
				C41EF5D31FDB284600707F45 /* InputControlMessage.swift */,
				C41EF5D51FDB327800707F45 /* PickerControlMessage.swift */,
				C41EF5DB1FDB4CA400707F45 /* OutputTextControlMessage.swift */,
			);
			path = ControlMessages;
			sourceTree = "<group>";
		};
		C41EF5D81FDB48E900707F45 /* ActionMessages */ = {
			isa = PBXGroup;
			children = (
				C40565F11FC49CD8004BD28C /* InitMessage.swift */,
				C4F3AF351FD6291E00B27B0D /* SystemTopicPickerMessage.swift */,
				C4CED93B1FD713AA008E3E25 /* StartUserTopicMessage.swift */,
				C4CED93D1FD72544008E3E25 /* StartedUserTopicMessage.swift */,
				C41EF5D91FDB490F00707F45 /* TopicFinishedMessage.swift */,
			);
			path = ActionMessages;
			sourceTree = "<group>";
		};
		C420ED7B1FC5F467002476C0 /* Logger */ = {
			isa = PBXGroup;
			children = (
				C420ED7C1FC5F473002476C0 /* Logger.swift */,
			);
			name = Logger;
			sourceTree = "<group>";
		};
		C4CAFE9C1FBCF018007007F5 /* Chatterbox */ = {
			isa = PBXGroup;
			children = (
				C41EF5D11FDB0F2500707F45 /* ChatDataListener.swift */,
				C4A774A81FDF22E200B6DF68 /* ChatEventListener.swift */,
				C4F3AF2E1FD235D100B27B0D /* Chatterbox.swift */,
				C4CAFE9F1FBCF057007007F5 /* Data */,
				C4CAFE9E1FBCF047007007F5 /* State */,
			);
			path = Chatterbox;
			sourceTree = "<group>";
		};
		C4CAFE9E1FBCF047007007F5 /* State */ = {
			isa = PBXGroup;
			children = (
				C40565CC1FBE292B004BD28C /* ChatDataStore.swift */,
				C4FFCD492006D6A000B835C6 /* ChatDataStore+Persistence.swift */,
			);
			path = State;
			sourceTree = "<group>";
		};
		C4CAFE9F1FBCF057007007F5 /* Data */ = {
			isa = PBXGroup;
			children = (
				C41EF5D81FDB48E900707F45 /* ActionMessages */,
				C41EF5D71FDB48AC00707F45 /* ControlMessages */,
				C40565FD1FC4FF15004BD28C /* MessageComponents */,
				C4CAFEA21FBCF2F8007007F5 /* CBData.swift */,
				C4CAFEA71FBD0912007007F5 /* CBDataFactory.swift */,
			);
			path = Data;
			sourceTree = "<group>";
		};
		C4CAFEA41FBCF485007007F5 /* Chatterbox */ = {
			isa = PBXGroup;
			children = (
				C4CAFEA51FBCF4A7007007F5 /* CBDataTests.swift */,
				C4B6A9511FE22208007DBEED /* ChatDataStoreTests.swift */,
				BE3F1AB51FEC480D00DCC21B /* APIManagerChatTopicsTest.swift */,
				C44FD9CA200010900079E107 /* ChatDataControllerTests.swift */,
				C4FFCD4B20091B8D00B835C6 /* APIManagerChatSessionTests.swift */,
			);
			path = Chatterbox;
			sourceTree = "<group>";
		};
		C4F3AF301FD601EA00B27B0D /* Util */ = {
			isa = PBXGroup;
			children = (
				C4F3AF311FD601FE00B27B0D /* Util.swift */,
			);
			path = Util;
			sourceTree = "<group>";
		};
/* End PBXGroup section */

/* Begin PBXHeadersBuildPhase section */
		BEB6C8541FB92CD700B1D497 /* Headers */ = {
			isa = PBXHeadersBuildPhase;
			buildActionMask = 2147483647;
			files = (
				BEB6C8681FB92CD700B1D497 /* SnowChat.h in Headers */,
			);
			runOnlyForDeploymentPostprocessing = 0;
		};
/* End PBXHeadersBuildPhase section */

/* Begin PBXNativeTarget section */
		BEB6C8561FB92CD700B1D497 /* SnowChat */ = {
			isa = PBXNativeTarget;
			buildConfigurationList = BEB6C86B1FB92CD700B1D497 /* Build configuration list for PBXNativeTarget "SnowChat" */;
			buildPhases = (
				BE04BA691FE9BAA400422B5E /* Carthage Pre-Check */,
				BEB6C8521FB92CD700B1D497 /* Sources */,
				BEB6C8531FB92CD700B1D497 /* Frameworks */,
				BEB6C8541FB92CD700B1D497 /* Headers */,
				BEB6C8551FB92CD700B1D497 /* Resources */,
				BE50E21A1FB92F5800948FBC /* Copy Carthage Frameworks */,
			);
			buildRules = (
			);
			dependencies = (
			);
			name = SnowChat;
			productName = SnowChat;
			productReference = BEB6C8571FB92CD700B1D497 /* SnowChat.framework */;
			productType = "com.apple.product-type.framework";
		};
		BEB6C85F1FB92CD700B1D497 /* SnowChatTests */ = {
			isa = PBXNativeTarget;
			buildConfigurationList = BEB6C86E1FB92CD700B1D497 /* Build configuration list for PBXNativeTarget "SnowChatTests" */;
			buildPhases = (
				BEB6C85C1FB92CD700B1D497 /* Sources */,
				BEB6C85D1FB92CD700B1D497 /* Frameworks */,
				BEB6C85E1FB92CD700B1D497 /* Resources */,
				C420ED811FC60250002476C0 /* Copy Carthage Frameworks */,
			);
			buildRules = (
			);
			dependencies = (
				BEB6C8631FB92CD700B1D497 /* PBXTargetDependency */,
			);
			name = SnowChatTests;
			productName = SnowChatTests;
			productReference = BEB6C8601FB92CD700B1D497 /* SnowChatTests.xctest */;
			productType = "com.apple.product-type.bundle.unit-test";
		};
/* End PBXNativeTarget section */

/* Begin PBXProject section */
		BEB6C84E1FB92CD600B1D497 /* Project object */ = {
			isa = PBXProject;
			attributes = {
				LastSwiftUpdateCheck = 0910;
				LastUpgradeCheck = 0910;
				ORGANIZATIONNAME = ServiceNow;
				TargetAttributes = {
					BE5C65881FE88F53001A3EEE = {
						CreatedOnToolsVersion = 9.1;
						ProvisioningStyle = Automatic;
					};
					BE5C658D1FE88FA6001A3EEE = {
						CreatedOnToolsVersion = 9.1;
						ProvisioningStyle = Automatic;
					};
					BE6F4E371FE9740A007294BA = {
						CreatedOnToolsVersion = 9.1;
						ProvisioningStyle = Automatic;
					};
					BEB6C8561FB92CD700B1D497 = {
						CreatedOnToolsVersion = 9.1;
						LastSwiftMigration = 0910;
						ProvisioningStyle = Manual;
					};
					BEB6C85F1FB92CD700B1D497 = {
						CreatedOnToolsVersion = 9.1;
						ProvisioningStyle = Manual;
					};
				};
			};
			buildConfigurationList = BEB6C8511FB92CD600B1D497 /* Build configuration list for PBXProject "SnowChat" */;
			compatibilityVersion = "Xcode 8.0";
			developmentRegion = en;
			hasScannedForEncodings = 0;
			knownRegions = (
				en,
			);
			mainGroup = BEB6C84D1FB92CD600B1D497;
			productRefGroup = BEB6C8581FB92CD700B1D497 /* Products */;
			projectDirPath = "";
			projectRoot = "";
			targets = (
				BEB6C8561FB92CD700B1D497 /* SnowChat */,
				BEB6C85F1FB92CD700B1D497 /* SnowChatTests */,
				BE5C65881FE88F53001A3EEE /* Carthage Bootstrap */,
				BE5C658D1FE88FA6001A3EEE /* Install Certificates */,
				BE6F4E371FE9740A007294BA /* Deploy Staging */,
			);
		};
/* End PBXProject section */

/* Begin PBXResourcesBuildPhase section */
		BEB6C8551FB92CD700B1D497 /* Resources */ = {
			isa = PBXResourcesBuildPhase;
			buildActionMask = 2147483647;
			files = (
				57CBFE001FE849D0006396E8 /* vagent-icon.png in Resources */,
				BE2925A11FC3391D005E55CA /* .swiftlint.yml in Resources */,
				BE6932731FFE9B5C00DD5A2A /* InstanceSettingsViewController.xib in Resources */,
				572A4E401FCF06320081318D /* PickerTableViewCell.xib in Resources */,
				57E1EA381FC3C5B2009FC76D /* ControlsViewController.xib in Resources */,
				BE5974BF1FC38ECB00959406 /* Debug.storyboard in Resources */,
				C489073E1FCC8209008D9521 /* AMBTestPanelViewController.xib in Resources */,
				57D1DB731FEC83D000082F78 /* mark.png in Resources */,
				57B7E2C91FBA25A200196BA9 /* SelectableView.xib in Resources */,
				BE50E2241FB9305C00948FBC /* Cartfile in Resources */,
				57D997AB1FE5B00000394A6D /* ChatMessageViewController.xib in Resources */,
			);
			runOnlyForDeploymentPostprocessing = 0;
		};
		BEB6C85E1FB92CD700B1D497 /* Resources */ = {
			isa = PBXResourcesBuildPhase;
			buildActionMask = 2147483647;
			files = (
			);
			runOnlyForDeploymentPostprocessing = 0;
		};
/* End PBXResourcesBuildPhase section */

/* Begin PBXShellScriptBuildPhase section */
		BE04BA691FE9BAA400422B5E /* Carthage Pre-Check */ = {
			isa = PBXShellScriptBuildPhase;
			buildActionMask = 2147483647;
			files = (
			);
			inputPaths = (
			);
			name = "Carthage Pre-Check";
			outputPaths = (
			);
			runOnlyForDeploymentPostprocessing = 0;
			shellPath = /bin/sh;
			shellScript = "if [ ! -d ${PROJECT_DIR}/Carthage/Build ]; then\necho \"error: The carthage folder is missing. Try running the Carthage Bootstrap scheme.\"\nexit 1\nfi\n";
		};
		BE50E21A1FB92F5800948FBC /* Copy Carthage Frameworks */ = {
			isa = PBXShellScriptBuildPhase;
			buildActionMask = 2147483647;
			files = (
			);
			inputPaths = (
				"$(SRCROOT)/Carthage/Build/iOS/Alamofire.framework",
				"$(SRCROOT)/Carthage/Build/iOS/AMBClient.framework",
				"$(SRCROOT)/Carthage/Build/iOS/SlackTextViewController.framework",
			);
			name = "Copy Carthage Frameworks";
			outputPaths = (
				"$(BUILT_PRODUCTS_DIR)/$(FRAMEWORKS_FOLDER_PATH)/Alamofire.framework",
				"$(BUILT_PRODUCTS_DIR)/$(FRAMEWORKS_FOLDER_PATH)/AMBClient.framework",
				"$(BUILT_PRODUCTS_DIR)/$(FRAMEWORKS_FOLDER_PATH)/SlackTextViewController.framework",
			);
			runOnlyForDeploymentPostprocessing = 0;
			shellPath = /bin/sh;
			shellScript = "/usr/local/bin/carthage copy-frameworks\n";
		};
		BE5C658C1FE88F62001A3EEE /* ShellScript */ = {
			isa = PBXShellScriptBuildPhase;
			buildActionMask = 2147483647;
			files = (
			);
			inputPaths = (
			);
			outputPaths = (
			);
			runOnlyForDeploymentPostprocessing = 0;
			shellPath = /bin/sh;
			shellScript = "source ${PROJECT_DIR}/scripts/ensure_carthage.sh\n\ncarthage bootstrap --platform iOS";
		};
		BE5C65911FE890B7001A3EEE /* ShellScript */ = {
			isa = PBXShellScriptBuildPhase;
			buildActionMask = 2147483647;
			files = (
			);
			inputPaths = (
			);
			outputPaths = (
			);
			runOnlyForDeploymentPostprocessing = 0;
			shellPath = /bin/sh;
			shellScript = "source ${PROJECT_DIR}/scripts/ensure_fastlane.sh\n\nsource ${PROJECT_DIR}/scripts/certificates.sh";
		};
		BE6F4E3B1FE97415007294BA /* ShellScript */ = {
			isa = PBXShellScriptBuildPhase;
			buildActionMask = 2147483647;
			files = (
			);
			inputPaths = (
			);
			outputPaths = (
			);
			runOnlyForDeploymentPostprocessing = 0;
			shellPath = /bin/sh;
			shellScript = "source ${PROJECT_DIR}/scripts/force-push-deploy-staging.sh";
		};
		C420ED811FC60250002476C0 /* Copy Carthage Frameworks */ = {
			isa = PBXShellScriptBuildPhase;
			buildActionMask = 2147483647;
			files = (
			);
			inputPaths = (
				"$(SRCROOT)/Carthage/Build/iOS/Alamofire.framework",
				"$(SRCROOT)/Carthage/Build/iOS/AMBClient.framework",
			);
			name = "Copy Carthage Frameworks";
			outputPaths = (
				"$(BUILT_PRODUCTS_DIR)/$(FRAMEWORKS_FOLDER_PATH)/Alamofire.framework",
				"$(BUILT_PRODUCTS_DIR)/$(FRAMEWORKS_FOLDER_PATH)/AMBClient.framework",
			);
			runOnlyForDeploymentPostprocessing = 0;
			shellPath = /bin/sh;
			shellScript = "/usr/local/bin/carthage copy-frameworks\n";
		};
/* End PBXShellScriptBuildPhase section */

/* Begin PBXSourcesBuildPhase section */
		BEB6C8521FB92CD700B1D497 /* Sources */ = {
			isa = PBXSourcesBuildPhase;
			buildActionMask = 2147483647;
			files = (
				BE6932861FFEDB0000DD5A2A /* APIManager+Routes.swift in Sources */,
				5704EA341FEAAE4B001020E6 /* TypingIndicatorControl.swift in Sources */,
				5763F3C81FE20FF90035764A /* PickerItem.swift in Sources */,
				572A4E421FCF07150081318D /* PickerTableViewCell.swift in Sources */,
				572FAC181FC47A9C00B0B956 /* MultiSelectControl.swift in Sources */,
				C4A774A91FDF22E200B6DF68 /* ChatEventListener.swift in Sources */,
				BE9E8BA91FBF826300499960 /* APIManager.swift in Sources */,
				C43479EC1FE460700091806D /* TopicSelection.swift in Sources */,
				BE6932721FFE9B5C00DD5A2A /* InstanceSettingsViewController.swift in Sources */,
				57532BAD1FD777FA001D674C /* TextControl.swift in Sources */,
				BE5974C41FC392FB00959406 /* ControlsViewController.swift in Sources */,
				5760B91F1FD5C8C100591C06 /* UIImageUtils.swift in Sources */,
				BE782DB51FEB203700F848F5 /* Result.swift in Sources */,
				5778CF9C1FE06F08004F77D8 /* SingleSelectControl.swift in Sources */,
				BE6B9D911FC38AD400B9F47A /* DebugViewController.swift in Sources */,
				BE29E0CC1FDEFA5B0029D1F0 /* ChatViewController.swift in Sources */,
				57D1DB6F1FEC74E200082F78 /* OutputImageViewModel.swift in Sources */,
				C4F3AF2F1FD235D100B27B0D /* Chatterbox.swift in Sources */,
				57532BAB1FD777AC001D674C /* PickerControl.swift in Sources */,
				BE9E8BA31FBF7F3600499960 /* AuthHeadersAdapter.swift in Sources */,
				BE9E8BAB1FBF828E00499960 /* ServerInstance.swift in Sources */,
				BE6932781FFE9F3F00DD5A2A /* DebugSettings.swift in Sources */,
				57D1DB6B1FEAC94A00082F78 /* ConversationViewCell.swift in Sources */,
				BE29E0CF1FDF06C20029D1F0 /* ChatDataController.swift in Sources */,
				BE6FBE401FBFB3060062A0EB /* AMBHTTPClient.swift in Sources */,
				C4F3AF361FD6291E00B27B0D /* SystemTopicPickerMessage.swift in Sources */,
				57067C8D1FE62EE900812266 /* FakeChatViewCell.swift in Sources */,
				C46A7D881FCE23D300DC12AC /* ActionMessageData.swift in Sources */,
				572FAC1A1FC47B5600B0B956 /* MultiSelectControlViewModel.swift in Sources */,
				5706C57B1FE499A0008D70D1 /* FakeChatViewController.swift in Sources */,
				BE69327A1FFEA3C800DD5A2A /* DebugSettings+Instance.swift in Sources */,
				BE9E8BA11FBF7F3600499960 /* AMBClient.swift in Sources */,
				C420ED7D1FC5F473002476C0 /* Logger.swift in Sources */,
				C4FFCD4A2006D6A000B835C6 /* ChatDataStore+Persistence.swift in Sources */,
				C41EF5D41FDB284600707F45 /* InputControlMessage.swift in Sources */,
				C40565FA1FC4F71D004BD28C /* ControlMessage.swift in Sources */,
				C41EF5DC1FDB4CA400707F45 /* OutputTextControlMessage.swift in Sources */,
				57CBFE021FE8D921006396E8 /* UILayoutPriority+Additions.swift in Sources */,
				57D1DB6D1FEB592D00082F78 /* OutputImageControl.swift in Sources */,
				C4F3AF381FD6293F00B27B0D /* UserTopicPickerMessage.swift in Sources */,
				C4F3AF321FD601FE00B27B0D /* Util.swift in Sources */,
				5706C5791FE43FB3008D70D1 /* ControlsUtil.swift in Sources */,
				C40565F21FC49CD8004BD28C /* InitMessage.swift in Sources */,
				5717B1502003DABA00A4252C /* ChatMessageViewControllerCache.swift in Sources */,
				57F7B2541FE17823006D917C /* TextControlViewModel.swift in Sources */,
				BE3F1AB21FEC315100DCC21B /* APIManager+ChatTopics.swift in Sources */,
				C41EF5DA1FDB490F00707F45 /* TopicFinishedMessage.swift in Sources */,
				C4CED93C1FD713AA008E3E25 /* StartUserTopicMessage.swift in Sources */,
				C40565F01FC491DA004BD28C /* ActionMessage.swift in Sources */,
				C489073D1FCC8209008D9521 /* AMBTestPanelViewController.swift in Sources */,
				C4F3AF341FD6144800B27B0D /* StartTopicMessage.swift in Sources */,
				572C6BC1200C33BC00F142E2 /* ControlCache.swift in Sources */,
				BE782DB81FEB205200F848F5 /* APIManager+ChatSession.swift in Sources */,
				C41EF5D21FDB0F2500707F45 /* ChatDataListener.swift in Sources */,
				C4CAFEA31FBCF2F8007007F5 /* CBData.swift in Sources */,
				C4AF7793200E7B0B0029598A /* ViewDataChangeListener.swift in Sources */,
				C4CED93E1FD72544008E3E25 /* StartedUserTopicMessage.swift in Sources */,
				C41EF5D61FDB327800707F45 /* PickerControlMessage.swift in Sources */,
				C40565F81FC4F4D3004BD28C /* BooleanControlMessage.swift in Sources */,
				C40565CD1FBE292B004BD28C /* ChatDataStore.swift in Sources */,
				C46A7D8A1FD0BD8900DC12AC /* ContextualActionMessage.swift in Sources */,
				57D1DB791FEC88D200082F78 /* OutputImageViewController.swift in Sources */,
				C4CAFEA81FBD0912007007F5 /* CBDataFactory.swift in Sources */,
				C40565FF1FC508D3004BD28C /* RichControlData.swift in Sources */,
				57EE77DF1FFEC2B1001F689A /* ChatMessageModel.swift in Sources */,
				57B7E2D21FBA75B100196BA9 /* PickerControlViewModel.swift in Sources */,
				57B7E2CD1FBA3C8400196BA9 /* UIView+Additions.swift in Sources */,
				578632161FBB9E0300FA0282 /* ControlProtocol.swift in Sources */,
				5704EA321FEAAD46001020E6 /* TypingIndicatorView.swift in Sources */,
				BE876FDF1FDF5177008EEF04 /* ConversationViewController.swift in Sources */,
				57B7E2C81FBA25A200196BA9 /* SelectableView.swift in Sources */,
				57B7E2C31FBA25A200196BA9 /* BooleanControl.swift in Sources */,
				BE876FDD1FDF4F75008EEF04 /* ChatService.swift in Sources */,
				5760C8CE1FBF4C920055B73D /* PickerViewController.swift in Sources */,
				57E1EA331FC33D1C009FC76D /* RoundedView.swift in Sources */,
				572A4E441FCF70070081318D /* BubbleView.swift in Sources */,
				57B7E2C61FBA25A200196BA9 /* SelectableViewCell.swift in Sources */,
				BE69327F1FFEB46100DD5A2A /* ServerInstance+URL.swift in Sources */,
				5786320B1FBB571E00FA0282 /* BubbleViewController.swift in Sources */,
				5796E4481FD0B3E0009D2035 /* CGPath+Bubble.swift in Sources */,
				5706C5811FE49F78008D70D1 /* ChatMessageViewController.swift in Sources */,
				57B7E2D01FBA6DA500196BA9 /* BooleanControlViewModel.swift in Sources */,
				5778CF9E1FE07023004F77D8 /* SingleSelectControlViewModel.swift in Sources */,
				57EDCEA41FD5DA7A009A9A35 /* UIColor+Utils.swift in Sources */,
				572A4E3C1FCE0AC20081318D /* FullSizeScrollViewContainerView.swift in Sources */,
				5788B2A71FBB38FD00846F33 /* ControlViewModel.swift in Sources */,
				C43479EE1FE850D20091806D /* AutoCompleteHandler.swift in Sources */,
				C4A774AD1FE0607D00B6DF68 /* ChatServiceDelegate.swift in Sources */,
			);
			runOnlyForDeploymentPostprocessing = 0;
		};
		BEB6C85C1FB92CD700B1D497 /* Sources */ = {
			isa = PBXSourcesBuildPhase;
			buildActionMask = 2147483647;
			files = (
				C4FFCD4C20091B8D00B835C6 /* APIManagerChatSessionTests.swift in Sources */,
				BE3F1AB61FEC480D00DCC21B /* APIManagerChatTopicsTest.swift in Sources */,
				BE6932831FFEB49D00DD5A2A /* ServerInstanceURLTests.swift in Sources */,
				C420ED7F1FC5F488002476C0 /* LoggerTests.swift in Sources */,
				C44FD9CB200010900079E107 /* ChatDataControllerTests.swift in Sources */,
				C4B6A9521FE22208007DBEED /* ChatDataStoreTests.swift in Sources */,
				5778CF9A1FE05A3F004F77D8 /* MultiSelectControlTests.swift in Sources */,
				C4CAFEA61FBCF4A7007007F5 /* CBDataTests.swift in Sources */,
				5778CFA01FE07764004F77D8 /* SingleSelectControlTests.swift in Sources */,
				5778CF981FDEE767004F77D8 /* BooleanControlTests.swift in Sources */,
			);
			runOnlyForDeploymentPostprocessing = 0;
		};
/* End PBXSourcesBuildPhase section */

/* Begin PBXTargetDependency section */
		BEB6C8631FB92CD700B1D497 /* PBXTargetDependency */ = {
			isa = PBXTargetDependency;
			target = BEB6C8561FB92CD700B1D497 /* SnowChat */;
			targetProxy = BEB6C8621FB92CD700B1D497 /* PBXContainerItemProxy */;
		};
/* End PBXTargetDependency section */

/* Begin XCBuildConfiguration section */
		BE5C658A1FE88F53001A3EEE /* Debug */ = {
			isa = XCBuildConfiguration;
			buildSettings = {
				CODE_SIGN_STYLE = Automatic;
				PRODUCT_NAME = "$(TARGET_NAME)";
			};
			name = Debug;
		};
		BE5C658B1FE88F53001A3EEE /* Release */ = {
			isa = XCBuildConfiguration;
			buildSettings = {
				CODE_SIGN_STYLE = Automatic;
				PRODUCT_NAME = "$(TARGET_NAME)";
			};
			name = Release;
		};
		BE5C658F1FE88FA6001A3EEE /* Debug */ = {
			isa = XCBuildConfiguration;
			buildSettings = {
				CODE_SIGN_STYLE = Automatic;
				PRODUCT_NAME = "$(TARGET_NAME)";
			};
			name = Debug;
		};
		BE5C65901FE88FA6001A3EEE /* Release */ = {
			isa = XCBuildConfiguration;
			buildSettings = {
				CODE_SIGN_STYLE = Automatic;
				PRODUCT_NAME = "$(TARGET_NAME)";
			};
			name = Release;
		};
		BE6F4E391FE9740A007294BA /* Debug */ = {
			isa = XCBuildConfiguration;
			buildSettings = {
				CODE_SIGN_STYLE = Automatic;
				PRODUCT_NAME = "$(TARGET_NAME)";
			};
			name = Debug;
		};
		BE6F4E3A1FE9740A007294BA /* Release */ = {
			isa = XCBuildConfiguration;
			buildSettings = {
				CODE_SIGN_STYLE = Automatic;
				PRODUCT_NAME = "$(TARGET_NAME)";
			};
			name = Release;
		};
		BEB6C8691FB92CD700B1D497 /* Debug */ = {
			isa = XCBuildConfiguration;
			buildSettings = {
				ALWAYS_SEARCH_USER_PATHS = NO;
				CLANG_ANALYZER_NONNULL = YES;
				CLANG_ANALYZER_NUMBER_OBJECT_CONVERSION = YES_AGGRESSIVE;
				CLANG_CXX_LANGUAGE_STANDARD = "gnu++14";
				CLANG_CXX_LIBRARY = "libc++";
				CLANG_ENABLE_MODULES = YES;
				CLANG_ENABLE_OBJC_ARC = YES;
				CLANG_WARN_BLOCK_CAPTURE_AUTORELEASING = YES;
				CLANG_WARN_BOOL_CONVERSION = YES;
				CLANG_WARN_COMMA = YES;
				CLANG_WARN_CONSTANT_CONVERSION = YES;
				CLANG_WARN_DIRECT_OBJC_ISA_USAGE = YES_ERROR;
				CLANG_WARN_DOCUMENTATION_COMMENTS = YES;
				CLANG_WARN_EMPTY_BODY = YES;
				CLANG_WARN_ENUM_CONVERSION = YES;
				CLANG_WARN_INFINITE_RECURSION = YES;
				CLANG_WARN_INT_CONVERSION = YES;
				CLANG_WARN_NON_LITERAL_NULL_CONVERSION = YES;
				CLANG_WARN_OBJC_LITERAL_CONVERSION = YES;
				CLANG_WARN_OBJC_ROOT_CLASS = YES_ERROR;
				CLANG_WARN_RANGE_LOOP_ANALYSIS = YES;
				CLANG_WARN_STRICT_PROTOTYPES = YES;
				CLANG_WARN_SUSPICIOUS_MOVE = YES;
				CLANG_WARN_UNGUARDED_AVAILABILITY = YES_AGGRESSIVE;
				CLANG_WARN_UNREACHABLE_CODE = YES;
				CLANG_WARN__DUPLICATE_METHOD_MATCH = YES;
				CODE_SIGN_IDENTITY = "iPhone Developer";
				COPY_PHASE_STRIP = NO;
				CURRENT_PROJECT_VERSION = 1;
				DEBUG_INFORMATION_FORMAT = dwarf;
				ENABLE_STRICT_OBJC_MSGSEND = YES;
				ENABLE_TESTABILITY = YES;
				GCC_C_LANGUAGE_STANDARD = gnu11;
				GCC_DYNAMIC_NO_PIC = NO;
				GCC_NO_COMMON_BLOCKS = YES;
				GCC_OPTIMIZATION_LEVEL = 0;
				GCC_PREPROCESSOR_DEFINITIONS = (
					"DEBUG=1",
					"$(inherited)",
				);
				GCC_WARN_64_TO_32_BIT_CONVERSION = YES;
				GCC_WARN_ABOUT_RETURN_TYPE = YES_ERROR;
				GCC_WARN_UNDECLARED_SELECTOR = YES;
				GCC_WARN_UNINITIALIZED_AUTOS = YES_AGGRESSIVE;
				GCC_WARN_UNUSED_FUNCTION = YES;
				GCC_WARN_UNUSED_VARIABLE = YES;
				IPHONEOS_DEPLOYMENT_TARGET = 10.0;
				MTL_ENABLE_DEBUG_INFO = YES;
				ONLY_ACTIVE_ARCH = YES;
				SDKROOT = iphoneos;
				SWIFT_ACTIVE_COMPILATION_CONDITIONS = DEBUG;
				SWIFT_OPTIMIZATION_LEVEL = "-Onone";
				VERSIONING_SYSTEM = "apple-generic";
				VERSION_INFO_PREFIX = "";
			};
			name = Debug;
		};
		BEB6C86A1FB92CD700B1D497 /* Release */ = {
			isa = XCBuildConfiguration;
			buildSettings = {
				ALWAYS_SEARCH_USER_PATHS = NO;
				CLANG_ANALYZER_NONNULL = YES;
				CLANG_ANALYZER_NUMBER_OBJECT_CONVERSION = YES_AGGRESSIVE;
				CLANG_CXX_LANGUAGE_STANDARD = "gnu++14";
				CLANG_CXX_LIBRARY = "libc++";
				CLANG_ENABLE_MODULES = YES;
				CLANG_ENABLE_OBJC_ARC = YES;
				CLANG_WARN_BLOCK_CAPTURE_AUTORELEASING = YES;
				CLANG_WARN_BOOL_CONVERSION = YES;
				CLANG_WARN_COMMA = YES;
				CLANG_WARN_CONSTANT_CONVERSION = YES;
				CLANG_WARN_DIRECT_OBJC_ISA_USAGE = YES_ERROR;
				CLANG_WARN_DOCUMENTATION_COMMENTS = YES;
				CLANG_WARN_EMPTY_BODY = YES;
				CLANG_WARN_ENUM_CONVERSION = YES;
				CLANG_WARN_INFINITE_RECURSION = YES;
				CLANG_WARN_INT_CONVERSION = YES;
				CLANG_WARN_NON_LITERAL_NULL_CONVERSION = YES;
				CLANG_WARN_OBJC_LITERAL_CONVERSION = YES;
				CLANG_WARN_OBJC_ROOT_CLASS = YES_ERROR;
				CLANG_WARN_RANGE_LOOP_ANALYSIS = YES;
				CLANG_WARN_STRICT_PROTOTYPES = YES;
				CLANG_WARN_SUSPICIOUS_MOVE = YES;
				CLANG_WARN_UNGUARDED_AVAILABILITY = YES_AGGRESSIVE;
				CLANG_WARN_UNREACHABLE_CODE = YES;
				CLANG_WARN__DUPLICATE_METHOD_MATCH = YES;
				CODE_SIGN_IDENTITY = "iPhone Developer";
				COPY_PHASE_STRIP = NO;
				CURRENT_PROJECT_VERSION = 1;
				DEBUG_INFORMATION_FORMAT = "dwarf-with-dsym";
				ENABLE_NS_ASSERTIONS = NO;
				ENABLE_STRICT_OBJC_MSGSEND = YES;
				GCC_C_LANGUAGE_STANDARD = gnu11;
				GCC_NO_COMMON_BLOCKS = YES;
				GCC_WARN_64_TO_32_BIT_CONVERSION = YES;
				GCC_WARN_ABOUT_RETURN_TYPE = YES_ERROR;
				GCC_WARN_UNDECLARED_SELECTOR = YES;
				GCC_WARN_UNINITIALIZED_AUTOS = YES_AGGRESSIVE;
				GCC_WARN_UNUSED_FUNCTION = YES;
				GCC_WARN_UNUSED_VARIABLE = YES;
				IPHONEOS_DEPLOYMENT_TARGET = 10.0;
				MTL_ENABLE_DEBUG_INFO = NO;
				SDKROOT = iphoneos;
				SWIFT_OPTIMIZATION_LEVEL = "-Owholemodule";
				VALIDATE_PRODUCT = YES;
				VERSIONING_SYSTEM = "apple-generic";
				VERSION_INFO_PREFIX = "";
			};
			name = Release;
		};
		BEB6C86C1FB92CD700B1D497 /* Debug */ = {
			isa = XCBuildConfiguration;
			buildSettings = {
				CLANG_ENABLE_MODULES = YES;
				CODE_SIGN_IDENTITY = "";
				CODE_SIGN_STYLE = Manual;
				DEFINES_MODULE = YES;
				DEVELOPMENT_TEAM = "";
				DYLIB_COMPATIBILITY_VERSION = 1;
				DYLIB_CURRENT_VERSION = 1;
				DYLIB_INSTALL_NAME_BASE = "@rpath";
				FRAMEWORK_SEARCH_PATHS = (
					"$(inherited)",
					"$(PROJECT_DIR)/Carthage/Build/iOS",
				);
				INFOPLIST_FILE = SnowChat/Info.plist;
				INSTALL_PATH = "$(LOCAL_LIBRARY_DIR)/Frameworks";
				LD_RUNPATH_SEARCH_PATHS = "$(inherited) @executable_path/Frameworks @loader_path/Frameworks";
				PRODUCT_BUNDLE_IDENTIFIER = com.servicenow.SnowChat;
				PRODUCT_NAME = "$(TARGET_NAME:c99extidentifier)";
				PROVISIONING_PROFILE_SPECIFIER = "";
				SKIP_INSTALL = YES;
				SWIFT_OPTIMIZATION_LEVEL = "-Onone";
				SWIFT_VERSION = 4.0;
				TARGETED_DEVICE_FAMILY = "1,2";
			};
			name = Debug;
		};
		BEB6C86D1FB92CD700B1D497 /* Release */ = {
			isa = XCBuildConfiguration;
			buildSettings = {
				CLANG_ENABLE_MODULES = YES;
				CODE_SIGN_IDENTITY = "";
				CODE_SIGN_STYLE = Manual;
				DEFINES_MODULE = YES;
				DEVELOPMENT_TEAM = "";
				DYLIB_COMPATIBILITY_VERSION = 1;
				DYLIB_CURRENT_VERSION = 1;
				DYLIB_INSTALL_NAME_BASE = "@rpath";
				FRAMEWORK_SEARCH_PATHS = (
					"$(inherited)",
					"$(PROJECT_DIR)/Carthage/Build/iOS",
				);
				INFOPLIST_FILE = SnowChat/Info.plist;
				INSTALL_PATH = "$(LOCAL_LIBRARY_DIR)/Frameworks";
				LD_RUNPATH_SEARCH_PATHS = "$(inherited) @executable_path/Frameworks @loader_path/Frameworks";
				PRODUCT_BUNDLE_IDENTIFIER = com.servicenow.SnowChat;
				PRODUCT_NAME = "$(TARGET_NAME:c99extidentifier)";
				PROVISIONING_PROFILE_SPECIFIER = "";
				SKIP_INSTALL = YES;
				SWIFT_VERSION = 4.0;
				TARGETED_DEVICE_FAMILY = "1,2";
			};
			name = Release;
		};
		BEB6C86F1FB92CD700B1D497 /* Debug */ = {
			isa = XCBuildConfiguration;
			buildSettings = {
				ALWAYS_EMBED_SWIFT_STANDARD_LIBRARIES = YES;
				CODE_SIGN_STYLE = Manual;
				DEVELOPMENT_TEAM = AS2BZHDV7Q;
				FRAMEWORK_SEARCH_PATHS = (
					"$(inherited)",
					"$(PROJECT_DIR)/Carthage/Build/iOS",
				);
				INFOPLIST_FILE = SnowChatTests/Info.plist;
				LD_RUNPATH_SEARCH_PATHS = "$(inherited) @executable_path/Frameworks @loader_path/Frameworks";
				PRODUCT_BUNDLE_IDENTIFIER = com.servicenow.SnowChatTests;
				PRODUCT_NAME = "$(TARGET_NAME)";
				PROVISIONING_PROFILE_SPECIFIER = "";
				SWIFT_VERSION = 4.0;
				TARGETED_DEVICE_FAMILY = "1,2";
			};
			name = Debug;
		};
		BEB6C8701FB92CD700B1D497 /* Release */ = {
			isa = XCBuildConfiguration;
			buildSettings = {
				ALWAYS_EMBED_SWIFT_STANDARD_LIBRARIES = YES;
				CODE_SIGN_STYLE = Manual;
				DEVELOPMENT_TEAM = AS2BZHDV7Q;
				FRAMEWORK_SEARCH_PATHS = (
					"$(inherited)",
					"$(PROJECT_DIR)/Carthage/Build/iOS",
				);
				INFOPLIST_FILE = SnowChatTests/Info.plist;
				LD_RUNPATH_SEARCH_PATHS = "$(inherited) @executable_path/Frameworks @loader_path/Frameworks";
				PRODUCT_BUNDLE_IDENTIFIER = com.servicenow.SnowChatTests;
				PRODUCT_NAME = "$(TARGET_NAME)";
				PROVISIONING_PROFILE_SPECIFIER = "";
				SWIFT_VERSION = 4.0;
				TARGETED_DEVICE_FAMILY = "1,2";
			};
			name = Release;
		};
/* End XCBuildConfiguration section */

/* Begin XCConfigurationList section */
		BE5C65891FE88F53001A3EEE /* Build configuration list for PBXAggregateTarget "Carthage Bootstrap" */ = {
			isa = XCConfigurationList;
			buildConfigurations = (
				BE5C658A1FE88F53001A3EEE /* Debug */,
				BE5C658B1FE88F53001A3EEE /* Release */,
			);
			defaultConfigurationIsVisible = 0;
			defaultConfigurationName = Release;
		};
		BE5C658E1FE88FA6001A3EEE /* Build configuration list for PBXAggregateTarget "Install Certificates" */ = {
			isa = XCConfigurationList;
			buildConfigurations = (
				BE5C658F1FE88FA6001A3EEE /* Debug */,
				BE5C65901FE88FA6001A3EEE /* Release */,
			);
			defaultConfigurationIsVisible = 0;
			defaultConfigurationName = Release;
		};
		BE6F4E381FE9740A007294BA /* Build configuration list for PBXAggregateTarget "Deploy Staging" */ = {
			isa = XCConfigurationList;
			buildConfigurations = (
				BE6F4E391FE9740A007294BA /* Debug */,
				BE6F4E3A1FE9740A007294BA /* Release */,
			);
			defaultConfigurationIsVisible = 0;
			defaultConfigurationName = Release;
		};
		BEB6C8511FB92CD600B1D497 /* Build configuration list for PBXProject "SnowChat" */ = {
			isa = XCConfigurationList;
			buildConfigurations = (
				BEB6C8691FB92CD700B1D497 /* Debug */,
				BEB6C86A1FB92CD700B1D497 /* Release */,
			);
			defaultConfigurationIsVisible = 0;
			defaultConfigurationName = Release;
		};
		BEB6C86B1FB92CD700B1D497 /* Build configuration list for PBXNativeTarget "SnowChat" */ = {
			isa = XCConfigurationList;
			buildConfigurations = (
				BEB6C86C1FB92CD700B1D497 /* Debug */,
				BEB6C86D1FB92CD700B1D497 /* Release */,
			);
			defaultConfigurationIsVisible = 0;
			defaultConfigurationName = Release;
		};
		BEB6C86E1FB92CD700B1D497 /* Build configuration list for PBXNativeTarget "SnowChatTests" */ = {
			isa = XCConfigurationList;
			buildConfigurations = (
				BEB6C86F1FB92CD700B1D497 /* Debug */,
				BEB6C8701FB92CD700B1D497 /* Release */,
			);
			defaultConfigurationIsVisible = 0;
			defaultConfigurationName = Release;
		};
/* End XCConfigurationList section */
	};
	rootObject = BEB6C84E1FB92CD600B1D497 /* Project object */;
}
