// !$*UTF8*$!
{
	archiveVersion = 1;
	classes = {
	};
	objectVersion = 48;
	objects = {

/* Begin PBXAggregateTarget section */
		BE50E4321FB9FAB700948FBC /* Bootstrap */ = {
			isa = PBXAggregateTarget;
			buildConfigurationList = BE50E4331FB9FAB700948FBC /* Build configuration list for PBXAggregateTarget "Bootstrap" */;
			buildPhases = (
				BE50E4361FB9FABC00948FBC /* ShellScript */,
			);
			dependencies = (
			);
			name = Bootstrap;
			productName = Bootstrap;
		};
/* End PBXAggregateTarget section */

/* Begin PBXBuildFile section */
		BE2925A11FC3391D005E55CA /* .swiftlint.yml in Resources */ = {isa = PBXBuildFile; fileRef = BE2925A01FC3391D005E55CA /* .swiftlint.yml */; };
		BE50E2241FB9305C00948FBC /* Cartfile in Resources */ = {isa = PBXBuildFile; fileRef = BE50E2231FB9305C00948FBC /* Cartfile */; };
		BE50E2271FB9337D00948FBC /* Alamofire.framework in Frameworks */ = {isa = PBXBuildFile; fileRef = BE50E2261FB9337D00948FBC /* Alamofire.framework */; };
		BE5974BF1FC38ECB00959406 /* Debug.storyboard in Resources */ = {isa = PBXBuildFile; fileRef = BE5974BE1FC38ECB00959406 /* Debug.storyboard */; };
		BE5974C41FC392FB00959406 /* ControlsViewController.swift in Sources */ = {isa = PBXBuildFile; fileRef = BE5974C31FC392FB00959406 /* ControlsViewController.swift */; };
		BE6B9D911FC38AD400B9F47A /* DebugViewController.swift in Sources */ = {isa = PBXBuildFile; fileRef = BE6B9D8F1FC38AD400B9F47A /* DebugViewController.swift */; };
		BE6FBE401FBFB3060062A0EB /* AMBHTTPClient.swift in Sources */ = {isa = PBXBuildFile; fileRef = BE6FBE3F1FBFB3060062A0EB /* AMBHTTPClient.swift */; };
		BE6FBE461FBFBC350062A0EB /* AMBTestViewController.swift in Sources */ = {isa = PBXBuildFile; fileRef = BE6FBE451FBFBC350062A0EB /* AMBTestViewController.swift */; };
		BE9E8B631FBF5AEC00499960 /* AMBClient.framework in Frameworks */ = {isa = PBXBuildFile; fileRef = BE9E8B621FBF5AEC00499960 /* AMBClient.framework */; };
		BE9E8BA11FBF7F3600499960 /* AMBClient.swift in Sources */ = {isa = PBXBuildFile; fileRef = BE9E8B9E1FBF7F3500499960 /* AMBClient.swift */; };
		BE9E8BA31FBF7F3600499960 /* AuthHeadersAdapter.swift in Sources */ = {isa = PBXBuildFile; fileRef = BE9E8BA01FBF7F3600499960 /* AuthHeadersAdapter.swift */; };
		BE9E8BA91FBF826300499960 /* APIManager.swift in Sources */ = {isa = PBXBuildFile; fileRef = BE9E8BA81FBF826300499960 /* APIManager.swift */; };
		BE9E8BAB1FBF828E00499960 /* ServerInstance.swift in Sources */ = {isa = PBXBuildFile; fileRef = BE9E8BAA1FBF828E00499960 /* ServerInstance.swift */; };
		BEB6C8611FB92CD700B1D497 /* SnowChat.framework in Frameworks */ = {isa = PBXBuildFile; fileRef = BEB6C8571FB92CD700B1D497 /* SnowChat.framework */; };
		BEB6C8661FB92CD700B1D497 /* SnowChatTests.swift in Sources */ = {isa = PBXBuildFile; fileRef = BEB6C8651FB92CD700B1D497 /* SnowChatTests.swift */; };
		BEB6C8681FB92CD700B1D497 /* SnowChat.h in Headers */ = {isa = PBXBuildFile; fileRef = BEB6C85A1FB92CD700B1D497 /* SnowChat.h */; settings = {ATTRIBUTES = (Public, ); }; };
		C40565C61FBE1539004BD28C /* SessionProtocol.swift in Sources */ = {isa = PBXBuildFile; fileRef = C40565C51FBE1539004BD28C /* SessionProtocol.swift */; };
		C40565C81FBE2454004BD28C /* ChatMessageHandler.swift in Sources */ = {isa = PBXBuildFile; fileRef = C40565C71FBE2454004BD28C /* ChatMessageHandler.swift */; };
		C40565CB1FBE283C004BD28C /* AMBChatClient.swift in Sources */ = {isa = PBXBuildFile; fileRef = C40565CA1FBE283C004BD28C /* AMBChatClient.swift */; };
		C40565CD1FBE292B004BD28C /* ChatDataStore.swift in Sources */ = {isa = PBXBuildFile; fileRef = C40565CC1FBE292B004BD28C /* ChatDataStore.swift */; };
		C40565CF1FBE2FC4004BD28C /* ChatNotifications.swift in Sources */ = {isa = PBXBuildFile; fileRef = C40565CE1FBE2FC4004BD28C /* ChatNotifications.swift */; };
		C40565D11FBE32F3004BD28C /* CBStoreTests.swift in Sources */ = {isa = PBXBuildFile; fileRef = C40565D01FBE32F3004BD28C /* CBStoreTests.swift */; };
		C40565D31FBE478C004BD28C /* CBTestMessageHandler.swift in Sources */ = {isa = PBXBuildFile; fileRef = C40565D21FBE478C004BD28C /* CBTestMessageHandler.swift */; };
		C40565D71FBF4B71004BD28C /* ChatState.swift in Sources */ = {isa = PBXBuildFile; fileRef = C40565D61FBF4B71004BD28C /* ChatState.swift */; };
		C40565F01FC491DA004BD28C /* ActionMessage.swift in Sources */ = {isa = PBXBuildFile; fileRef = C40565EF1FC491DA004BD28C /* ActionMessage.swift */; };
		C40565F21FC49CD8004BD28C /* InitMessage.swift in Sources */ = {isa = PBXBuildFile; fileRef = C40565F11FC49CD8004BD28C /* InitMessage.swift */; };
		C40565F41FC4B88D004BD28C /* ConsumerTextMessage.swift in Sources */ = {isa = PBXBuildFile; fileRef = C40565F31FC4B88D004BD28C /* ConsumerTextMessage.swift */; };
		C40565F61FC4D85B004BD28C /* TopicPickerMessage.swift in Sources */ = {isa = PBXBuildFile; fileRef = C40565F51FC4D85B004BD28C /* TopicPickerMessage.swift */; };
		C40565F81FC4F4D3004BD28C /* BooleanControlMessage.swift in Sources */ = {isa = PBXBuildFile; fileRef = C40565F71FC4F4D3004BD28C /* BooleanControlMessage.swift */; };
		C40565FA1FC4F71D004BD28C /* SystemTextMessage.swift in Sources */ = {isa = PBXBuildFile; fileRef = C40565F91FC4F71D004BD28C /* SystemTextMessage.swift */; };
		C40565FF1FC508D3004BD28C /* RichControlData.swift in Sources */ = {isa = PBXBuildFile; fileRef = C40565FE1FC508D3004BD28C /* RichControlData.swift */; };
		C420ED771FC5DB9F002476C0 /* SessionAPI.swift in Sources */ = {isa = PBXBuildFile; fileRef = C420ED761FC5DB9F002476C0 /* SessionAPI.swift */; };
		C420ED7D1FC5F473002476C0 /* Logger.swift in Sources */ = {isa = PBXBuildFile; fileRef = C420ED7C1FC5F473002476C0 /* Logger.swift */; };
		C420ED7F1FC5F488002476C0 /* LoggerTests.swift in Sources */ = {isa = PBXBuildFile; fileRef = C420ED7E1FC5F488002476C0 /* LoggerTests.swift */; };
		C420ED821FC6031C002476C0 /* Alamofire.framework in Frameworks */ = {isa = PBXBuildFile; fileRef = BE50E2261FB9337D00948FBC /* Alamofire.framework */; };
		C420ED831FC6031C002476C0 /* AMBClient.framework in Frameworks */ = {isa = PBXBuildFile; fileRef = BE9E8B621FBF5AEC00499960 /* AMBClient.framework */; };
		C4CAFEA11FBCF0C9007007F5 /* ChatEventDelegate.swift in Sources */ = {isa = PBXBuildFile; fileRef = C4CAFEA01FBCF0C9007007F5 /* ChatEventDelegate.swift */; };
		C4CAFEA31FBCF2F8007007F5 /* CBData.swift in Sources */ = {isa = PBXBuildFile; fileRef = C4CAFEA21FBCF2F8007007F5 /* CBData.swift */; };
		C4CAFEA61FBCF4A7007007F5 /* CBDataTests.swift in Sources */ = {isa = PBXBuildFile; fileRef = C4CAFEA51FBCF4A7007007F5 /* CBDataTests.swift */; };
		C4CAFEA81FBD0912007007F5 /* CBDataFactory.swift in Sources */ = {isa = PBXBuildFile; fileRef = C4CAFEA71FBD0912007007F5 /* CBDataFactory.swift */; };
/* End PBXBuildFile section */

/* Begin PBXContainerItemProxy section */
		BEB6C8621FB92CD700B1D497 /* PBXContainerItemProxy */ = {
			isa = PBXContainerItemProxy;
			containerPortal = BEB6C84E1FB92CD600B1D497 /* Project object */;
			proxyType = 1;
			remoteGlobalIDString = BEB6C8561FB92CD700B1D497;
			remoteInfo = SnowChat;
		};
/* End PBXContainerItemProxy section */

/* Begin PBXFileReference section */
		BE2925A01FC3391D005E55CA /* .swiftlint.yml */ = {isa = PBXFileReference; fileEncoding = 4; lastKnownFileType = text; path = .swiftlint.yml; sourceTree = SOURCE_ROOT; };
		BE50E2231FB9305C00948FBC /* Cartfile */ = {isa = PBXFileReference; fileEncoding = 4; lastKnownFileType = text; path = Cartfile; sourceTree = "<group>"; };
		BE50E2261FB9337D00948FBC /* Alamofire.framework */ = {isa = PBXFileReference; lastKnownFileType = wrapper.framework; name = Alamofire.framework; path = Carthage/Build/iOS/Alamofire.framework; sourceTree = "<group>"; };
		BE5974BE1FC38ECB00959406 /* Debug.storyboard */ = {isa = PBXFileReference; lastKnownFileType = file.storyboard; path = Debug.storyboard; sourceTree = "<group>"; };
		BE5974C31FC392FB00959406 /* ControlsViewController.swift */ = {isa = PBXFileReference; fileEncoding = 4; lastKnownFileType = sourcecode.swift; path = ControlsViewController.swift; sourceTree = "<group>"; };
		BE6B9D8F1FC38AD400B9F47A /* DebugViewController.swift */ = {isa = PBXFileReference; lastKnownFileType = sourcecode.swift; path = DebugViewController.swift; sourceTree = "<group>"; };
		BE6FBE3F1FBFB3060062A0EB /* AMBHTTPClient.swift */ = {isa = PBXFileReference; lastKnownFileType = sourcecode.swift; path = AMBHTTPClient.swift; sourceTree = "<group>"; };
		BE6FBE451FBFBC350062A0EB /* AMBTestViewController.swift */ = {isa = PBXFileReference; lastKnownFileType = sourcecode.swift; path = AMBTestViewController.swift; sourceTree = "<group>"; };
		BE9E8B621FBF5AEC00499960 /* AMBClient.framework */ = {isa = PBXFileReference; lastKnownFileType = wrapper.framework; name = AMBClient.framework; path = Carthage/Build/iOS/AMBClient.framework; sourceTree = "<group>"; };
		BE9E8B9E1FBF7F3500499960 /* AMBClient.swift */ = {isa = PBXFileReference; fileEncoding = 4; lastKnownFileType = sourcecode.swift; path = AMBClient.swift; sourceTree = "<group>"; };
		BE9E8BA01FBF7F3600499960 /* AuthHeadersAdapter.swift */ = {isa = PBXFileReference; fileEncoding = 4; lastKnownFileType = sourcecode.swift; path = AuthHeadersAdapter.swift; sourceTree = "<group>"; };
		BE9E8BA81FBF826300499960 /* APIManager.swift */ = {isa = PBXFileReference; lastKnownFileType = sourcecode.swift; path = APIManager.swift; sourceTree = "<group>"; };
		BE9E8BAA1FBF828E00499960 /* ServerInstance.swift */ = {isa = PBXFileReference; lastKnownFileType = sourcecode.swift; path = ServerInstance.swift; sourceTree = "<group>"; };
		BEB6C8571FB92CD700B1D497 /* SnowChat.framework */ = {isa = PBXFileReference; explicitFileType = wrapper.framework; includeInIndex = 0; path = SnowChat.framework; sourceTree = BUILT_PRODUCTS_DIR; };
		BEB6C85A1FB92CD700B1D497 /* SnowChat.h */ = {isa = PBXFileReference; lastKnownFileType = sourcecode.c.h; path = SnowChat.h; sourceTree = "<group>"; };
		BEB6C85B1FB92CD700B1D497 /* Info.plist */ = {isa = PBXFileReference; lastKnownFileType = text.plist.xml; path = Info.plist; sourceTree = "<group>"; };
		BEB6C8601FB92CD700B1D497 /* SnowChatTests.xctest */ = {isa = PBXFileReference; explicitFileType = wrapper.cfbundle; includeInIndex = 0; path = SnowChatTests.xctest; sourceTree = BUILT_PRODUCTS_DIR; };
		BEB6C8651FB92CD700B1D497 /* SnowChatTests.swift */ = {isa = PBXFileReference; lastKnownFileType = sourcecode.swift; path = SnowChatTests.swift; sourceTree = "<group>"; };
		BEB6C8671FB92CD700B1D497 /* Info.plist */ = {isa = PBXFileReference; lastKnownFileType = text.plist.xml; path = Info.plist; sourceTree = "<group>"; };
		C40565C51FBE1539004BD28C /* SessionProtocol.swift */ = {isa = PBXFileReference; lastKnownFileType = sourcecode.swift; path = SessionProtocol.swift; sourceTree = "<group>"; };
		C40565C71FBE2454004BD28C /* ChatMessageHandler.swift */ = {isa = PBXFileReference; lastKnownFileType = sourcecode.swift; path = ChatMessageHandler.swift; sourceTree = "<group>"; };
		C40565CA1FBE283C004BD28C /* AMBChatClient.swift */ = {isa = PBXFileReference; lastKnownFileType = sourcecode.swift; path = AMBChatClient.swift; sourceTree = "<group>"; };
		C40565CC1FBE292B004BD28C /* ChatDataStore.swift */ = {isa = PBXFileReference; lastKnownFileType = sourcecode.swift; path = ChatDataStore.swift; sourceTree = "<group>"; };
		C40565CE1FBE2FC4004BD28C /* ChatNotifications.swift */ = {isa = PBXFileReference; lastKnownFileType = sourcecode.swift; path = ChatNotifications.swift; sourceTree = "<group>"; };
		C40565D01FBE32F3004BD28C /* CBStoreTests.swift */ = {isa = PBXFileReference; lastKnownFileType = sourcecode.swift; path = CBStoreTests.swift; sourceTree = "<group>"; };
		C40565D21FBE478C004BD28C /* CBTestMessageHandler.swift */ = {isa = PBXFileReference; lastKnownFileType = sourcecode.swift; path = CBTestMessageHandler.swift; sourceTree = "<group>"; };
		C40565D61FBF4B71004BD28C /* ChatState.swift */ = {isa = PBXFileReference; lastKnownFileType = sourcecode.swift; path = ChatState.swift; sourceTree = "<group>"; };
		C40565EF1FC491DA004BD28C /* ActionMessage.swift */ = {isa = PBXFileReference; lastKnownFileType = sourcecode.swift; path = ActionMessage.swift; sourceTree = "<group>"; };
		C40565F11FC49CD8004BD28C /* InitMessage.swift */ = {isa = PBXFileReference; lastKnownFileType = sourcecode.swift; path = InitMessage.swift; sourceTree = "<group>"; };
		C40565F31FC4B88D004BD28C /* ConsumerTextMessage.swift */ = {isa = PBXFileReference; lastKnownFileType = sourcecode.swift; path = ConsumerTextMessage.swift; sourceTree = "<group>"; };
		C40565F51FC4D85B004BD28C /* TopicPickerMessage.swift */ = {isa = PBXFileReference; lastKnownFileType = sourcecode.swift; path = TopicPickerMessage.swift; sourceTree = "<group>"; };
		C40565F71FC4F4D3004BD28C /* BooleanControlMessage.swift */ = {isa = PBXFileReference; lastKnownFileType = sourcecode.swift; path = BooleanControlMessage.swift; sourceTree = "<group>"; };
		C40565F91FC4F71D004BD28C /* SystemTextMessage.swift */ = {isa = PBXFileReference; lastKnownFileType = sourcecode.swift; path = SystemTextMessage.swift; sourceTree = "<group>"; };
		C40565FE1FC508D3004BD28C /* RichControlData.swift */ = {isa = PBXFileReference; fileEncoding = 4; lastKnownFileType = sourcecode.swift; path = RichControlData.swift; sourceTree = "<group>"; };
		C420ED761FC5DB9F002476C0 /* SessionAPI.swift */ = {isa = PBXFileReference; lastKnownFileType = sourcecode.swift; path = SessionAPI.swift; sourceTree = "<group>"; };
		C420ED7C1FC5F473002476C0 /* Logger.swift */ = {isa = PBXFileReference; fileEncoding = 4; lastKnownFileType = sourcecode.swift; name = Logger.swift; path = Logger/Logger.swift; sourceTree = "<group>"; };
		C420ED7E1FC5F488002476C0 /* LoggerTests.swift */ = {isa = PBXFileReference; fileEncoding = 4; lastKnownFileType = sourcecode.swift; path = LoggerTests.swift; sourceTree = "<group>"; };
		C4CAFEA01FBCF0C9007007F5 /* ChatEventDelegate.swift */ = {isa = PBXFileReference; lastKnownFileType = sourcecode.swift; path = ChatEventDelegate.swift; sourceTree = "<group>"; };
		C4CAFEA21FBCF2F8007007F5 /* CBData.swift */ = {isa = PBXFileReference; lastKnownFileType = sourcecode.swift; path = CBData.swift; sourceTree = "<group>"; };
		C4CAFEA51FBCF4A7007007F5 /* CBDataTests.swift */ = {isa = PBXFileReference; lastKnownFileType = sourcecode.swift; path = CBDataTests.swift; sourceTree = "<group>"; };
		C4CAFEA71FBD0912007007F5 /* CBDataFactory.swift */ = {isa = PBXFileReference; lastKnownFileType = sourcecode.swift; path = CBDataFactory.swift; sourceTree = "<group>"; };
/* End PBXFileReference section */

/* Begin PBXFrameworksBuildPhase section */
		BEB6C8531FB92CD700B1D497 /* Frameworks */ = {
			isa = PBXFrameworksBuildPhase;
			buildActionMask = 2147483647;
			files = (
				BE50E2271FB9337D00948FBC /* Alamofire.framework in Frameworks */,
				BE9E8B631FBF5AEC00499960 /* AMBClient.framework in Frameworks */,
			);
			runOnlyForDeploymentPostprocessing = 0;
		};
		BEB6C85D1FB92CD700B1D497 /* Frameworks */ = {
			isa = PBXFrameworksBuildPhase;
			buildActionMask = 2147483647;
			files = (
				BEB6C8611FB92CD700B1D497 /* SnowChat.framework in Frameworks */,
				C420ED821FC6031C002476C0 /* Alamofire.framework in Frameworks */,
				C420ED831FC6031C002476C0 /* AMBClient.framework in Frameworks */,
			);
			runOnlyForDeploymentPostprocessing = 0;
		};
/* End PBXFrameworksBuildPhase section */

/* Begin PBXGroup section */
		BE29259F1FC33889005E55CA /* Supporting Files */ = {
			isa = PBXGroup;
			children = (
				BE2925A01FC3391D005E55CA /* .swiftlint.yml */,
			);
			name = "Supporting Files";
			sourceTree = "<group>";
		};
		BE50E2221FB9305300948FBC /* Deployment */ = {
			isa = PBXGroup;
			children = (
				BE50E2231FB9305C00948FBC /* Cartfile */,
			);
			name = Deployment;
			sourceTree = "<group>";
		};
		BE50E2251FB9337D00948FBC /* Frameworks */ = {
			isa = PBXGroup;
			children = (
				BE9E8B621FBF5AEC00499960 /* AMBClient.framework */,
				BE50E2261FB9337D00948FBC /* Alamofire.framework */,
			);
			name = Frameworks;
			sourceTree = "<group>";
		};
		BE5974C01FC392A300959406 /* Controls */ = {
			isa = PBXGroup;
			children = (
				BE5974C31FC392FB00959406 /* ControlsViewController.swift */,
			);
			path = Controls;
			sourceTree = "<group>";
		};
		BE6B9D8E1FC38ABF00B9F47A /* Debug */ = {
			isa = PBXGroup;
			children = (
				BE6B9D8F1FC38AD400B9F47A /* DebugViewController.swift */,
				BE5974BE1FC38ECB00959406 /* Debug.storyboard */,
			);
			path = Debug;
			sourceTree = "<group>";
		};
		BE6FBE411FBFBAD10062A0EB /* AMB */ = {
			isa = PBXGroup;
			children = (
				BE9E8B9E1FBF7F3500499960 /* AMBClient.swift */,
				BE6FBE3F1FBFB3060062A0EB /* AMBHTTPClient.swift */,
			);
			path = AMB;
			sourceTree = "<group>";
		};
		BE6FBE441FBFBC210062A0EB /* AMB Test */ = {
			isa = PBXGroup;
			children = (
				BE6FBE451FBFBC350062A0EB /* AMBTestViewController.swift */,
			);
			path = "AMB Test";
			sourceTree = "<group>";
		};
		BE9E8B9B1FBF7F1700499960 /* Networking */ = {
			isa = PBXGroup;
			children = (
				BE6FBE411FBFBAD10062A0EB /* AMB */,
				BE9E8BA81FBF826300499960 /* APIManager.swift */,
				BE9E8BA01FBF7F3600499960 /* AuthHeadersAdapter.swift */,
				BE9E8BAA1FBF828E00499960 /* ServerInstance.swift */,
			);
			path = Networking;
			sourceTree = "<group>";
		};
		BEB6C84D1FB92CD600B1D497 = {
			isa = PBXGroup;
			children = (
				BE50E2221FB9305300948FBC /* Deployment */,
				BEB6C8581FB92CD700B1D497 /* Products */,
				BEB6C8591FB92CD700B1D497 /* SnowChat */,
				BEB6C8641FB92CD700B1D497 /* SnowChatTests */,
				BE50E2251FB9337D00948FBC /* Frameworks */,
			);
			sourceTree = "<group>";
		};
		BEB6C8581FB92CD700B1D497 /* Products */ = {
			isa = PBXGroup;
			children = (
				BEB6C8571FB92CD700B1D497 /* SnowChat.framework */,
				BEB6C8601FB92CD700B1D497 /* SnowChatTests.xctest */,
			);
			name = Products;
			sourceTree = "<group>";
		};
		BEB6C8591FB92CD700B1D497 /* SnowChat */ = {
			isa = PBXGroup;
			children = (
				C420ED7B1FC5F467002476C0 /* Logger */,
				BE6FBE441FBFBC210062A0EB /* AMB Test */,
				BE5974C01FC392A300959406 /* Controls */,
				BE6B9D8E1FC38ABF00B9F47A /* Debug */,
				BE9E8B9B1FBF7F1700499960 /* Networking */,
				BE29259F1FC33889005E55CA /* Supporting Files */,
				C4CAFE9C1FBCF018007007F5 /* Chatterbox */,
				BEB6C85A1FB92CD700B1D497 /* SnowChat.h */,
				BEB6C85B1FB92CD700B1D497 /* Info.plist */,
			);
			path = SnowChat;
			sourceTree = "<group>";
		};
		BEB6C8641FB92CD700B1D497 /* SnowChatTests */ = {
			isa = PBXGroup;
			children = (
				C4CAFEA41FBCF485007007F5 /* Chatterbox */,
				C420ED7E1FC5F488002476C0 /* LoggerTests.swift */,
				BEB6C8651FB92CD700B1D497 /* SnowChatTests.swift */,
				BEB6C8671FB92CD700B1D497 /* Info.plist */,
			);
			path = SnowChatTests;
			sourceTree = "<group>";
		};
		C40565C91FBE2822004BD28C /* AMB */ = {
			isa = PBXGroup;
			children = (
				C40565CA1FBE283C004BD28C /* AMBChatClient.swift */,
			);
			path = AMB;
			sourceTree = "<group>";
		};
		C40565FD1FC4FF15004BD28C /* Messages */ = {
			isa = PBXGroup;
			children = (
				C40565FE1FC508D3004BD28C /* RichControlData.swift */,
				C40565F91FC4F71D004BD28C /* SystemTextMessage.swift */,
				C40565F31FC4B88D004BD28C /* ConsumerTextMessage.swift */,
				C40565EF1FC491DA004BD28C /* ActionMessage.swift */,
			);
			path = Messages;
			sourceTree = "<group>";
		};
		C420ED7B1FC5F467002476C0 /* Logger */ = {
			isa = PBXGroup;
			children = (
				C420ED7C1FC5F473002476C0 /* Logger.swift */,
			);
			name = Logger;
			sourceTree = "<group>";
		};
		C4CAFE9C1FBCF018007007F5 /* Chatterbox */ = {
			isa = PBXGroup;
			children = (
				C40565C91FBE2822004BD28C /* AMB */,
				C4CAFE9F1FBCF057007007F5 /* Data */,
				C4CAFE9E1FBCF047007007F5 /* State */,
				C4CAFE9D1FBCF039007007F5 /* Session */,
			);
			path = Chatterbox;
			sourceTree = "<group>";
		};
		C4CAFE9D1FBCF039007007F5 /* Session */ = {
			isa = PBXGroup;
			children = (
				C40565C51FBE1539004BD28C /* SessionProtocol.swift */,
				C420ED761FC5DB9F002476C0 /* SessionAPI.swift */,
			);
			path = Session;
			sourceTree = "<group>";
		};
		C4CAFE9E1FBCF047007007F5 /* State */ = {
			isa = PBXGroup;
			children = (
				C4CAFEA01FBCF0C9007007F5 /* ChatEventDelegate.swift */,
				C40565C71FBE2454004BD28C /* ChatMessageHandler.swift */,
				C40565CC1FBE292B004BD28C /* ChatDataStore.swift */,
				C40565CE1FBE2FC4004BD28C /* ChatNotifications.swift */,
				C40565D61FBF4B71004BD28C /* ChatState.swift */,
			);
			path = State;
			sourceTree = "<group>";
		};
		C4CAFE9F1FBCF057007007F5 /* Data */ = {
			isa = PBXGroup;
			children = (
				C40565FD1FC4FF15004BD28C /* Messages */,
				C4CAFEA21FBCF2F8007007F5 /* CBData.swift */,
				C4CAFEA71FBD0912007007F5 /* CBDataFactory.swift */,
				C40565F11FC49CD8004BD28C /* InitMessage.swift */,
				C40565F51FC4D85B004BD28C /* TopicPickerMessage.swift */,
				C40565F71FC4F4D3004BD28C /* BooleanControlMessage.swift */,
			);
			path = Data;
			sourceTree = "<group>";
		};
		C4CAFEA41FBCF485007007F5 /* Chatterbox */ = {
			isa = PBXGroup;
			children = (
				C4CAFEA51FBCF4A7007007F5 /* CBDataTests.swift */,
				C40565D01FBE32F3004BD28C /* CBStoreTests.swift */,
				C40565D21FBE478C004BD28C /* CBTestMessageHandler.swift */,
			);
			path = Chatterbox;
			sourceTree = "<group>";
		};
/* End PBXGroup section */

/* Begin PBXHeadersBuildPhase section */
		BEB6C8541FB92CD700B1D497 /* Headers */ = {
			isa = PBXHeadersBuildPhase;
			buildActionMask = 2147483647;
			files = (
				BEB6C8681FB92CD700B1D497 /* SnowChat.h in Headers */,
			);
			runOnlyForDeploymentPostprocessing = 0;
		};
/* End PBXHeadersBuildPhase section */

/* Begin PBXNativeTarget section */
		BEB6C8561FB92CD700B1D497 /* SnowChat */ = {
			isa = PBXNativeTarget;
			buildConfigurationList = BEB6C86B1FB92CD700B1D497 /* Build configuration list for PBXNativeTarget "SnowChat" */;
			buildPhases = (
				BEB6C8521FB92CD700B1D497 /* Sources */,
				BEB6C8531FB92CD700B1D497 /* Frameworks */,
				BEB6C8541FB92CD700B1D497 /* Headers */,
				BEB6C8551FB92CD700B1D497 /* Resources */,
				BE50E21A1FB92F5800948FBC /* Copy Carthage Frameworks */,
			);
			buildRules = (
			);
			dependencies = (
			);
			name = SnowChat;
			productName = SnowChat;
			productReference = BEB6C8571FB92CD700B1D497 /* SnowChat.framework */;
			productType = "com.apple.product-type.framework";
		};
		BEB6C85F1FB92CD700B1D497 /* SnowChatTests */ = {
			isa = PBXNativeTarget;
			buildConfigurationList = BEB6C86E1FB92CD700B1D497 /* Build configuration list for PBXNativeTarget "SnowChatTests" */;
			buildPhases = (
				BEB6C85C1FB92CD700B1D497 /* Sources */,
				BEB6C85D1FB92CD700B1D497 /* Frameworks */,
				BEB6C85E1FB92CD700B1D497 /* Resources */,
				C420ED811FC60250002476C0 /* Copy Carthage Frameworks */,
			);
			buildRules = (
			);
			dependencies = (
				BEB6C8631FB92CD700B1D497 /* PBXTargetDependency */,
			);
			name = SnowChatTests;
			productName = SnowChatTests;
			productReference = BEB6C8601FB92CD700B1D497 /* SnowChatTests.xctest */;
			productType = "com.apple.product-type.bundle.unit-test";
		};
/* End PBXNativeTarget section */

/* Begin PBXProject section */
		BEB6C84E1FB92CD600B1D497 /* Project object */ = {
			isa = PBXProject;
			attributes = {
				LastSwiftUpdateCheck = 0910;
				LastUpgradeCheck = 0910;
				ORGANIZATIONNAME = ServiceNow;
				TargetAttributes = {
					BE50E4321FB9FAB700948FBC = {
						CreatedOnToolsVersion = 9.1;
						ProvisioningStyle = Automatic;
					};
					BEB6C8561FB92CD700B1D497 = {
						CreatedOnToolsVersion = 9.1;
						LastSwiftMigration = 0910;
						ProvisioningStyle = Automatic;
					};
					BEB6C85F1FB92CD700B1D497 = {
						CreatedOnToolsVersion = 9.1;
						ProvisioningStyle = Automatic;
					};
				};
			};
			buildConfigurationList = BEB6C8511FB92CD600B1D497 /* Build configuration list for PBXProject "SnowChat" */;
			compatibilityVersion = "Xcode 8.0";
			developmentRegion = en;
			hasScannedForEncodings = 0;
			knownRegions = (
				en,
			);
			mainGroup = BEB6C84D1FB92CD600B1D497;
			productRefGroup = BEB6C8581FB92CD700B1D497 /* Products */;
			projectDirPath = "";
			projectRoot = "";
			targets = (
				BEB6C8561FB92CD700B1D497 /* SnowChat */,
				BEB6C85F1FB92CD700B1D497 /* SnowChatTests */,
				BE50E4321FB9FAB700948FBC /* Bootstrap */,
			);
		};
/* End PBXProject section */

/* Begin PBXResourcesBuildPhase section */
		BEB6C8551FB92CD700B1D497 /* Resources */ = {
			isa = PBXResourcesBuildPhase;
			buildActionMask = 2147483647;
			files = (
				BE2925A11FC3391D005E55CA /* .swiftlint.yml in Resources */,
				BE5974BF1FC38ECB00959406 /* Debug.storyboard in Resources */,
				BE50E2241FB9305C00948FBC /* Cartfile in Resources */,
			);
			runOnlyForDeploymentPostprocessing = 0;
		};
		BEB6C85E1FB92CD700B1D497 /* Resources */ = {
			isa = PBXResourcesBuildPhase;
			buildActionMask = 2147483647;
			files = (
			);
			runOnlyForDeploymentPostprocessing = 0;
		};
/* End PBXResourcesBuildPhase section */

/* Begin PBXShellScriptBuildPhase section */
		BE50E21A1FB92F5800948FBC /* Copy Carthage Frameworks */ = {
			isa = PBXShellScriptBuildPhase;
			buildActionMask = 2147483647;
			files = (
			);
			inputPaths = (
				"$(SRCROOT)/Carthage/Build/iOS/Alamofire.framework",
				"$(SRCROOT)/Carthage/Build/iOS/AMBClient.framework",
			);
			name = "Copy Carthage Frameworks";
			outputPaths = (
				"$(BUILT_PRODUCTS_DIR)/$(FRAMEWORKS_FOLDER_PATH)/Alamofire.framework",
				"$(BUILT_PRODUCTS_DIR)/$(FRAMEWORKS_FOLDER_PATH)/AMBClient.framework",
			);
			runOnlyForDeploymentPostprocessing = 0;
			shellPath = /bin/sh;
			shellScript = "/usr/local/bin/carthage copy-frameworks\n";
		};
		BE50E4361FB9FABC00948FBC /* ShellScript */ = {
			isa = PBXShellScriptBuildPhase;
			buildActionMask = 2147483647;
			files = (
			);
			inputPaths = (
			);
			outputPaths = (
			);
			runOnlyForDeploymentPostprocessing = 0;
			shellPath = /bin/sh;
			shellScript = "carthage bootstrap --platform iOS";
		};
		C420ED811FC60250002476C0 /* Copy Carthage Frameworks */ = {
			isa = PBXShellScriptBuildPhase;
			buildActionMask = 2147483647;
			files = (
			);
			inputPaths = (
				"$(SRCROOT)/Carthage/Build/iOS/Alamofire.framework",
				"$(SRCROOT)/Carthage/Build/iOS/AMBClient.framework",
			);
			name = "Copy Carthage Frameworks";
			outputPaths = (
				"$(BUILT_PRODUCTS_DIR)/$(FRAMEWORKS_FOLDER_PATH)/Alamofire.framework",
				"$(BUILT_PRODUCTS_DIR)/$(FRAMEWORKS_FOLDER_PATH)/AMBClient.framework",
			);
			runOnlyForDeploymentPostprocessing = 0;
			shellPath = /bin/sh;
			shellScript = "/usr/local/bin/carthage copy-frameworks\n";
		};
/* End PBXShellScriptBuildPhase section */

/* Begin PBXSourcesBuildPhase section */
		BEB6C8521FB92CD700B1D497 /* Sources */ = {
			isa = PBXSourcesBuildPhase;
			buildActionMask = 2147483647;
			files = (
				BE6FBE461FBFBC350062A0EB /* AMBTestViewController.swift in Sources */,
				BE9E8BA91FBF826300499960 /* APIManager.swift in Sources */,
				BE5974C41FC392FB00959406 /* ControlsViewController.swift in Sources */,
				BE6B9D911FC38AD400B9F47A /* DebugViewController.swift in Sources */,
				BE9E8BA31FBF7F3600499960 /* AuthHeadersAdapter.swift in Sources */,
				BE9E8BAB1FBF828E00499960 /* ServerInstance.swift in Sources */,
				BE6FBE401FBFB3060062A0EB /* AMBHTTPClient.swift in Sources */,
				BE9E8BA11FBF7F3600499960 /* AMBClient.swift in Sources */,
				C40565F41FC4B88D004BD28C /* ConsumerTextMessage.swift in Sources */,
				C420ED7D1FC5F473002476C0 /* Logger.swift in Sources */,
				C40565FA1FC4F71D004BD28C /* SystemTextMessage.swift in Sources */,
				C40565C81FBE2454004BD28C /* ChatMessageHandler.swift in Sources */,
				C40565F21FC49CD8004BD28C /* InitMessage.swift in Sources */,
				C40565D71FBF4B71004BD28C /* ChatState.swift in Sources */,
				C40565F01FC491DA004BD28C /* ActionMessage.swift in Sources */,
				C4CAFEA31FBCF2F8007007F5 /* CBData.swift in Sources */,
				C420ED771FC5DB9F002476C0 /* SessionAPI.swift in Sources */,
				C40565CB1FBE283C004BD28C /* AMBChatClient.swift in Sources */,
				C40565F81FC4F4D3004BD28C /* BooleanControlMessage.swift in Sources */,
				C40565F61FC4D85B004BD28C /* TopicPickerMessage.swift in Sources */,
				C40565CD1FBE292B004BD28C /* ChatDataStore.swift in Sources */,
				C40565CF1FBE2FC4004BD28C /* ChatNotifications.swift in Sources */,
				C4CAFEA81FBD0912007007F5 /* CBDataFactory.swift in Sources */,
				C40565C61FBE1539004BD28C /* SessionProtocol.swift in Sources */,
				C40565FF1FC508D3004BD28C /* RichControlData.swift in Sources */,
				C4CAFEA11FBCF0C9007007F5 /* ChatEventDelegate.swift in Sources */,
			);
			runOnlyForDeploymentPostprocessing = 0;
		};
		BEB6C85C1FB92CD700B1D497 /* Sources */ = {
			isa = PBXSourcesBuildPhase;
			buildActionMask = 2147483647;
			files = (
				C420ED7F1FC5F488002476C0 /* LoggerTests.swift in Sources */,
				C4CAFEA61FBCF4A7007007F5 /* CBDataTests.swift in Sources */,
				C40565D31FBE478C004BD28C /* CBTestMessageHandler.swift in Sources */,
				BEB6C8661FB92CD700B1D497 /* SnowChatTests.swift in Sources */,
				C40565D11FBE32F3004BD28C /* CBStoreTests.swift in Sources */,
			);
			runOnlyForDeploymentPostprocessing = 0;
		};
/* End PBXSourcesBuildPhase section */

/* Begin PBXTargetDependency section */
		BEB6C8631FB92CD700B1D497 /* PBXTargetDependency */ = {
			isa = PBXTargetDependency;
			target = BEB6C8561FB92CD700B1D497 /* SnowChat */;
			targetProxy = BEB6C8621FB92CD700B1D497 /* PBXContainerItemProxy */;
		};
/* End PBXTargetDependency section */

/* Begin XCBuildConfiguration section */
		BE50E4341FB9FAB700948FBC /* Debug */ = {
			isa = XCBuildConfiguration;
			buildSettings = {
				CODE_SIGN_STYLE = Automatic;
				DEVELOPMENT_TEAM = AS2BZHDV7Q;
				PRODUCT_NAME = "$(TARGET_NAME)";
			};
			name = Debug;
		};
		BE50E4351FB9FAB700948FBC /* Release */ = {
			isa = XCBuildConfiguration;
			buildSettings = {
				CODE_SIGN_STYLE = Automatic;
				DEVELOPMENT_TEAM = AS2BZHDV7Q;
				PRODUCT_NAME = "$(TARGET_NAME)";
			};
			name = Release;
		};
		BEB6C8691FB92CD700B1D497 /* Debug */ = {
			isa = XCBuildConfiguration;
			buildSettings = {
				ALWAYS_SEARCH_USER_PATHS = NO;
				CLANG_ANALYZER_NONNULL = YES;
				CLANG_ANALYZER_NUMBER_OBJECT_CONVERSION = YES_AGGRESSIVE;
				CLANG_CXX_LANGUAGE_STANDARD = "gnu++14";
				CLANG_CXX_LIBRARY = "libc++";
				CLANG_ENABLE_MODULES = YES;
				CLANG_ENABLE_OBJC_ARC = YES;
				CLANG_WARN_BLOCK_CAPTURE_AUTORELEASING = YES;
				CLANG_WARN_BOOL_CONVERSION = YES;
				CLANG_WARN_COMMA = YES;
				CLANG_WARN_CONSTANT_CONVERSION = YES;
				CLANG_WARN_DIRECT_OBJC_ISA_USAGE = YES_ERROR;
				CLANG_WARN_DOCUMENTATION_COMMENTS = YES;
				CLANG_WARN_EMPTY_BODY = YES;
				CLANG_WARN_ENUM_CONVERSION = YES;
				CLANG_WARN_INFINITE_RECURSION = YES;
				CLANG_WARN_INT_CONVERSION = YES;
				CLANG_WARN_NON_LITERAL_NULL_CONVERSION = YES;
				CLANG_WARN_OBJC_LITERAL_CONVERSION = YES;
				CLANG_WARN_OBJC_ROOT_CLASS = YES_ERROR;
				CLANG_WARN_RANGE_LOOP_ANALYSIS = YES;
				CLANG_WARN_STRICT_PROTOTYPES = YES;
				CLANG_WARN_SUSPICIOUS_MOVE = YES;
				CLANG_WARN_UNGUARDED_AVAILABILITY = YES_AGGRESSIVE;
				CLANG_WARN_UNREACHABLE_CODE = YES;
				CLANG_WARN__DUPLICATE_METHOD_MATCH = YES;
				CODE_SIGN_IDENTITY = "iPhone Developer";
				COPY_PHASE_STRIP = NO;
				CURRENT_PROJECT_VERSION = 1;
				DEBUG_INFORMATION_FORMAT = dwarf;
				ENABLE_STRICT_OBJC_MSGSEND = YES;
				ENABLE_TESTABILITY = YES;
				GCC_C_LANGUAGE_STANDARD = gnu11;
				GCC_DYNAMIC_NO_PIC = NO;
				GCC_NO_COMMON_BLOCKS = YES;
				GCC_OPTIMIZATION_LEVEL = 0;
				GCC_PREPROCESSOR_DEFINITIONS = (
					"DEBUG=1",
					"$(inherited)",
				);
				GCC_WARN_64_TO_32_BIT_CONVERSION = YES;
				GCC_WARN_ABOUT_RETURN_TYPE = YES_ERROR;
				GCC_WARN_UNDECLARED_SELECTOR = YES;
				GCC_WARN_UNINITIALIZED_AUTOS = YES_AGGRESSIVE;
				GCC_WARN_UNUSED_FUNCTION = YES;
				GCC_WARN_UNUSED_VARIABLE = YES;
				IPHONEOS_DEPLOYMENT_TARGET = 10.0;
				MTL_ENABLE_DEBUG_INFO = YES;
				ONLY_ACTIVE_ARCH = YES;
				SDKROOT = iphoneos;
				SWIFT_ACTIVE_COMPILATION_CONDITIONS = DEBUG;
				SWIFT_OPTIMIZATION_LEVEL = "-Onone";
				VERSIONING_SYSTEM = "apple-generic";
				VERSION_INFO_PREFIX = "";
			};
			name = Debug;
		};
		BEB6C86A1FB92CD700B1D497 /* Release */ = {
			isa = XCBuildConfiguration;
			buildSettings = {
				ALWAYS_SEARCH_USER_PATHS = NO;
				CLANG_ANALYZER_NONNULL = YES;
				CLANG_ANALYZER_NUMBER_OBJECT_CONVERSION = YES_AGGRESSIVE;
				CLANG_CXX_LANGUAGE_STANDARD = "gnu++14";
				CLANG_CXX_LIBRARY = "libc++";
				CLANG_ENABLE_MODULES = YES;
				CLANG_ENABLE_OBJC_ARC = YES;
				CLANG_WARN_BLOCK_CAPTURE_AUTORELEASING = YES;
				CLANG_WARN_BOOL_CONVERSION = YES;
				CLANG_WARN_COMMA = YES;
				CLANG_WARN_CONSTANT_CONVERSION = YES;
				CLANG_WARN_DIRECT_OBJC_ISA_USAGE = YES_ERROR;
				CLANG_WARN_DOCUMENTATION_COMMENTS = YES;
				CLANG_WARN_EMPTY_BODY = YES;
				CLANG_WARN_ENUM_CONVERSION = YES;
				CLANG_WARN_INFINITE_RECURSION = YES;
				CLANG_WARN_INT_CONVERSION = YES;
				CLANG_WARN_NON_LITERAL_NULL_CONVERSION = YES;
				CLANG_WARN_OBJC_LITERAL_CONVERSION = YES;
				CLANG_WARN_OBJC_ROOT_CLASS = YES_ERROR;
				CLANG_WARN_RANGE_LOOP_ANALYSIS = YES;
				CLANG_WARN_STRICT_PROTOTYPES = YES;
				CLANG_WARN_SUSPICIOUS_MOVE = YES;
				CLANG_WARN_UNGUARDED_AVAILABILITY = YES_AGGRESSIVE;
				CLANG_WARN_UNREACHABLE_CODE = YES;
				CLANG_WARN__DUPLICATE_METHOD_MATCH = YES;
				CODE_SIGN_IDENTITY = "iPhone Developer";
				COPY_PHASE_STRIP = NO;
				CURRENT_PROJECT_VERSION = 1;
				DEBUG_INFORMATION_FORMAT = "dwarf-with-dsym";
				ENABLE_NS_ASSERTIONS = NO;
				ENABLE_STRICT_OBJC_MSGSEND = YES;
				GCC_C_LANGUAGE_STANDARD = gnu11;
				GCC_NO_COMMON_BLOCKS = YES;
				GCC_WARN_64_TO_32_BIT_CONVERSION = YES;
				GCC_WARN_ABOUT_RETURN_TYPE = YES_ERROR;
				GCC_WARN_UNDECLARED_SELECTOR = YES;
				GCC_WARN_UNINITIALIZED_AUTOS = YES_AGGRESSIVE;
				GCC_WARN_UNUSED_FUNCTION = YES;
				GCC_WARN_UNUSED_VARIABLE = YES;
				IPHONEOS_DEPLOYMENT_TARGET = 10.0;
				MTL_ENABLE_DEBUG_INFO = NO;
				SDKROOT = iphoneos;
				SWIFT_OPTIMIZATION_LEVEL = "-Owholemodule";
				VALIDATE_PRODUCT = YES;
				VERSIONING_SYSTEM = "apple-generic";
				VERSION_INFO_PREFIX = "";
			};
			name = Release;
		};
		BEB6C86C1FB92CD700B1D497 /* Debug */ = {
			isa = XCBuildConfiguration;
			buildSettings = {
				CLANG_ENABLE_MODULES = YES;
				CODE_SIGN_IDENTITY = "";
				CODE_SIGN_STYLE = Automatic;
				DEFINES_MODULE = YES;
				DEVELOPMENT_TEAM = AS2BZHDV7Q;
				DYLIB_COMPATIBILITY_VERSION = 1;
				DYLIB_CURRENT_VERSION = 1;
				DYLIB_INSTALL_NAME_BASE = "@rpath";
				FRAMEWORK_SEARCH_PATHS = (
					"$(inherited)",
					"$(PROJECT_DIR)/Carthage/Build/iOS",
				);
				INFOPLIST_FILE = SnowChat/Info.plist;
				INSTALL_PATH = "$(LOCAL_LIBRARY_DIR)/Frameworks";
				LD_RUNPATH_SEARCH_PATHS = "$(inherited) @executable_path/Frameworks @loader_path/Frameworks";
				PRODUCT_BUNDLE_IDENTIFIER = com.servicenow.SnowChat;
				PRODUCT_NAME = "$(TARGET_NAME:c99extidentifier)";
				SKIP_INSTALL = YES;
				SWIFT_OPTIMIZATION_LEVEL = "-Onone";
				SWIFT_VERSION = 4.0;
				TARGETED_DEVICE_FAMILY = "1,2";
			};
			name = Debug;
		};
		BEB6C86D1FB92CD700B1D497 /* Release */ = {
			isa = XCBuildConfiguration;
			buildSettings = {
				CLANG_ENABLE_MODULES = YES;
				CODE_SIGN_IDENTITY = "";
				CODE_SIGN_STYLE = Automatic;
				DEFINES_MODULE = YES;
				DEVELOPMENT_TEAM = AS2BZHDV7Q;
				DYLIB_COMPATIBILITY_VERSION = 1;
				DYLIB_CURRENT_VERSION = 1;
				DYLIB_INSTALL_NAME_BASE = "@rpath";
				FRAMEWORK_SEARCH_PATHS = (
					"$(inherited)",
					"$(PROJECT_DIR)/Carthage/Build/iOS",
				);
				INFOPLIST_FILE = SnowChat/Info.plist;
				INSTALL_PATH = "$(LOCAL_LIBRARY_DIR)/Frameworks";
				LD_RUNPATH_SEARCH_PATHS = "$(inherited) @executable_path/Frameworks @loader_path/Frameworks";
				PRODUCT_BUNDLE_IDENTIFIER = com.servicenow.SnowChat;
				PRODUCT_NAME = "$(TARGET_NAME:c99extidentifier)";
				SKIP_INSTALL = YES;
				SWIFT_VERSION = 4.0;
				TARGETED_DEVICE_FAMILY = "1,2";
			};
			name = Release;
		};
		BEB6C86F1FB92CD700B1D497 /* Debug */ = {
			isa = XCBuildConfiguration;
			buildSettings = {
				ALWAYS_EMBED_SWIFT_STANDARD_LIBRARIES = YES;
				CODE_SIGN_STYLE = Automatic;
				DEVELOPMENT_TEAM = AS2BZHDV7Q;
				FRAMEWORK_SEARCH_PATHS = (
					"$(inherited)",
					"$(PROJECT_DIR)/Carthage/Build/iOS",
				);
				INFOPLIST_FILE = SnowChatTests/Info.plist;
				LD_RUNPATH_SEARCH_PATHS = "$(inherited) @executable_path/Frameworks @loader_path/Frameworks";
				PRODUCT_BUNDLE_IDENTIFIER = com.servicenow.SnowChatTests;
				PRODUCT_NAME = "$(TARGET_NAME)";
				SWIFT_VERSION = 4.0;
				TARGETED_DEVICE_FAMILY = "1,2";
			};
			name = Debug;
		};
		BEB6C8701FB92CD700B1D497 /* Release */ = {
			isa = XCBuildConfiguration;
			buildSettings = {
				ALWAYS_EMBED_SWIFT_STANDARD_LIBRARIES = YES;
				CODE_SIGN_STYLE = Automatic;
				DEVELOPMENT_TEAM = AS2BZHDV7Q;
				FRAMEWORK_SEARCH_PATHS = (
					"$(inherited)",
					"$(PROJECT_DIR)/Carthage/Build/iOS",
				);
				INFOPLIST_FILE = SnowChatTests/Info.plist;
				LD_RUNPATH_SEARCH_PATHS = "$(inherited) @executable_path/Frameworks @loader_path/Frameworks";
				PRODUCT_BUNDLE_IDENTIFIER = com.servicenow.SnowChatTests;
				PRODUCT_NAME = "$(TARGET_NAME)";
				SWIFT_VERSION = 4.0;
				TARGETED_DEVICE_FAMILY = "1,2";
			};
			name = Release;
		};
/* End XCBuildConfiguration section */

/* Begin XCConfigurationList section */
		BE50E4331FB9FAB700948FBC /* Build configuration list for PBXAggregateTarget "Bootstrap" */ = {
			isa = XCConfigurationList;
			buildConfigurations = (
				BE50E4341FB9FAB700948FBC /* Debug */,
				BE50E4351FB9FAB700948FBC /* Release */,
			);
			defaultConfigurationIsVisible = 0;
			defaultConfigurationName = Release;
		};
		BEB6C8511FB92CD600B1D497 /* Build configuration list for PBXProject "SnowChat" */ = {
			isa = XCConfigurationList;
			buildConfigurations = (
				BEB6C8691FB92CD700B1D497 /* Debug */,
				BEB6C86A1FB92CD700B1D497 /* Release */,
			);
			defaultConfigurationIsVisible = 0;
			defaultConfigurationName = Release;
		};
		BEB6C86B1FB92CD700B1D497 /* Build configuration list for PBXNativeTarget "SnowChat" */ = {
			isa = XCConfigurationList;
			buildConfigurations = (
				BEB6C86C1FB92CD700B1D497 /* Debug */,
				BEB6C86D1FB92CD700B1D497 /* Release */,
			);
			defaultConfigurationIsVisible = 0;
			defaultConfigurationName = Release;
		};
		BEB6C86E1FB92CD700B1D497 /* Build configuration list for PBXNativeTarget "SnowChatTests" */ = {
			isa = XCConfigurationList;
			buildConfigurations = (
				BEB6C86F1FB92CD700B1D497 /* Debug */,
				BEB6C8701FB92CD700B1D497 /* Release */,
			);
			defaultConfigurationIsVisible = 0;
			defaultConfigurationName = Release;
		};
/* End XCConfigurationList section */
	};
	rootObject = BEB6C84E1FB92CD600B1D497 /* Project object */;
}
